Microsoft Visual Studio Solution File, Format Version 17.00
# Visual Studio 2022
Project("{2150E333-8FDC-42A3-9474-1A3956D46DE8}") = "(libcore)", "..\..\..\libcore", "{FC90F3B1-9AB0-E32E-95CA-952C1056B9CE}"
EndProject
Project("{2150E333-8FDC-42A3-9474-1A3956D46DE8}") = "(libexternal)", "..\..\..\libexternal", "{21A1A7CE-EB43-72C7-00D1-CD43B300BC2A}"
EndProject
Project("{2150E333-8FDC-42A3-9474-1A3956D46DE8}") = "(prebuilt)", "..\..\..\prebuilt", "{1150A3A4-5B60-CCB2-60F1-523EA1996999}"
EndProject
Project("{2150E333-8FDC-42A3-9474-1A3956D46DE8}") = "(revdb)", "..\..\..\revdb", "{BD0FB197-0810-070B-109D-9D9FCDD545BB}"
EndProject
Project("{8BC9CEB8-8B4A-11D0-8D11-00A0C91BC942}") = "dbmysql", "dbmysql.vcxproj", "{8D7A268F-A3A1-EF29-A5F1-E23BCBF60B04}"
	ProjectSection(ProjectDependencies) = postProject
		{E213BAB7-0A37-53ED-92F2-BE43F0BAFF2F} = {E213BAB7-0A37-53ED-92F2-BE43F0BAFF2F}
		{342E0442-0753-7B66-CF42-76DBE2F2DE03} = {342E0442-0753-7B66-CF42-76DBE2F2DE03}
		{65F2AB5E-4205-92DF-AA79-1D86192BFF6E} = {65F2AB5E-4205-92DF-AA79-1D86192BFF6E}
		{D081D166-40DF-EC56-1849-618FD1C22B7D} = {D081D166-40DF-EC56-1849-618FD1C22B7D}
		{A48D6F91-E9C9-C77C-76A2-4B1D0CF26694} = {A48D6F91-E9C9-C77C-76A2-4B1D0CF26694}
		{5C315192-7FF8-0AEE-363B-7EFFDF0C0041} = {5C315192-7FF8-0AEE-363B-7EFFDF0C0041}
		{E25E7AB9-1907-E62F-9762-6DD50962D245} = {E25E7AB9-1907-E62F-9762-6DD50962D245}
	EndProjectSection
EndProject
Project("{8BC9CEB8-8B4A-11D0-8D11-00A0C91BC942}") = "dbmysql-server", "dbmysql-server.vcxproj", "{2372BFC8-7A17-C0B8-B335-64073991D94A}"
	ProjectSection(ProjectDependencies) = postProject
		{E213BAB7-0A37-53ED-92F2-BE43F0BAFF2F} = {E213BAB7-0A37-53ED-92F2-BE43F0BAFF2F}
		{342E0442-0753-7B66-CF42-76DBE2F2DE03} = {342E0442-0753-7B66-CF42-76DBE2F2DE03}
		{65F2AB5E-4205-92DF-AA79-1D86192BFF6E} = {65F2AB5E-4205-92DF-AA79-1D86192BFF6E}
		{D081D166-40DF-EC56-1849-618FD1C22B7D} = {D081D166-40DF-EC56-1849-618FD1C22B7D}
		{A48D6F91-E9C9-C77C-76A2-4B1D0CF26694} = {A48D6F91-E9C9-C77C-76A2-4B1D0CF26694}
		{5C315192-7FF8-0AEE-363B-7EFFDF0C0041} = {5C315192-7FF8-0AEE-363B-7EFFDF0C0041}
		{E25E7AB9-1907-E62F-9762-6DD50962D245} = {E25E7AB9-1907-E62F-9762-6DD50962D245}
	EndProjectSection
EndProject
Project("{8BC9CEB8-8B4A-11D0-8D11-00A0C91BC942}") = "dbodbc", "dbodbc.vcxproj", "{91074F94-EDEA-0EA1-DA62-5393A5CCEC50}"
	ProjectSection(ProjectDependencies) = postProject
		{E213BAB7-0A37-53ED-92F2-BE43F0BAFF2F} = {E213BAB7-0A37-53ED-92F2-BE43F0BAFF2F}
		{65F2AB5E-4205-92DF-AA79-1D86192BFF6E} = {65F2AB5E-4205-92DF-AA79-1D86192BFF6E}
	EndProjectSection
EndProject
Project("{8BC9CEB8-8B4A-11D0-8D11-00A0C91BC942}") = "dbodbc-server", "dbodbc-server.vcxproj", "{7CC3FD19-E827-9884-8C3D-BC04B684A236}"
	ProjectSection(ProjectDependencies) = postProject
		{E213BAB7-0A37-53ED-92F2-BE43F0BAFF2F} = {E213BAB7-0A37-53ED-92F2-BE43F0BAFF2F}
		{65F2AB5E-4205-92DF-AA79-1D86192BFF6E} = {65F2AB5E-4205-92DF-AA79-1D86192BFF6E}
	EndProjectSection
EndProject
Project("{8BC9CEB8-8B4A-11D0-8D11-00A0C91BC942}") = "dbpostgresql", "dbpostgresql.vcxproj", "{DB52781B-F244-E878-6D94-DF6AF6E5CF8F}"
	ProjectSection(ProjectDependencies) = postProject
		{E213BAB7-0A37-53ED-92F2-BE43F0BAFF2F} = {E213BAB7-0A37-53ED-92F2-BE43F0BAFF2F}
		{E47C6DF9-4E80-8E2A-1358-8D7094C72C14} = {E47C6DF9-4E80-8E2A-1358-8D7094C72C14}
		{65F2AB5E-4205-92DF-AA79-1D86192BFF6E} = {65F2AB5E-4205-92DF-AA79-1D86192BFF6E}
		{A48D6F91-E9C9-C77C-76A2-4B1D0CF26694} = {A48D6F91-E9C9-C77C-76A2-4B1D0CF26694}
		{5C315192-7FF8-0AEE-363B-7EFFDF0C0041} = {5C315192-7FF8-0AEE-363B-7EFFDF0C0041}
		{E25E7AB9-1907-E62F-9762-6DD50962D245} = {E25E7AB9-1907-E62F-9762-6DD50962D245}
	EndProjectSection
EndProject
Project("{8BC9CEB8-8B4A-11D0-8D11-00A0C91BC942}") = "dbpostgresql-server", "dbpostgresql-server.vcxproj", "{2872D590-1E9A-A533-6C41-D1A869BD8F2A}"
	ProjectSection(ProjectDependencies) = postProject
		{E213BAB7-0A37-53ED-92F2-BE43F0BAFF2F} = {E213BAB7-0A37-53ED-92F2-BE43F0BAFF2F}
		{E47C6DF9-4E80-8E2A-1358-8D7094C72C14} = {E47C6DF9-4E80-8E2A-1358-8D7094C72C14}
		{65F2AB5E-4205-92DF-AA79-1D86192BFF6E} = {65F2AB5E-4205-92DF-AA79-1D86192BFF6E}
		{A48D6F91-E9C9-C77C-76A2-4B1D0CF26694} = {A48D6F91-E9C9-C77C-76A2-4B1D0CF26694}
		{5C315192-7FF8-0AEE-363B-7EFFDF0C0041} = {5C315192-7FF8-0AEE-363B-7EFFDF0C0041}
		{E25E7AB9-1907-E62F-9762-6DD50962D245} = {E25E7AB9-1907-E62F-9762-6DD50962D245}
	EndProjectSection
EndProject
Project("{8BC9CEB8-8B4A-11D0-8D11-00A0C91BC942}") = "dbsqlite", "dbsqlite.vcxproj", "{956F6A4B-1848-56E6-B574-3023FF8258D5}"
	ProjectSection(ProjectDependencies) = postProject
		{E213BAB7-0A37-53ED-92F2-BE43F0BAFF2F} = {E213BAB7-0A37-53ED-92F2-BE43F0BAFF2F}
		{5E46CDA8-930E-33BA-15F3-8F153F1C2478} = {5E46CDA8-930E-33BA-15F3-8F153F1C2478}
		{65F2AB5E-4205-92DF-AA79-1D86192BFF6E} = {65F2AB5E-4205-92DF-AA79-1D86192BFF6E}
		{A48D6F91-E9C9-C77C-76A2-4B1D0CF26694} = {A48D6F91-E9C9-C77C-76A2-4B1D0CF26694}
		{5C315192-7FF8-0AEE-363B-7EFFDF0C0041} = {5C315192-7FF8-0AEE-363B-7EFFDF0C0041}
		{E25E7AB9-1907-E62F-9762-6DD50962D245} = {E25E7AB9-1907-E62F-9762-6DD50962D245}
	EndProjectSection
EndProject
Project("{8BC9CEB8-8B4A-11D0-8D11-00A0C91BC942}") = "dbsqlite-server", "dbsqlite-server.vcxproj", "{FBC47BFE-3506-98A5-B8E9-AD406F62F3E4}"
	ProjectSection(ProjectDependencies) = postProject
		{65F2AB5E-4205-92DF-AA79-1D86192BFF6E} = {65F2AB5E-4205-92DF-AA79-1D86192BFF6E}
		{E213BAB7-0A37-53ED-92F2-BE43F0BAFF2F} = {E213BAB7-0A37-53ED-92F2-BE43F0BAFF2F}
		{5E46CDA8-930E-33BA-15F3-8F153F1C2478} = {5E46CDA8-930E-33BA-15F3-8F153F1C2478}
		{A48D6F91-E9C9-C77C-76A2-4B1D0CF26694} = {A48D6F91-E9C9-C77C-76A2-4B1D0CF26694}
		{5C315192-7FF8-0AEE-363B-7EFFDF0C0041} = {5C315192-7FF8-0AEE-363B-7EFFDF0C0041}
		{E25E7AB9-1907-E62F-9762-6DD50962D245} = {E25E7AB9-1907-E62F-9762-6DD50962D245}
	EndProjectSection
EndProject
Project("{8BC9CEB8-8B4A-11D0-8D11-00A0C91BC942}") = "external-revdb", "external-revdb.vcxproj", "{D1FFC76A-8299-5988-3BD2-03AC33A638F0}"
	ProjectSection(ProjectDependencies) = postProject
		{65F2AB5E-4205-92DF-AA79-1D86192BFF6E} = {65F2AB5E-4205-92DF-AA79-1D86192BFF6E}
		{E213BAB7-0A37-53ED-92F2-BE43F0BAFF2F} = {E213BAB7-0A37-53ED-92F2-BE43F0BAFF2F}
		{FBF08949-0640-7497-5B4B-E76E95F31100} = {FBF08949-0640-7497-5B4B-E76E95F31100}
	EndProjectSection
EndProject
Project("{8BC9CEB8-8B4A-11D0-8D11-00A0C91BC942}") = "external-revdb-server", "external-revdb-server.vcxproj", "{FAB16F19-51B6-DED2-E4F6-AADD4C6F97E7}"
	ProjectSection(ProjectDependencies) = postProject
		{65F2AB5E-4205-92DF-AA79-1D86192BFF6E} = {65F2AB5E-4205-92DF-AA79-1D86192BFF6E}
		{E213BAB7-0A37-53ED-92F2-BE43F0BAFF2F} = {E213BAB7-0A37-53ED-92F2-BE43F0BAFF2F}
	EndProjectSection
EndProject
Project("{8BC9CEB8-8B4A-11D0-8D11-00A0C91BC942}") = "fetch", "..\prebuilt\fetch.vcxproj", "{5C315192-7FF8-0AEE-363B-7EFFDF0C0041}"
	ProjectSection(ProjectDependencies) = postProject
		{E25E7AB9-1907-E62F-9762-6DD50962D245} = {E25E7AB9-1907-E62F-9762-6DD50962D245}
	EndProjectSection
EndProject
Project("{8BC9CEB8-8B4A-11D0-8D11-00A0C91BC942}") = "fetch-win", "..\prebuilt\fetch-win.vcxproj", "{E25E7AB9-1907-E62F-9762-6DD50962D245}"
EndProject
Project("{8BC9CEB8-8B4A-11D0-8D11-00A0C91BC942}") = "libCore", "..\libcore\libCore.vcxproj", "{65F2AB5E-4205-92DF-AA79-1D86192BFF6E}"
EndProject
Project("{8BC9CEB8-8B4A-11D0-8D11-00A0C91BC942}") = "libExternal", "..\libexternal\libExternal.vcxproj", "{E213BAB7-0A37-53ED-92F2-BE43F0BAFF2F}"
EndProject
Project("{8BC9CEB8-8B4A-11D0-8D11-00A0C91BC942}") = "libExternal-symbol-exports", "..\libexternal\libExternal-symbol-exports.vcxproj", "{FBF08949-0640-7497-5B4B-E76E95F31100}"
EndProject
Project("{8BC9CEB8-8B4A-11D0-8D11-00A0C91BC942}") = "thirdparty_prebuilt_dep", "..\prebuilt\thirdparty_prebuilt_dep.vcxproj", "{A48D6F91-E9C9-C77C-76A2-4B1D0CF26694}"
	ProjectSection(ProjectDependencies) = postProject
		{5C315192-7FF8-0AEE-363B-7EFFDF0C0041} = {5C315192-7FF8-0AEE-363B-7EFFDF0C0041}
	EndProjectSection
EndProject
Project("{8BC9CEB8-8B4A-11D0-8D11-00A0C91BC942}") = "thirdparty_prebuilt_mysql", "..\prebuilt\thirdparty_prebuilt_mysql.vcxproj", "{342E0442-0753-7B66-CF42-76DBE2F2DE03}"
	ProjectSection(ProjectDependencies) = postProject
		{D081D166-40DF-EC56-1849-618FD1C22B7D} = {D081D166-40DF-EC56-1849-618FD1C22B7D}
	EndProjectSection
EndProject
Project("{8BC9CEB8-8B4A-11D0-8D11-00A0C91BC942}") = "thirdparty_prebuilt_pq", "..\prebuilt\thirdparty_prebuilt_pq.vcxproj", "{E47C6DF9-4E80-8E2A-1358-8D7094C72C14}"
	ProjectSection(ProjectDependencies) = postProject
		{A48D6F91-E9C9-C77C-76A2-4B1D0CF26694} = {A48D6F91-E9C9-C77C-76A2-4B1D0CF26694}
	EndProjectSection
EndProject
Project("{8BC9CEB8-8B4A-11D0-8D11-00A0C91BC942}") = "thirdparty_prebuilt_sqlite", "..\prebuilt\thirdparty_prebuilt_sqlite.vcxproj", "{5E46CDA8-930E-33BA-15F3-8F153F1C2478}"
	ProjectSection(ProjectDependencies) = postProject
		{A48D6F91-E9C9-C77C-76A2-4B1D0CF26694} = {A48D6F91-E9C9-C77C-76A2-4B1D0CF26694}
	EndProjectSection
EndProject
Project("{8BC9CEB8-8B4A-11D0-8D11-00A0C91BC942}") = "thirdparty_prebuilt_z", "..\prebuilt\thirdparty_prebuilt_z.vcxproj", "{D081D166-40DF-EC56-1849-618FD1C22B7D}"
	ProjectSection(ProjectDependencies) = postProject
		{A48D6F91-E9C9-C77C-76A2-4B1D0CF26694} = {A48D6F91-E9C9-C77C-76A2-4B1D0CF26694}
	EndProjectSection
EndProject
Global
	GlobalSection(SolutionConfigurationPlatforms) = preSolution
		Release|Win32 = Release|Win32
		Fast|Win32 = Fast|Win32
		Debug|Win32 = Debug|Win32
		Default|Win32 = Default|Win32
	EndGlobalSection
	GlobalSection(ProjectConfigurationPlatforms) = postSolution
		{2372BFC8-7A17-C0B8-B335-64073991D94A}.Release|Win32.ActiveCfg = Release|Win32
		{2372BFC8-7A17-C0B8-B335-64073991D94A}.Release|Win32.Build.0 = Release|Win32
		{2372BFC8-7A17-C0B8-B335-64073991D94A}.Fast|Win32.ActiveCfg = Fast|Win32
		{2372BFC8-7A17-C0B8-B335-64073991D94A}.Fast|Win32.Build.0 = Fast|Win32
		{2372BFC8-7A17-C0B8-B335-64073991D94A}.Debug|Win32.ActiveCfg = Debug|Win32
		{2372BFC8-7A17-C0B8-B335-64073991D94A}.Debug|Win32.Build.0 = Debug|Win32
		{2372BFC8-7A17-C0B8-B335-64073991D94A}.Default|Win32.ActiveCfg = Default|Win32
		{2372BFC8-7A17-C0B8-B335-64073991D94A}.Default|Win32.Build.0 = Default|Win32
		{2872D590-1E9A-A533-6C41-D1A869BD8F2A}.Release|Win32.ActiveCfg = Release|Win32
		{2872D590-1E9A-A533-6C41-D1A869BD8F2A}.Release|Win32.Build.0 = Release|Win32
		{2872D590-1E9A-A533-6C41-D1A869BD8F2A}.Fast|Win32.ActiveCfg = Fast|Win32
		{2872D590-1E9A-A533-6C41-D1A869BD8F2A}.Fast|Win32.Build.0 = Fast|Win32
		{2872D590-1E9A-A533-6C41-D1A869BD8F2A}.Debug|Win32.ActiveCfg = Debug|Win32
		{2872D590-1E9A-A533-6C41-D1A869BD8F2A}.Debug|Win32.Build.0 = Debug|Win32
		{2872D590-1E9A-A533-6C41-D1A869BD8F2A}.Default|Win32.ActiveCfg = Default|Win32
		{2872D590-1E9A-A533-6C41-D1A869BD8F2A}.Default|Win32.Build.0 = Default|Win32
		{342E0442-0753-7B66-CF42-76DBE2F2DE03}.Release|Win32.ActiveCfg = Release|Win32
		{342E0442-0753-7B66-CF42-76DBE2F2DE03}.Release|Win32.Build.0 = Release|Win32
		{342E0442-0753-7B66-CF42-76DBE2F2DE03}.Fast|Win32.ActiveCfg = Fast|Win32
		{342E0442-0753-7B66-CF42-76DBE2F2DE03}.Fast|Win32.Build.0 = Fast|Win32
		{342E0442-0753-7B66-CF42-76DBE2F2DE03}.Debug|Win32.ActiveCfg = Debug|Win32
		{342E0442-0753-7B66-CF42-76DBE2F2DE03}.Debug|Win32.Build.0 = Debug|Win32
		{342E0442-0753-7B66-CF42-76DBE2F2DE03}.Default|Win32.ActiveCfg = Default|Win32
		{342E0442-0753-7B66-CF42-76DBE2F2DE03}.Default|Win32.Build.0 = Default|Win32
		{5C315192-7FF8-0AEE-363B-7EFFDF0C0041}.Release|Win32.ActiveCfg = Release|Win32
		{5C315192-7FF8-0AEE-363B-7EFFDF0C0041}.Release|Win32.Build.0 = Release|Win32
		{5C315192-7FF8-0AEE-363B-7EFFDF0C0041}.Fast|Win32.ActiveCfg = Fast|Win32
		{5C315192-7FF8-0AEE-363B-7EFFDF0C0041}.Fast|Win32.Build.0 = Fast|Win32
		{5C315192-7FF8-0AEE-363B-7EFFDF0C0041}.Debug|Win32.ActiveCfg = Debug|Win32
		{5C315192-7FF8-0AEE-363B-7EFFDF0C0041}.Debug|Win32.Build.0 = Debug|Win32
		{5C315192-7FF8-0AEE-363B-7EFFDF0C0041}.Default|Win32.ActiveCfg = Default|Win32
		{5C315192-7FF8-0AEE-363B-7EFFDF0C0041}.Default|Win32.Build.0 = Default|Win32
		{5E46CDA8-930E-33BA-15F3-8F153F1C2478}.Release|Win32.ActiveCfg = Release|Win32
		{5E46CDA8-930E-33BA-15F3-8F153F1C2478}.Release|Win32.Build.0 = Release|Win32
		{5E46CDA8-930E-33BA-15F3-8F153F1C2478}.Fast|Win32.ActiveCfg = Fast|Win32
		{5E46CDA8-930E-33BA-15F3-8F153F1C2478}.Fast|Win32.Build.0 = Fast|Win32
		{5E46CDA8-930E-33BA-15F3-8F153F1C2478}.Debug|Win32.ActiveCfg = Debug|Win32
		{5E46CDA8-930E-33BA-15F3-8F153F1C2478}.Debug|Win32.Build.0 = Debug|Win32
		{5E46CDA8-930E-33BA-15F3-8F153F1C2478}.Default|Win32.ActiveCfg = Default|Win32
		{5E46CDA8-930E-33BA-15F3-8F153F1C2478}.Default|Win32.Build.0 = Default|Win32
		{65F2AB5E-4205-92DF-AA79-1D86192BFF6E}.Release|Win32.ActiveCfg = Release|Win32
		{65F2AB5E-4205-92DF-AA79-1D86192BFF6E}.Release|Win32.Build.0 = Release|Win32
		{65F2AB5E-4205-92DF-AA79-1D86192BFF6E}.Fast|Win32.ActiveCfg = Fast|Win32
		{65F2AB5E-4205-92DF-AA79-1D86192BFF6E}.Fast|Win32.Build.0 = Fast|Win32
		{65F2AB5E-4205-92DF-AA79-1D86192BFF6E}.Debug|Win32.ActiveCfg = Debug|Win32
		{65F2AB5E-4205-92DF-AA79-1D86192BFF6E}.Debug|Win32.Build.0 = Debug|Win32
		{65F2AB5E-4205-92DF-AA79-1D86192BFF6E}.Default|Win32.ActiveCfg = Default|Win32
		{65F2AB5E-4205-92DF-AA79-1D86192BFF6E}.Default|Win32.Build.0 = Default|Win32
		{7CC3FD19-E827-9884-8C3D-BC04B684A236}.Release|Win32.ActiveCfg = Release|Win32
		{7CC3FD19-E827-9884-8C3D-BC04B684A236}.Release|Win32.Build.0 = Release|Win32
		{7CC3FD19-E827-9884-8C3D-BC04B684A236}.Fast|Win32.ActiveCfg = Fast|Win32
		{7CC3FD19-E827-9884-8C3D-BC04B684A236}.Fast|Win32.Build.0 = Fast|Win32
		{7CC3FD19-E827-9884-8C3D-BC04B684A236}.Debug|Win32.ActiveCfg = Debug|Win32
		{7CC3FD19-E827-9884-8C3D-BC04B684A236}.Debug|Win32.Build.0 = Debug|Win32
		{7CC3FD19-E827-9884-8C3D-BC04B684A236}.Default|Win32.ActiveCfg = Default|Win32
		{7CC3FD19-E827-9884-8C3D-BC04B684A236}.Default|Win32.Build.0 = Default|Win32
		{8D7A268F-A3A1-EF29-A5F1-E23BCBF60B04}.Release|Win32.ActiveCfg = Release|Win32
		{8D7A268F-A3A1-EF29-A5F1-E23BCBF60B04}.Release|Win32.Build.0 = Release|Win32
		{8D7A268F-A3A1-EF29-A5F1-E23BCBF60B04}.Fast|Win32.ActiveCfg = Fast|Win32
		{8D7A268F-A3A1-EF29-A5F1-E23BCBF60B04}.Fast|Win32.Build.0 = Fast|Win32
		{8D7A268F-A3A1-EF29-A5F1-E23BCBF60B04}.Debug|Win32.ActiveCfg = Debug|Win32
		{8D7A268F-A3A1-EF29-A5F1-E23BCBF60B04}.Debug|Win32.Build.0 = Debug|Win32
		{8D7A268F-A3A1-EF29-A5F1-E23BCBF60B04}.Default|Win32.ActiveCfg = Default|Win32
		{8D7A268F-A3A1-EF29-A5F1-E23BCBF60B04}.Default|Win32.Build.0 = Default|Win32
		{91074F94-EDEA-0EA1-DA62-5393A5CCEC50}.Release|Win32.ActiveCfg = Release|Win32
		{91074F94-EDEA-0EA1-DA62-5393A5CCEC50}.Release|Win32.Build.0 = Release|Win32
		{91074F94-EDEA-0EA1-DA62-5393A5CCEC50}.Fast|Win32.ActiveCfg = Fast|Win32
		{91074F94-EDEA-0EA1-DA62-5393A5CCEC50}.Fast|Win32.Build.0 = Fast|Win32
		{91074F94-EDEA-0EA1-DA62-5393A5CCEC50}.Debug|Win32.ActiveCfg = Debug|Win32
		{91074F94-EDEA-0EA1-DA62-5393A5CCEC50}.Debug|Win32.Build.0 = Debug|Win32
		{91074F94-EDEA-0EA1-DA62-5393A5CCEC50}.Default|Win32.ActiveCfg = Default|Win32
		{91074F94-EDEA-0EA1-DA62-5393A5CCEC50}.Default|Win32.Build.0 = Default|Win32
		{956F6A4B-1848-56E6-B574-3023FF8258D5}.Release|Win32.ActiveCfg = Release|Win32
		{956F6A4B-1848-56E6-B574-3023FF8258D5}.Release|Win32.Build.0 = Release|Win32
		{956F6A4B-1848-56E6-B574-3023FF8258D5}.Fast|Win32.ActiveCfg = Fast|Win32
		{956F6A4B-1848-56E6-B574-3023FF8258D5}.Fast|Win32.Build.0 = Fast|Win32
		{956F6A4B-1848-56E6-B574-3023FF8258D5}.Debug|Win32.ActiveCfg = Debug|Win32
		{956F6A4B-1848-56E6-B574-3023FF8258D5}.Debug|Win32.Build.0 = Debug|Win32
		{956F6A4B-1848-56E6-B574-3023FF8258D5}.Default|Win32.ActiveCfg = Default|Win32
		{956F6A4B-1848-56E6-B574-3023FF8258D5}.Default|Win32.Build.0 = Default|Win32
		{A48D6F91-E9C9-C77C-76A2-4B1D0CF26694}.Release|Win32.ActiveCfg = Release|Win32
		{A48D6F91-E9C9-C77C-76A2-4B1D0CF26694}.Release|Win32.Build.0 = Release|Win32
		{A48D6F91-E9C9-C77C-76A2-4B1D0CF26694}.Fast|Win32.ActiveCfg = Fast|Win32
		{A48D6F91-E9C9-C77C-76A2-4B1D0CF26694}.Fast|Win32.Build.0 = Fast|Win32
		{A48D6F91-E9C9-C77C-76A2-4B1D0CF26694}.Debug|Win32.ActiveCfg = Debug|Win32
		{A48D6F91-E9C9-C77C-76A2-4B1D0CF26694}.Debug|Win32.Build.0 = Debug|Win32
		{A48D6F91-E9C9-C77C-76A2-4B1D0CF26694}.Default|Win32.ActiveCfg = Default|Win32
		{A48D6F91-E9C9-C77C-76A2-4B1D0CF26694}.Default|Win32.Build.0 = Default|Win32
		{D081D166-40DF-EC56-1849-618FD1C22B7D}.Release|Win32.ActiveCfg = Release|Win32
		{D081D166-40DF-EC56-1849-618FD1C22B7D}.Release|Win32.Build.0 = Release|Win32
		{D081D166-40DF-EC56-1849-618FD1C22B7D}.Fast|Win32.ActiveCfg = Fast|Win32
		{D081D166-40DF-EC56-1849-618FD1C22B7D}.Fast|Win32.Build.0 = Fast|Win32
		{D081D166-40DF-EC56-1849-618FD1C22B7D}.Debug|Win32.ActiveCfg = Debug|Win32
		{D081D166-40DF-EC56-1849-618FD1C22B7D}.Debug|Win32.Build.0 = Debug|Win32
		{D081D166-40DF-EC56-1849-618FD1C22B7D}.Default|Win32.ActiveCfg = Default|Win32
		{D081D166-40DF-EC56-1849-618FD1C22B7D}.Default|Win32.Build.0 = Default|Win32
		{D1FFC76A-8299-5988-3BD2-03AC33A638F0}.Release|Win32.ActiveCfg = Release|Win32
		{D1FFC76A-8299-5988-3BD2-03AC33A638F0}.Release|Win32.Build.0 = Release|Win32
		{D1FFC76A-8299-5988-3BD2-03AC33A638F0}.Fast|Win32.ActiveCfg = Fast|Win32
		{D1FFC76A-8299-5988-3BD2-03AC33A638F0}.Fast|Win32.Build.0 = Fast|Win32
		{D1FFC76A-8299-5988-3BD2-03AC33A638F0}.Debug|Win32.ActiveCfg = Debug|Win32
		{D1FFC76A-8299-5988-3BD2-03AC33A638F0}.Debug|Win32.Build.0 = Debug|Win32
		{D1FFC76A-8299-5988-3BD2-03AC33A638F0}.Default|Win32.ActiveCfg = Default|Win32
		{D1FFC76A-8299-5988-3BD2-03AC33A638F0}.Default|Win32.Build.0 = Default|Win32
		{DB52781B-F244-E878-6D94-DF6AF6E5CF8F}.Release|Win32.ActiveCfg = Release|Win32
		{DB52781B-F244-E878-6D94-DF6AF6E5CF8F}.Release|Win32.Build.0 = Release|Win32
		{DB52781B-F244-E878-6D94-DF6AF6E5CF8F}.Fast|Win32.ActiveCfg = Fast|Win32
		{DB52781B-F244-E878-6D94-DF6AF6E5CF8F}.Fast|Win32.Build.0 = Fast|Win32
		{DB52781B-F244-E878-6D94-DF6AF6E5CF8F}.Debug|Win32.ActiveCfg = Debug|Win32
		{DB52781B-F244-E878-6D94-DF6AF6E5CF8F}.Debug|Win32.Build.0 = Debug|Win32
		{DB52781B-F244-E878-6D94-DF6AF6E5CF8F}.Default|Win32.ActiveCfg = Default|Win32
		{DB52781B-F244-E878-6D94-DF6AF6E5CF8F}.Default|Win32.Build.0 = Default|Win32
		{E213BAB7-0A37-53ED-92F2-BE43F0BAFF2F}.Release|Win32.ActiveCfg = Release|Win32
		{E213BAB7-0A37-53ED-92F2-BE43F0BAFF2F}.Release|Win32.Build.0 = Release|Win32
		{E213BAB7-0A37-53ED-92F2-BE43F0BAFF2F}.Fast|Win32.ActiveCfg = Fast|Win32
		{E213BAB7-0A37-53ED-92F2-BE43F0BAFF2F}.Fast|Win32.Build.0 = Fast|Win32
		{E213BAB7-0A37-53ED-92F2-BE43F0BAFF2F}.Debug|Win32.ActiveCfg = Debug|Win32
		{E213BAB7-0A37-53ED-92F2-BE43F0BAFF2F}.Debug|Win32.Build.0 = Debug|Win32
		{E213BAB7-0A37-53ED-92F2-BE43F0BAFF2F}.Default|Win32.ActiveCfg = Default|Win32
		{E213BAB7-0A37-53ED-92F2-BE43F0BAFF2F}.Default|Win32.Build.0 = Default|Win32
		{E25E7AB9-1907-E62F-9762-6DD50962D245}.Release|Win32.ActiveCfg = Release|Win32
		{E25E7AB9-1907-E62F-9762-6DD50962D245}.Release|Win32.Build.0 = Release|Win32
		{E25E7AB9-1907-E62F-9762-6DD50962D245}.Fast|Win32.ActiveCfg = Fast|Win32
		{E25E7AB9-1907-E62F-9762-6DD50962D245}.Fast|Win32.Build.0 = Fast|Win32
		{E25E7AB9-1907-E62F-9762-6DD50962D245}.Debug|Win32.ActiveCfg = Debug|Win32
		{E25E7AB9-1907-E62F-9762-6DD50962D245}.Debug|Win32.Build.0 = Debug|Win32
		{E25E7AB9-1907-E62F-9762-6DD50962D245}.Default|Win32.ActiveCfg = Default|Win32
		{E25E7AB9-1907-E62F-9762-6DD50962D245}.Default|Win32.Build.0 = Default|Win32
		{E47C6DF9-4E80-8E2A-1358-8D7094C72C14}.Release|Win32.ActiveCfg = Release|Win32
		{E47C6DF9-4E80-8E2A-1358-8D7094C72C14}.Release|Win32.Build.0 = Release|Win32
		{E47C6DF9-4E80-8E2A-1358-8D7094C72C14}.Fast|Win32.ActiveCfg = Fast|Win32
		{E47C6DF9-4E80-8E2A-1358-8D7094C72C14}.Fast|Win32.Build.0 = Fast|Win32
		{E47C6DF9-4E80-8E2A-1358-8D7094C72C14}.Debug|Win32.ActiveCfg = Debug|Win32
		{E47C6DF9-4E80-8E2A-1358-8D7094C72C14}.Debug|Win32.Build.0 = Debug|Win32
		{E47C6DF9-4E80-8E2A-1358-8D7094C72C14}.Default|Win32.ActiveCfg = Default|Win32
		{E47C6DF9-4E80-8E2A-1358-8D7094C72C14}.Default|Win32.Build.0 = Default|Win32
		{FAB16F19-51B6-DED2-E4F6-AADD4C6F97E7}.Release|Win32.ActiveCfg = Release|Win32
		{FAB16F19-51B6-DED2-E4F6-AADD4C6F97E7}.Release|Win32.Build.0 = Release|Win32
		{FAB16F19-51B6-DED2-E4F6-AADD4C6F97E7}.Fast|Win32.ActiveCfg = Fast|Win32
		{FAB16F19-51B6-DED2-E4F6-AADD4C6F97E7}.Fast|Win32.Build.0 = Fast|Win32
		{FAB16F19-51B6-DED2-E4F6-AADD4C6F97E7}.Debug|Win32.ActiveCfg = Debug|Win32
		{FAB16F19-51B6-DED2-E4F6-AADD4C6F97E7}.Debug|Win32.Build.0 = Debug|Win32
		{FAB16F19-51B6-DED2-E4F6-AADD4C6F97E7}.Default|Win32.ActiveCfg = Default|Win32
		{FAB16F19-51B6-DED2-E4F6-AADD4C6F97E7}.Default|Win32.Build.0 = Default|Win32
		{FBC47BFE-3506-98A5-B8E9-AD406F62F3E4}.Release|Win32.ActiveCfg = Release|Win32
		{FBC47BFE-3506-98A5-B8E9-AD406F62F3E4}.Release|Win32.Build.0 = Release|Win32
		{FBC47BFE-3506-98A5-B8E9-AD406F62F3E4}.Fast|Win32.ActiveCfg = Fast|Win32
		{FBC47BFE-3506-98A5-B8E9-AD406F62F3E4}.Fast|Win32.Build.0 = Fast|Win32
		{FBC47BFE-3506-98A5-B8E9-AD406F62F3E4}.Debug|Win32.ActiveCfg = Debug|Win32
		{FBC47BFE-3506-98A5-B8E9-AD406F62F3E4}.Debug|Win32.Build.0 = Debug|Win32
		{FBC47BFE-3506-98A5-B8E9-AD406F62F3E4}.Default|Win32.ActiveCfg = Default|Win32
		{FBC47BFE-3506-98A5-B8E9-AD406F62F3E4}.Default|Win32.Build.0 = Default|Win32
		{FBF08949-0640-7497-5B4B-E76E95F31100}.Release|Win32.ActiveCfg = Release|Win32
		{FBF08949-0640-7497-5B4B-E76E95F31100}.Release|Win32.Build.0 = Release|Win32
		{FBF08949-0640-7497-5B4B-E76E95F31100}.Fast|Win32.ActiveCfg = Fast|Win32
		{FBF08949-0640-7497-5B4B-E76E95F31100}.Fast|Win32.Build.0 = Fast|Win32
		{FBF08949-0640-7497-5B4B-E76E95F31100}.Debug|Win32.ActiveCfg = Debug|Win32
		{FBF08949-0640-7497-5B4B-E76E95F31100}.Debug|Win32.Build.0 = Debug|Win32
		{FBF08949-0640-7497-5B4B-E76E95F31100}.Default|Win32.ActiveCfg = Default|Win32
		{FBF08949-0640-7497-5B4B-E76E95F31100}.Default|Win32.Build.0 = Default|Win32
	EndGlobalSection
	GlobalSection(SolutionProperties) = preSolution
		HideSolutionNode = FALSE
	EndGlobalSection
	GlobalSection(NestedProjects) = preSolution
		{65F2AB5E-4205-92DF-AA79-1D86192BFF6E} = {FC90F3B1-9AB0-E32E-95CA-952C1056B9CE}
		{E213BAB7-0A37-53ED-92F2-BE43F0BAFF2F} = {21A1A7CE-EB43-72C7-00D1-CD43B300BC2A}
		{FBF08949-0640-7497-5B4B-E76E95F31100} = {21A1A7CE-EB43-72C7-00D1-CD43B300BC2A}
		{5C315192-7FF8-0AEE-363B-7EFFDF0C0041} = {1150A3A4-5B60-CCB2-60F1-523EA1996999}
		{E25E7AB9-1907-E62F-9762-6DD50962D245} = {1150A3A4-5B60-CCB2-60F1-523EA1996999}
		{A48D6F91-E9C9-C77C-76A2-4B1D0CF26694} = {1150A3A4-5B60-CCB2-60F1-523EA1996999}
		{342E0442-0753-7B66-CF42-76DBE2F2DE03} = {1150A3A4-5B60-CCB2-60F1-523EA1996999}
		{E47C6DF9-4E80-8E2A-1358-8D7094C72C14} = {1150A3A4-5B60-CCB2-60F1-523EA1996999}
		{5E46CDA8-930E-33BA-15F3-8F153F1C2478} = {1150A3A4-5B60-CCB2-60F1-523EA1996999}
		{D081D166-40DF-EC56-1849-618FD1C22B7D} = {1150A3A4-5B60-CCB2-60F1-523EA1996999}
		{8D7A268F-A3A1-EF29-A5F1-E23BCBF60B04} = {BD0FB197-0810-070B-109D-9D9FCDD545BB}
		{2372BFC8-7A17-C0B8-B335-64073991D94A} = {BD0FB197-0810-070B-109D-9D9FCDD545BB}
		{91074F94-EDEA-0EA1-DA62-5393A5CCEC50} = {BD0FB197-0810-070B-109D-9D9FCDD545BB}
		{7CC3FD19-E827-9884-8C3D-BC04B684A236} = {BD0FB197-0810-070B-109D-9D9FCDD545BB}
		{DB52781B-F244-E878-6D94-DF6AF6E5CF8F} = {BD0FB197-0810-070B-109D-9D9FCDD545BB}
		{2872D590-1E9A-A533-6C41-D1A869BD8F2A} = {BD0FB197-0810-070B-109D-9D9FCDD545BB}
		{956F6A4B-1848-56E6-B574-3023FF8258D5} = {BD0FB197-0810-070B-109D-9D9FCDD545BB}
		{FBC47BFE-3506-98A5-B8E9-AD406F62F3E4} = {BD0FB197-0810-070B-109D-9D9FCDD545BB}
		{D1FFC76A-8299-5988-3BD2-03AC33A638F0} = {BD0FB197-0810-070B-109D-9D9FCDD545BB}
		{FAB16F19-51B6-DED2-E4F6-AADD4C6F97E7} = {BD0FB197-0810-070B-109D-9D9FCDD545BB}
	EndGlobalSection
EndGlobal
