Microsoft Visual Studio Solution File, Format Version 17.00
# Visual Studio 2022
Project("{8BC9CEB8-8B4A-11D0-8D11-00A0C91BC942}") = "fetch", "fetch.vcxproj", "{5C315192-7FF8-0AEE-363B-7EFFDF0C0041}"
	ProjectSection(ProjectDependencies) = postProject
		{E25E7AB9-1907-E62F-9762-6DD50962D245} = {E25E7AB9-1907-E62F-9762-6DD50962D245}
	EndProjectSection
EndProject
Project("{8BC9CEB8-8B4A-11D0-8D11-00A0C91BC942}") = "fetch-all", "fetch-all.vcxproj", "{48D9982E-FBD0-3D2F-D69F-6AD7C153B04B}"
	ProjectSection(ProjectDependencies) = postProject
		{D6C8275A-FA44-14CE-28A4-0E9A58B122EC} = {D6C8275A-FA44-14CE-28A4-0E9A58B122EC}
		{55DEAF87-0839-DF80-B19F-AC58377DD36E} = {55DEAF87-0839-DF80-B19F-AC58377DD36E}
		{96C6C5F0-D5E5-886F-01B3-C5BA05035E37} = {96C6C5F0-D5E5-886F-01B3-C5BA05035E37}
		{E25E7AB9-1907-E62F-9762-6DD50962D245} = {E25E7AB9-1907-E62F-9762-6DD50962D245}
		{7554F4DE-D601-620E-3A4F-62DC6D3FAD3C} = {7554F4DE-D601-620E-3A4F-62DC6D3FAD3C}
		{AD0BFD48-608B-6058-8282-ED5C35D8D4D6} = {AD0BFD48-608B-6058-8282-ED5C35D8D4D6}
	EndProjectSection
EndProject
Project("{8BC9CEB8-8B4A-11D0-8D11-00A0C91BC942}") = "fetch-android", "fetch-android.vcxproj", "{D6C8275A-FA44-14CE-28A4-0E9A58B122EC}"
EndProject
Project("{8BC9CEB8-8B4A-11D0-8D11-00A0C91BC942}") = "fetch-emscripten", "fetch-emscripten.vcxproj", "{AD0BFD48-608B-6058-8282-ED5C35D8D4D6}"
EndProject
Project("{8BC9CEB8-8B4A-11D0-8D11-00A0C91BC942}") = "fetch-ios", "fetch-ios.vcxproj", "{7554F4DE-D601-620E-3A4F-62DC6D3FAD3C}"
EndProject
Project("{8BC9CEB8-8B4A-11D0-8D11-00A0C91BC942}") = "fetch-linux", "fetch-linux.vcxproj", "{55DEAF87-0839-DF80-B19F-AC58377DD36E}"
EndProject
Project("{8BC9CEB8-8B4A-11D0-8D11-00A0C91BC942}") = "fetch-mac", "fetch-mac.vcxproj", "{96C6C5F0-D5E5-886F-01B3-C5BA05035E37}"
EndProject
Project("{8BC9CEB8-8B4A-11D0-8D11-00A0C91BC942}") = "fetch-win", "fetch-win.vcxproj", "{E25E7AB9-1907-E62F-9762-6DD50962D245}"
EndProject
Global
	GlobalSection(SolutionConfigurationPlatforms) = preSolution
		Release|Win32 = Release|Win32
		Fast|Win32 = Fast|Win32
		Debug|Win32 = Debug|Win32
		Default|Win32 = Default|Win32
	EndGlobalSection
	GlobalSection(ProjectConfigurationPlatforms) = postSolution
		{48D9982E-FBD0-3D2F-D69F-6AD7C153B04B}.Release|Win32.ActiveCfg = Release|Win32
		{48D9982E-FBD0-3D2F-D69F-6AD7C153B04B}.Release|Win32.Build.0 = Release|Win32
		{48D9982E-FBD0-3D2F-D69F-6AD7C153B04B}.Fast|Win32.ActiveCfg = Fast|Win32
		{48D9982E-FBD0-3D2F-D69F-6AD7C153B04B}.Fast|Win32.Build.0 = Fast|Win32
		{48D9982E-FBD0-3D2F-D69F-6AD7C153B04B}.Debug|Win32.ActiveCfg = Debug|Win32
		{48D9982E-FBD0-3D2F-D69F-6AD7C153B04B}.Debug|Win32.Build.0 = Debug|Win32
		{48D9982E-FBD0-3D2F-D69F-6AD7C153B04B}.Default|Win32.ActiveCfg = Default|Win32
		{48D9982E-FBD0-3D2F-D69F-6AD7C153B04B}.Default|Win32.Build.0 = Default|Win32
		{55DEAF87-0839-DF80-B19F-AC58377DD36E}.Release|Win32.ActiveCfg = Release|Win32
		{55DEAF87-0839-DF80-B19F-AC58377DD36E}.Release|Win32.Build.0 = Release|Win32
		{55DEAF87-0839-DF80-B19F-AC58377DD36E}.Fast|Win32.ActiveCfg = Fast|Win32
		{55DEAF87-0839-DF80-B19F-AC58377DD36E}.Fast|Win32.Build.0 = Fast|Win32
		{55DEAF87-0839-DF80-B19F-AC58377DD36E}.Debug|Win32.ActiveCfg = Debug|Win32
		{55DEAF87-0839-DF80-B19F-AC58377DD36E}.Debug|Win32.Build.0 = Debug|Win32
		{55DEAF87-0839-DF80-B19F-AC58377DD36E}.Default|Win32.ActiveCfg = Default|Win32
		{55DEAF87-0839-DF80-B19F-AC58377DD36E}.Default|Win32.Build.0 = Default|Win32
		{5C315192-7FF8-0AEE-363B-7EFFDF0C0041}.Release|Win32.ActiveCfg = Release|Win32
		{5C315192-7FF8-0AEE-363B-7EFFDF0C0041}.Release|Win32.Build.0 = Release|Win32
		{5C315192-7FF8-0AEE-363B-7EFFDF0C0041}.Fast|Win32.ActiveCfg = Fast|Win32
		{5C315192-7FF8-0AEE-363B-7EFFDF0C0041}.Fast|Win32.Build.0 = Fast|Win32
		{5C315192-7FF8-0AEE-363B-7EFFDF0C0041}.Debug|Win32.ActiveCfg = Debug|Win32
		{5C315192-7FF8-0AEE-363B-7EFFDF0C0041}.Debug|Win32.Build.0 = Debug|Win32
		{5C315192-7FF8-0AEE-363B-7EFFDF0C0041}.Default|Win32.ActiveCfg = Default|Win32
		{5C315192-7FF8-0AEE-363B-7EFFDF0C0041}.Default|Win32.Build.0 = Default|Win32
		{7554F4DE-D601-620E-3A4F-62DC6D3FAD3C}.Release|Win32.ActiveCfg = Release|Win32
		{7554F4DE-D601-620E-3A4F-62DC6D3FAD3C}.Release|Win32.Build.0 = Release|Win32
		{7554F4DE-D601-620E-3A4F-62DC6D3FAD3C}.Fast|Win32.ActiveCfg = Fast|Win32
		{7554F4DE-D601-620E-3A4F-62DC6D3FAD3C}.Fast|Win32.Build.0 = Fast|Win32
		{7554F4DE-D601-620E-3A4F-62DC6D3FAD3C}.Debug|Win32.ActiveCfg = Debug|Win32
		{7554F4DE-D601-620E-3A4F-62DC6D3FAD3C}.Debug|Win32.Build.0 = Debug|Win32
		{7554F4DE-D601-620E-3A4F-62DC6D3FAD3C}.Default|Win32.ActiveCfg = Default|Win32
		{7554F4DE-D601-620E-3A4F-62DC6D3FAD3C}.Default|Win32.Build.0 = Default|Win32
		{96C6C5F0-D5E5-886F-01B3-C5BA05035E37}.Release|Win32.ActiveCfg = Release|Win32
		{96C6C5F0-D5E5-886F-01B3-C5BA05035E37}.Release|Win32.Build.0 = Release|Win32
		{96C6C5F0-D5E5-886F-01B3-C5BA05035E37}.Fast|Win32.ActiveCfg = Fast|Win32
		{96C6C5F0-D5E5-886F-01B3-C5BA05035E37}.Fast|Win32.Build.0 = Fast|Win32
		{96C6C5F0-D5E5-886F-01B3-C5BA05035E37}.Debug|Win32.ActiveCfg = Debug|Win32
		{96C6C5F0-D5E5-886F-01B3-C5BA05035E37}.Debug|Win32.Build.0 = Debug|Win32
		{96C6C5F0-D5E5-886F-01B3-C5BA05035E37}.Default|Win32.ActiveCfg = Default|Win32
		{96C6C5F0-D5E5-886F-01B3-C5BA05035E37}.Default|Win32.Build.0 = Default|Win32
		{AD0BFD48-608B-6058-8282-ED5C35D8D4D6}.Release|Win32.ActiveCfg = Release|Win32
		{AD0BFD48-608B-6058-8282-ED5C35D8D4D6}.Release|Win32.Build.0 = Release|Win32
		{AD0BFD48-608B-6058-8282-ED5C35D8D4D6}.Fast|Win32.ActiveCfg = Fast|Win32
		{AD0BFD48-608B-6058-8282-ED5C35D8D4D6}.Fast|Win32.Build.0 = Fast|Win32
		{AD0BFD48-608B-6058-8282-ED5C35D8D4D6}.Debug|Win32.ActiveCfg = Debug|Win32
		{AD0BFD48-608B-6058-8282-ED5C35D8D4D6}.Debug|Win32.Build.0 = Debug|Win32
		{AD0BFD48-608B-6058-8282-ED5C35D8D4D6}.Default|Win32.ActiveCfg = Default|Win32
		{AD0BFD48-608B-6058-8282-ED5C35D8D4D6}.Default|Win32.Build.0 = Default|Win32
		{D6C8275A-FA44-14CE-28A4-0E9A58B122EC}.Release|Win32.ActiveCfg = Release|Win32
		{D6C8275A-FA44-14CE-28A4-0E9A58B122EC}.Release|Win32.Build.0 = Release|Win32
		{D6C8275A-FA44-14CE-28A4-0E9A58B122EC}.Fast|Win32.ActiveCfg = Fast|Win32
		{D6C8275A-FA44-14CE-28A4-0E9A58B122EC}.Fast|Win32.Build.0 = Fast|Win32
		{D6C8275A-FA44-14CE-28A4-0E9A58B122EC}.Debug|Win32.ActiveCfg = Debug|Win32
		{D6C8275A-FA44-14CE-28A4-0E9A58B122EC}.Debug|Win32.Build.0 = Debug|Win32
		{D6C8275A-FA44-14CE-28A4-0E9A58B122EC}.Default|Win32.ActiveCfg = Default|Win32
		{D6C8275A-FA44-14CE-28A4-0E9A58B122EC}.Default|Win32.Build.0 = Default|Win32
		{E25E7AB9-1907-E62F-9762-6DD50962D245}.Release|Win32.ActiveCfg = Release|Win32
		{E25E7AB9-1907-E62F-9762-6DD50962D245}.Release|Win32.Build.0 = Release|Win32
		{E25E7AB9-1907-E62F-9762-6DD50962D245}.Fast|Win32.ActiveCfg = Fast|Win32
		{E25E7AB9-1907-E62F-9762-6DD50962D245}.Fast|Win32.Build.0 = Fast|Win32
		{E25E7AB9-1907-E62F-9762-6DD50962D245}.Debug|Win32.ActiveCfg = Debug|Win32
		{E25E7AB9-1907-E62F-9762-6DD50962D245}.Debug|Win32.Build.0 = Debug|Win32
		{E25E7AB9-1907-E62F-9762-6DD50962D245}.Default|Win32.ActiveCfg = Default|Win32
		{E25E7AB9-1907-E62F-9762-6DD50962D245}.Default|Win32.Build.0 = Default|Win32
	EndGlobalSection
	GlobalSection(SolutionProperties) = preSolution
		HideSolutionNode = FALSE
	EndGlobalSection
EndGlobal
