Microsoft Visual Studio Solution File, Format Version 17.00
# Visual Studio 2022
Project("{8BC9CEB8-8B4A-11D0-8D11-00A0C91BC942}") = "encode_minimal_icu_data", "encode_minimal_icu_data.vcxproj", "{960620F4-6998-1232-32DA-C0BDB74D4FA1}"
	ProjectSection(ProjectDependencies) = postProject
		{C69B6196-9908-7A89-B078-D843DEC22100} = {C69B6196-9908-7A89-B078-D843DEC22100}
	EndProjectSection
EndProject
Project("{8BC9CEB8-8B4A-11D0-8D11-00A0C91BC942}") = "fetch", "fetch.vcxproj", "{5C315192-7FF8-0AEE-363B-7EFFDF0C0041}"
	ProjectSection(ProjectDependencies) = postProject
		{E25E7AB9-1907-E62F-9762-6DD50962D245} = {E25E7AB9-1907-E62F-9762-6DD50962D245}
	EndProjectSection
EndProject
Project("{8BC9CEB8-8B4A-11D0-8D11-00A0C91BC942}") = "fetch-win", "fetch-win.vcxproj", "{E25E7AB9-1907-E62F-9762-6DD50962D245}"
EndProject
Project("{8BC9CEB8-8B4A-11D0-8D11-00A0C91BC942}") = "libicu", "libicu.vcxproj", "{528490FB-B5EB-3233-931A-19F59D26E060}"
	ProjectSection(ProjectDependencies) = postProject
		{5C315192-7FF8-0AEE-363B-7EFFDF0C0041} = {5C315192-7FF8-0AEE-363B-7EFFDF0C0041}
		{D9ECC785-7BCC-F7FF-3D2C-1E9061CD545B} = {D9ECC785-7BCC-F7FF-3D2C-1E9061CD545B}
		{5361DBFD-6025-7FD3-A88D-650AEA17AEB4} = {5361DBFD-6025-7FD3-A88D-650AEA17AEB4}
	EndProjectSection
EndProject
Project("{8BC9CEB8-8B4A-11D0-8D11-00A0C91BC942}") = "libicu_include", "libicu_include.vcxproj", "{D9ECC785-7BCC-F7FF-3D2C-1E9061CD545B}"
EndProject
Project("{8BC9CEB8-8B4A-11D0-8D11-00A0C91BC942}") = "libicu_link", "libicu_link.vcxproj", "{5361DBFD-6025-7FD3-A88D-650AEA17AEB4}"
EndProject
Project("{8BC9CEB8-8B4A-11D0-8D11-00A0C91BC942}") = "minimal_icu_data", "minimal_icu_data.vcxproj", "{C69B6196-9908-7A89-B078-D843DEC22100}"
	ProjectSection(ProjectDependencies) = postProject
		{5C315192-7FF8-0AEE-363B-7EFFDF0C0041} = {5C315192-7FF8-0AEE-363B-7EFFDF0C0041}
	EndProjectSection
EndProject
Global
	GlobalSection(SolutionConfigurationPlatforms) = preSolution
		Release|Win32 = Release|Win32
		Fast|Win32 = Fast|Win32
		Debug|Win32 = Debug|Win32
		Default|Win32 = Default|Win32
	EndGlobalSection
	GlobalSection(ProjectConfigurationPlatforms) = postSolution
		{528490FB-B5EB-3233-931A-19F59D26E060}.Release|Win32.ActiveCfg = Release|Win32
		{528490FB-B5EB-3233-931A-19F59D26E060}.Release|Win32.Build.0 = Release|Win32
		{528490FB-B5EB-3233-931A-19F59D26E060}.Fast|Win32.ActiveCfg = Fast|Win32
		{528490FB-B5EB-3233-931A-19F59D26E060}.Fast|Win32.Build.0 = Fast|Win32
		{528490FB-B5EB-3233-931A-19F59D26E060}.Debug|Win32.ActiveCfg = Debug|Win32
		{528490FB-B5EB-3233-931A-19F59D26E060}.Debug|Win32.Build.0 = Debug|Win32
		{528490FB-B5EB-3233-931A-19F59D26E060}.Default|Win32.ActiveCfg = Default|Win32
		{528490FB-B5EB-3233-931A-19F59D26E060}.Default|Win32.Build.0 = Default|Win32
		{5361DBFD-6025-7FD3-A88D-650AEA17AEB4}.Release|Win32.ActiveCfg = Release|Win32
		{5361DBFD-6025-7FD3-A88D-650AEA17AEB4}.Release|Win32.Build.0 = Release|Win32
		{5361DBFD-6025-7FD3-A88D-650AEA17AEB4}.Fast|Win32.ActiveCfg = Fast|Win32
		{5361DBFD-6025-7FD3-A88D-650AEA17AEB4}.Fast|Win32.Build.0 = Fast|Win32
		{5361DBFD-6025-7FD3-A88D-650AEA17AEB4}.Debug|Win32.ActiveCfg = Debug|Win32
		{5361DBFD-6025-7FD3-A88D-650AEA17AEB4}.Debug|Win32.Build.0 = Debug|Win32
		{5361DBFD-6025-7FD3-A88D-650AEA17AEB4}.Default|Win32.ActiveCfg = Default|Win32
		{5361DBFD-6025-7FD3-A88D-650AEA17AEB4}.Default|Win32.Build.0 = Default|Win32
		{5C315192-7FF8-0AEE-363B-7EFFDF0C0041}.Release|Win32.ActiveCfg = Release|Win32
		{5C315192-7FF8-0AEE-363B-7EFFDF0C0041}.Release|Win32.Build.0 = Release|Win32
		{5C315192-7FF8-0AEE-363B-7EFFDF0C0041}.Fast|Win32.ActiveCfg = Fast|Win32
		{5C315192-7FF8-0AEE-363B-7EFFDF0C0041}.Fast|Win32.Build.0 = Fast|Win32
		{5C315192-7FF8-0AEE-363B-7EFFDF0C0041}.Debug|Win32.ActiveCfg = Debug|Win32
		{5C315192-7FF8-0AEE-363B-7EFFDF0C0041}.Debug|Win32.Build.0 = Debug|Win32
		{5C315192-7FF8-0AEE-363B-7EFFDF0C0041}.Default|Win32.ActiveCfg = Default|Win32
		{5C315192-7FF8-0AEE-363B-7EFFDF0C0041}.Default|Win32.Build.0 = Default|Win32
		{960620F4-6998-1232-32DA-C0BDB74D4FA1}.Release|Win32.ActiveCfg = Release|Win32
		{960620F4-6998-1232-32DA-C0BDB74D4FA1}.Release|Win32.Build.0 = Release|Win32
		{960620F4-6998-1232-32DA-C0BDB74D4FA1}.Fast|Win32.ActiveCfg = Fast|Win32
		{960620F4-6998-1232-32DA-C0BDB74D4FA1}.Fast|Win32.Build.0 = Fast|Win32
		{960620F4-6998-1232-32DA-C0BDB74D4FA1}.Debug|Win32.ActiveCfg = Debug|Win32
		{960620F4-6998-1232-32DA-C0BDB74D4FA1}.Debug|Win32.Build.0 = Debug|Win32
		{960620F4-6998-1232-32DA-C0BDB74D4FA1}.Default|Win32.ActiveCfg = Default|Win32
		{960620F4-6998-1232-32DA-C0BDB74D4FA1}.Default|Win32.Build.0 = Default|Win32
		{C69B6196-9908-7A89-B078-D843DEC22100}.Release|Win32.ActiveCfg = Release|Win32
		{C69B6196-9908-7A89-B078-D843DEC22100}.Release|Win32.Build.0 = Release|Win32
		{C69B6196-9908-7A89-B078-D843DEC22100}.Fast|Win32.ActiveCfg = Fast|Win32
		{C69B6196-9908-7A89-B078-D843DEC22100}.Fast|Win32.Build.0 = Fast|Win32
		{C69B6196-9908-7A89-B078-D843DEC22100}.Debug|Win32.ActiveCfg = Debug|Win32
		{C69B6196-9908-7A89-B078-D843DEC22100}.Debug|Win32.Build.0 = Debug|Win32
		{C69B6196-9908-7A89-B078-D843DEC22100}.Default|Win32.ActiveCfg = Default|Win32
		{C69B6196-9908-7A89-B078-D843DEC22100}.Default|Win32.Build.0 = Default|Win32
		{D9ECC785-7BCC-F7FF-3D2C-1E9061CD545B}.Release|Win32.ActiveCfg = Release|Win32
		{D9ECC785-7BCC-F7FF-3D2C-1E9061CD545B}.Release|Win32.Build.0 = Release|Win32
		{D9ECC785-7BCC-F7FF-3D2C-1E9061CD545B}.Fast|Win32.ActiveCfg = Fast|Win32
		{D9ECC785-7BCC-F7FF-3D2C-1E9061CD545B}.Fast|Win32.Build.0 = Fast|Win32
		{D9ECC785-7BCC-F7FF-3D2C-1E9061CD545B}.Debug|Win32.ActiveCfg = Debug|Win32
		{D9ECC785-7BCC-F7FF-3D2C-1E9061CD545B}.Debug|Win32.Build.0 = Debug|Win32
		{D9ECC785-7BCC-F7FF-3D2C-1E9061CD545B}.Default|Win32.ActiveCfg = Default|Win32
		{D9ECC785-7BCC-F7FF-3D2C-1E9061CD545B}.Default|Win32.Build.0 = Default|Win32
		{E25E7AB9-1907-E62F-9762-6DD50962D245}.Release|Win32.ActiveCfg = Release|Win32
		{E25E7AB9-1907-E62F-9762-6DD50962D245}.Release|Win32.Build.0 = Release|Win32
		{E25E7AB9-1907-E62F-9762-6DD50962D245}.Fast|Win32.ActiveCfg = Fast|Win32
		{E25E7AB9-1907-E62F-9762-6DD50962D245}.Fast|Win32.Build.0 = Fast|Win32
		{E25E7AB9-1907-E62F-9762-6DD50962D245}.Debug|Win32.ActiveCfg = Debug|Win32
		{E25E7AB9-1907-E62F-9762-6DD50962D245}.Debug|Win32.Build.0 = Debug|Win32
		{E25E7AB9-1907-E62F-9762-6DD50962D245}.Default|Win32.ActiveCfg = Default|Win32
		{E25E7AB9-1907-E62F-9762-6DD50962D245}.Default|Win32.Build.0 = Default|Win32
	EndGlobalSection
	GlobalSection(SolutionProperties) = preSolution
		HideSolutionNode = FALSE
	EndGlobalSection
EndGlobal
