Microsoft Visual Studio Solution File, Format Version 17.00
# Visual Studio 2022
Project("{8BC9CEB8-8B4A-11D0-8D11-00A0C91BC942}") = "fetch", "fetch.vcxproj", "{5C315192-7FF8-0AEE-363B-7EFFDF0C0041}"
	ProjectSection(ProjectDependencies) = postProject
		{E25E7AB9-1907-E62F-9762-6DD50962D245} = {E25E7AB9-1907-E62F-9762-6DD50962D245}
	EndProjectSection
EndProject
Project("{8BC9CEB8-8B4A-11D0-8D11-00A0C91BC942}") = "fetch-win", "fetch-win.vcxproj", "{E25E7AB9-1907-E62F-9762-6DD50962D245}"
EndProject
Project("{8BC9CEB8-8B4A-11D0-8D11-00A0C91BC942}") = "libopenssl", "libopenssl.vcxproj", "{D7B83496-5772-8859-9195-3620E207C1D0}"
	ProjectSection(ProjectDependencies) = postProject
		{5C315192-7FF8-0AEE-363B-7EFFDF0C0041} = {5C315192-7FF8-0AEE-363B-7EFFDF0C0041}
	EndProjectSection
EndProject
Project("{8BC9CEB8-8B4A-11D0-8D11-00A0C91BC942}") = "libopenssl_headers", "libopenssl_headers.vcxproj", "{09C58E7D-BC23-7F0A-E110-80F5E3C29070}"
	ProjectSection(ProjectDependencies) = postProject
		{5C315192-7FF8-0AEE-363B-7EFFDF0C0041} = {5C315192-7FF8-0AEE-363B-7EFFDF0C0041}
	EndProjectSection
EndProject
Global
	GlobalSection(SolutionConfigurationPlatforms) = preSolution
		Release|Win32 = Release|Win32
		Fast|Win32 = Fast|Win32
		Debug|Win32 = Debug|Win32
		Default|Win32 = Default|Win32
	EndGlobalSection
	GlobalSection(ProjectConfigurationPlatforms) = postSolution
		{09C58E7D-BC23-7F0A-E110-80F5E3C29070}.Release|Win32.ActiveCfg = Release|Win32
		{09C58E7D-BC23-7F0A-E110-80F5E3C29070}.Release|Win32.Build.0 = Release|Win32
		{09C58E7D-BC23-7F0A-E110-80F5E3C29070}.Fast|Win32.ActiveCfg = Fast|Win32
		{09C58E7D-BC23-7F0A-E110-80F5E3C29070}.Fast|Win32.Build.0 = Fast|Win32
		{09C58E7D-BC23-7F0A-E110-80F5E3C29070}.Debug|Win32.ActiveCfg = Debug|Win32
		{09C58E7D-BC23-7F0A-E110-80F5E3C29070}.Debug|Win32.Build.0 = Debug|Win32
		{09C58E7D-BC23-7F0A-E110-80F5E3C29070}.Default|Win32.ActiveCfg = Default|Win32
		{09C58E7D-BC23-7F0A-E110-80F5E3C29070}.Default|Win32.Build.0 = Default|Win32
		{5C315192-7FF8-0AEE-363B-7EFFDF0C0041}.Release|Win32.ActiveCfg = Release|Win32
		{5C315192-7FF8-0AEE-363B-7EFFDF0C0041}.Release|Win32.Build.0 = Release|Win32
		{5C315192-7FF8-0AEE-363B-7EFFDF0C0041}.Fast|Win32.ActiveCfg = Fast|Win32
		{5C315192-7FF8-0AEE-363B-7EFFDF0C0041}.Fast|Win32.Build.0 = Fast|Win32
		{5C315192-7FF8-0AEE-363B-7EFFDF0C0041}.Debug|Win32.ActiveCfg = Debug|Win32
		{5C315192-7FF8-0AEE-363B-7EFFDF0C0041}.Debug|Win32.Build.0 = Debug|Win32
		{5C315192-7FF8-0AEE-363B-7EFFDF0C0041}.Default|Win32.ActiveCfg = Default|Win32
		{5C315192-7FF8-0AEE-363B-7EFFDF0C0041}.Default|Win32.Build.0 = Default|Win32
		{D7B83496-5772-8859-9195-3620E207C1D0}.Release|Win32.ActiveCfg = Release|Win32
		{D7B83496-5772-8859-9195-3620E207C1D0}.Release|Win32.Build.0 = Release|Win32
		{D7B83496-5772-8859-9195-3620E207C1D0}.Fast|Win32.ActiveCfg = Fast|Win32
		{D7B83496-5772-8859-9195-3620E207C1D0}.Fast|Win32.Build.0 = Fast|Win32
		{D7B83496-5772-8859-9195-3620E207C1D0}.Debug|Win32.ActiveCfg = Debug|Win32
		{D7B83496-5772-8859-9195-3620E207C1D0}.Debug|Win32.Build.0 = Debug|Win32
		{D7B83496-5772-8859-9195-3620E207C1D0}.Default|Win32.ActiveCfg = Default|Win32
		{D7B83496-5772-8859-9195-3620E207C1D0}.Default|Win32.Build.0 = Default|Win32
		{E25E7AB9-1907-E62F-9762-6DD50962D245}.Release|Win32.ActiveCfg = Release|Win32
		{E25E7AB9-1907-E62F-9762-6DD50962D245}.Release|Win32.Build.0 = Release|Win32
		{E25E7AB9-1907-E62F-9762-6DD50962D245}.Fast|Win32.ActiveCfg = Fast|Win32
		{E25E7AB9-1907-E62F-9762-6DD50962D245}.Fast|Win32.Build.0 = Fast|Win32
		{E25E7AB9-1907-E62F-9762-6DD50962D245}.Debug|Win32.ActiveCfg = Debug|Win32
		{E25E7AB9-1907-E62F-9762-6DD50962D245}.Debug|Win32.Build.0 = Debug|Win32
		{E25E7AB9-1907-E62F-9762-6DD50962D245}.Default|Win32.ActiveCfg = Default|Win32
		{E25E7AB9-1907-E62F-9762-6DD50962D245}.Default|Win32.Build.0 = Default|Win32
	EndGlobalSection
	GlobalSection(SolutionProperties) = preSolution
		HideSolutionNode = FALSE
	EndGlobalSection
EndGlobal
