Microsoft Visual Studio Solution File, Format Version 17.00
# Visual Studio 2022
Project("{8BC9CEB8-8B4A-11D0-8D11-00A0C91BC942}") = "fetch", "fetch.vcxproj", "{5C315192-7FF8-0AEE-363B-7EFFDF0C0041}"
	ProjectSection(ProjectDependencies) = postProject
		{E25E7AB9-1907-E62F-9762-6DD50962D245} = {E25E7AB9-1907-E62F-9762-6DD50962D245}
	EndProjectSection
EndProject
Project("{8BC9CEB8-8B4A-11D0-8D11-00A0C91BC942}") = "fetch-win", "fetch-win.vcxproj", "{E25E7AB9-1907-E62F-9762-6DD50962D245}"
EndProject
Project("{8BC9CEB8-8B4A-11D0-8D11-00A0C91BC942}") = "thirdparty_prebuilt_cairo", "thirdparty_prebuilt_cairo.vcxproj", "{95846E3A-AE1F-B67D-089E-08A745091F3B}"
	ProjectSection(ProjectDependencies) = postProject
		{D081D166-40DF-EC56-1849-618FD1C22B7D} = {D081D166-40DF-EC56-1849-618FD1C22B7D}
	EndProjectSection
EndProject
Project("{8BC9CEB8-8B4A-11D0-8D11-00A0C91BC942}") = "thirdparty_prebuilt_dep", "thirdparty_prebuilt_dep.vcxproj", "{A48D6F91-E9C9-C77C-76A2-4B1D0CF26694}"
	ProjectSection(ProjectDependencies) = postProject
		{5C315192-7FF8-0AEE-363B-7EFFDF0C0041} = {5C315192-7FF8-0AEE-363B-7EFFDF0C0041}
	EndProjectSection
EndProject
Project("{8BC9CEB8-8B4A-11D0-8D11-00A0C91BC942}") = "thirdparty_prebuilt_expat", "thirdparty_prebuilt_expat.vcxproj", "{01F9F569-834D-B66A-06EA-FFA974DAF7E7}"
	ProjectSection(ProjectDependencies) = postProject
		{A48D6F91-E9C9-C77C-76A2-4B1D0CF26694} = {A48D6F91-E9C9-C77C-76A2-4B1D0CF26694}
	EndProjectSection
EndProject
Project("{8BC9CEB8-8B4A-11D0-8D11-00A0C91BC942}") = "thirdparty_prebuilt_ffi", "thirdparty_prebuilt_ffi.vcxproj", "{BC988F66-4835-9DB9-16E8-CE5322ED309C}"
	ProjectSection(ProjectDependencies) = postProject
		{A48D6F91-E9C9-C77C-76A2-4B1D0CF26694} = {A48D6F91-E9C9-C77C-76A2-4B1D0CF26694}
	EndProjectSection
EndProject
Project("{8BC9CEB8-8B4A-11D0-8D11-00A0C91BC942}") = "thirdparty_prebuilt_fontconfig", "thirdparty_prebuilt_fontconfig.vcxproj", "{69B05299-7702-F0B9-6653-DB20C81EB6F4}"
	ProjectSection(ProjectDependencies) = postProject
		{A48D6F91-E9C9-C77C-76A2-4B1D0CF26694} = {A48D6F91-E9C9-C77C-76A2-4B1D0CF26694}
	EndProjectSection
EndProject
Project("{8BC9CEB8-8B4A-11D0-8D11-00A0C91BC942}") = "thirdparty_prebuilt_freetype", "thirdparty_prebuilt_freetype.vcxproj", "{0F77327D-9DDE-770A-8544-2E42F62005C3}"
	ProjectSection(ProjectDependencies) = postProject
		{D081D166-40DF-EC56-1849-618FD1C22B7D} = {D081D166-40DF-EC56-1849-618FD1C22B7D}
	EndProjectSection
EndProject
Project("{8BC9CEB8-8B4A-11D0-8D11-00A0C91BC942}") = "thirdparty_prebuilt_gif", "thirdparty_prebuilt_gif.vcxproj", "{304AAE08-A8A3-0B8E-FD96-A5743A2D01B0}"
	ProjectSection(ProjectDependencies) = postProject
		{A48D6F91-E9C9-C77C-76A2-4B1D0CF26694} = {A48D6F91-E9C9-C77C-76A2-4B1D0CF26694}
	EndProjectSection
EndProject
Project("{8BC9CEB8-8B4A-11D0-8D11-00A0C91BC942}") = "thirdparty_prebuilt_harfbuzz", "thirdparty_prebuilt_harfbuzz.vcxproj", "{7329ACEF-7D2D-64FA-9997-E5735DECE762}"
	ProjectSection(ProjectDependencies) = postProject
		{A48D6F91-E9C9-C77C-76A2-4B1D0CF26694} = {A48D6F91-E9C9-C77C-76A2-4B1D0CF26694}
	EndProjectSection
EndProject
Project("{8BC9CEB8-8B4A-11D0-8D11-00A0C91BC942}") = "thirdparty_prebuilt_iodbc", "thirdparty_prebuilt_iodbc.vcxproj", "{4D76FF2E-2A26-7860-42A1-88BBA0C4FA8D}"
	ProjectSection(ProjectDependencies) = postProject
		{A48D6F91-E9C9-C77C-76A2-4B1D0CF26694} = {A48D6F91-E9C9-C77C-76A2-4B1D0CF26694}
	EndProjectSection
EndProject
Project("{8BC9CEB8-8B4A-11D0-8D11-00A0C91BC942}") = "thirdparty_prebuilt_jpeg", "thirdparty_prebuilt_jpeg.vcxproj", "{9650A445-2E5F-F86B-7E0A-0C749E2E4245}"
	ProjectSection(ProjectDependencies) = postProject
		{A48D6F91-E9C9-C77C-76A2-4B1D0CF26694} = {A48D6F91-E9C9-C77C-76A2-4B1D0CF26694}
	EndProjectSection
EndProject
Project("{8BC9CEB8-8B4A-11D0-8D11-00A0C91BC942}") = "thirdparty_prebuilt_mysql", "thirdparty_prebuilt_mysql.vcxproj", "{342E0442-0753-7B66-CF42-76DBE2F2DE03}"
	ProjectSection(ProjectDependencies) = postProject
		{D081D166-40DF-EC56-1849-618FD1C22B7D} = {D081D166-40DF-EC56-1849-618FD1C22B7D}
	EndProjectSection
EndProject
Project("{8BC9CEB8-8B4A-11D0-8D11-00A0C91BC942}") = "thirdparty_prebuilt_pcre", "thirdparty_prebuilt_pcre.vcxproj", "{21A0E812-61DB-2020-5C4F-DED7CDD165BC}"
	ProjectSection(ProjectDependencies) = postProject
		{A48D6F91-E9C9-C77C-76A2-4B1D0CF26694} = {A48D6F91-E9C9-C77C-76A2-4B1D0CF26694}
	EndProjectSection
EndProject
Project("{8BC9CEB8-8B4A-11D0-8D11-00A0C91BC942}") = "thirdparty_prebuilt_png", "thirdparty_prebuilt_png.vcxproj", "{193D8EAF-A6B2-1CE0-85DF-7BDB57424D71}"
	ProjectSection(ProjectDependencies) = postProject
		{D081D166-40DF-EC56-1849-618FD1C22B7D} = {D081D166-40DF-EC56-1849-618FD1C22B7D}
	EndProjectSection
EndProject
Project("{8BC9CEB8-8B4A-11D0-8D11-00A0C91BC942}") = "thirdparty_prebuilt_pq", "thirdparty_prebuilt_pq.vcxproj", "{E47C6DF9-4E80-8E2A-1358-8D7094C72C14}"
	ProjectSection(ProjectDependencies) = postProject
		{A48D6F91-E9C9-C77C-76A2-4B1D0CF26694} = {A48D6F91-E9C9-C77C-76A2-4B1D0CF26694}
	EndProjectSection
EndProject
Project("{8BC9CEB8-8B4A-11D0-8D11-00A0C91BC942}") = "thirdparty_prebuilt_skia", "thirdparty_prebuilt_skia.vcxproj", "{203DD968-8190-F1C4-A1CB-9AE1F68AA025}"
	ProjectSection(ProjectDependencies) = postProject
		{D081D166-40DF-EC56-1849-618FD1C22B7D} = {D081D166-40DF-EC56-1849-618FD1C22B7D}
		{304AAE08-A8A3-0B8E-FD96-A5743A2D01B0} = {304AAE08-A8A3-0B8E-FD96-A5743A2D01B0}
		{193D8EAF-A6B2-1CE0-85DF-7BDB57424D71} = {193D8EAF-A6B2-1CE0-85DF-7BDB57424D71}
		{9650A445-2E5F-F86B-7E0A-0C749E2E4245} = {9650A445-2E5F-F86B-7E0A-0C749E2E4245}
		{01F9F569-834D-B66A-06EA-FFA974DAF7E7} = {01F9F569-834D-B66A-06EA-FFA974DAF7E7}
		{0F77327D-9DDE-770A-8544-2E42F62005C3} = {0F77327D-9DDE-770A-8544-2E42F62005C3}
		{69B05299-7702-F0B9-6653-DB20C81EB6F4} = {69B05299-7702-F0B9-6653-DB20C81EB6F4}
	EndProjectSection
EndProject
Project("{8BC9CEB8-8B4A-11D0-8D11-00A0C91BC942}") = "thirdparty_prebuilt_sqlite", "thirdparty_prebuilt_sqlite.vcxproj", "{5E46CDA8-930E-33BA-15F3-8F153F1C2478}"
	ProjectSection(ProjectDependencies) = postProject
		{A48D6F91-E9C9-C77C-76A2-4B1D0CF26694} = {A48D6F91-E9C9-C77C-76A2-4B1D0CF26694}
	EndProjectSection
EndProject
Project("{8BC9CEB8-8B4A-11D0-8D11-00A0C91BC942}") = "thirdparty_prebuilt_xml", "thirdparty_prebuilt_xml.vcxproj", "{9ECFBC06-C133-CDF2-848B-DEEB553A9079}"
	ProjectSection(ProjectDependencies) = postProject
		{A48D6F91-E9C9-C77C-76A2-4B1D0CF26694} = {A48D6F91-E9C9-C77C-76A2-4B1D0CF26694}
	EndProjectSection
EndProject
Project("{8BC9CEB8-8B4A-11D0-8D11-00A0C91BC942}") = "thirdparty_prebuilt_xslt", "thirdparty_prebuilt_xslt.vcxproj", "{56B7581F-672B-D59D-AEC1-F2F6BF53A8CD}"
	ProjectSection(ProjectDependencies) = postProject
		{A48D6F91-E9C9-C77C-76A2-4B1D0CF26694} = {A48D6F91-E9C9-C77C-76A2-4B1D0CF26694}
	EndProjectSection
EndProject
Project("{8BC9CEB8-8B4A-11D0-8D11-00A0C91BC942}") = "thirdparty_prebuilt_z", "thirdparty_prebuilt_z.vcxproj", "{D081D166-40DF-EC56-1849-618FD1C22B7D}"
	ProjectSection(ProjectDependencies) = postProject
		{A48D6F91-E9C9-C77C-76A2-4B1D0CF26694} = {A48D6F91-E9C9-C77C-76A2-4B1D0CF26694}
	EndProjectSection
EndProject
Project("{8BC9CEB8-8B4A-11D0-8D11-00A0C91BC942}") = "thirdparty_prebuilt_zip", "thirdparty_prebuilt_zip.vcxproj", "{931FAEB4-B73C-3B06-F8A0-6795E6E586C1}"
	ProjectSection(ProjectDependencies) = postProject
		{A48D6F91-E9C9-C77C-76A2-4B1D0CF26694} = {A48D6F91-E9C9-C77C-76A2-4B1D0CF26694}
	EndProjectSection
EndProject
Global
	GlobalSection(SolutionConfigurationPlatforms) = preSolution
		Release|Win32 = Release|Win32
		Fast|Win32 = Fast|Win32
		Debug|Win32 = Debug|Win32
		Default|Win32 = Default|Win32
	EndGlobalSection
	GlobalSection(ProjectConfigurationPlatforms) = postSolution
		{01F9F569-834D-B66A-06EA-FFA974DAF7E7}.Release|Win32.ActiveCfg = Release|Win32
		{01F9F569-834D-B66A-06EA-FFA974DAF7E7}.Release|Win32.Build.0 = Release|Win32
		{01F9F569-834D-B66A-06EA-FFA974DAF7E7}.Fast|Win32.ActiveCfg = Fast|Win32
		{01F9F569-834D-B66A-06EA-FFA974DAF7E7}.Fast|Win32.Build.0 = Fast|Win32
		{01F9F569-834D-B66A-06EA-FFA974DAF7E7}.Debug|Win32.ActiveCfg = Debug|Win32
		{01F9F569-834D-B66A-06EA-FFA974DAF7E7}.Debug|Win32.Build.0 = Debug|Win32
		{01F9F569-834D-B66A-06EA-FFA974DAF7E7}.Default|Win32.ActiveCfg = Default|Win32
		{01F9F569-834D-B66A-06EA-FFA974DAF7E7}.Default|Win32.Build.0 = Default|Win32
		{0F77327D-9DDE-770A-8544-2E42F62005C3}.Release|Win32.ActiveCfg = Release|Win32
		{0F77327D-9DDE-770A-8544-2E42F62005C3}.Release|Win32.Build.0 = Release|Win32
		{0F77327D-9DDE-770A-8544-2E42F62005C3}.Fast|Win32.ActiveCfg = Fast|Win32
		{0F77327D-9DDE-770A-8544-2E42F62005C3}.Fast|Win32.Build.0 = Fast|Win32
		{0F77327D-9DDE-770A-8544-2E42F62005C3}.Debug|Win32.ActiveCfg = Debug|Win32
		{0F77327D-9DDE-770A-8544-2E42F62005C3}.Debug|Win32.Build.0 = Debug|Win32
		{0F77327D-9DDE-770A-8544-2E42F62005C3}.Default|Win32.ActiveCfg = Default|Win32
		{0F77327D-9DDE-770A-8544-2E42F62005C3}.Default|Win32.Build.0 = Default|Win32
		{193D8EAF-A6B2-1CE0-85DF-7BDB57424D71}.Release|Win32.ActiveCfg = Release|Win32
		{193D8EAF-A6B2-1CE0-85DF-7BDB57424D71}.Release|Win32.Build.0 = Release|Win32
		{193D8EAF-A6B2-1CE0-85DF-7BDB57424D71}.Fast|Win32.ActiveCfg = Fast|Win32
		{193D8EAF-A6B2-1CE0-85DF-7BDB57424D71}.Fast|Win32.Build.0 = Fast|Win32
		{193D8EAF-A6B2-1CE0-85DF-7BDB57424D71}.Debug|Win32.ActiveCfg = Debug|Win32
		{193D8EAF-A6B2-1CE0-85DF-7BDB57424D71}.Debug|Win32.Build.0 = Debug|Win32
		{193D8EAF-A6B2-1CE0-85DF-7BDB57424D71}.Default|Win32.ActiveCfg = Default|Win32
		{193D8EAF-A6B2-1CE0-85DF-7BDB57424D71}.Default|Win32.Build.0 = Default|Win32
		{203DD968-8190-F1C4-A1CB-9AE1F68AA025}.Release|Win32.ActiveCfg = Release|Win32
		{203DD968-8190-F1C4-A1CB-9AE1F68AA025}.Release|Win32.Build.0 = Release|Win32
		{203DD968-8190-F1C4-A1CB-9AE1F68AA025}.Fast|Win32.ActiveCfg = Fast|Win32
		{203DD968-8190-F1C4-A1CB-9AE1F68AA025}.Fast|Win32.Build.0 = Fast|Win32
		{203DD968-8190-F1C4-A1CB-9AE1F68AA025}.Debug|Win32.ActiveCfg = Debug|Win32
		{203DD968-8190-F1C4-A1CB-9AE1F68AA025}.Debug|Win32.Build.0 = Debug|Win32
		{203DD968-8190-F1C4-A1CB-9AE1F68AA025}.Default|Win32.ActiveCfg = Default|Win32
		{203DD968-8190-F1C4-A1CB-9AE1F68AA025}.Default|Win32.Build.0 = Default|Win32
		{21A0E812-61DB-2020-5C4F-DED7CDD165BC}.Release|Win32.ActiveCfg = Release|Win32
		{21A0E812-61DB-2020-5C4F-DED7CDD165BC}.Release|Win32.Build.0 = Release|Win32
		{21A0E812-61DB-2020-5C4F-DED7CDD165BC}.Fast|Win32.ActiveCfg = Fast|Win32
		{21A0E812-61DB-2020-5C4F-DED7CDD165BC}.Fast|Win32.Build.0 = Fast|Win32
		{21A0E812-61DB-2020-5C4F-DED7CDD165BC}.Debug|Win32.ActiveCfg = Debug|Win32
		{21A0E812-61DB-2020-5C4F-DED7CDD165BC}.Debug|Win32.Build.0 = Debug|Win32
		{21A0E812-61DB-2020-5C4F-DED7CDD165BC}.Default|Win32.ActiveCfg = Default|Win32
		{21A0E812-61DB-2020-5C4F-DED7CDD165BC}.Default|Win32.Build.0 = Default|Win32
		{304AAE08-A8A3-0B8E-FD96-A5743A2D01B0}.Release|Win32.ActiveCfg = Release|Win32
		{304AAE08-A8A3-0B8E-FD96-A5743A2D01B0}.Release|Win32.Build.0 = Release|Win32
		{304AAE08-A8A3-0B8E-FD96-A5743A2D01B0}.Fast|Win32.ActiveCfg = Fast|Win32
		{304AAE08-A8A3-0B8E-FD96-A5743A2D01B0}.Fast|Win32.Build.0 = Fast|Win32
		{304AAE08-A8A3-0B8E-FD96-A5743A2D01B0}.Debug|Win32.ActiveCfg = Debug|Win32
		{304AAE08-A8A3-0B8E-FD96-A5743A2D01B0}.Debug|Win32.Build.0 = Debug|Win32
		{304AAE08-A8A3-0B8E-FD96-A5743A2D01B0}.Default|Win32.ActiveCfg = Default|Win32
		{304AAE08-A8A3-0B8E-FD96-A5743A2D01B0}.Default|Win32.Build.0 = Default|Win32
		{342E0442-0753-7B66-CF42-76DBE2F2DE03}.Release|Win32.ActiveCfg = Release|Win32
		{342E0442-0753-7B66-CF42-76DBE2F2DE03}.Release|Win32.Build.0 = Release|Win32
		{342E0442-0753-7B66-CF42-76DBE2F2DE03}.Fast|Win32.ActiveCfg = Fast|Win32
		{342E0442-0753-7B66-CF42-76DBE2F2DE03}.Fast|Win32.Build.0 = Fast|Win32
		{342E0442-0753-7B66-CF42-76DBE2F2DE03}.Debug|Win32.ActiveCfg = Debug|Win32
		{342E0442-0753-7B66-CF42-76DBE2F2DE03}.Debug|Win32.Build.0 = Debug|Win32
		{342E0442-0753-7B66-CF42-76DBE2F2DE03}.Default|Win32.ActiveCfg = Default|Win32
		{342E0442-0753-7B66-CF42-76DBE2F2DE03}.Default|Win32.Build.0 = Default|Win32
		{4D76FF2E-2A26-7860-42A1-88BBA0C4FA8D}.Release|Win32.ActiveCfg = Release|Win32
		{4D76FF2E-2A26-7860-42A1-88BBA0C4FA8D}.Release|Win32.Build.0 = Release|Win32
		{4D76FF2E-2A26-7860-42A1-88BBA0C4FA8D}.Fast|Win32.ActiveCfg = Fast|Win32
		{4D76FF2E-2A26-7860-42A1-88BBA0C4FA8D}.Fast|Win32.Build.0 = Fast|Win32
		{4D76FF2E-2A26-7860-42A1-88BBA0C4FA8D}.Debug|Win32.ActiveCfg = Debug|Win32
		{4D76FF2E-2A26-7860-42A1-88BBA0C4FA8D}.Debug|Win32.Build.0 = Debug|Win32
		{4D76FF2E-2A26-7860-42A1-88BBA0C4FA8D}.Default|Win32.ActiveCfg = Default|Win32
		{4D76FF2E-2A26-7860-42A1-88BBA0C4FA8D}.Default|Win32.Build.0 = Default|Win32
		{56B7581F-672B-D59D-AEC1-F2F6BF53A8CD}.Release|Win32.ActiveCfg = Release|Win32
		{56B7581F-672B-D59D-AEC1-F2F6BF53A8CD}.Release|Win32.Build.0 = Release|Win32
		{56B7581F-672B-D59D-AEC1-F2F6BF53A8CD}.Fast|Win32.ActiveCfg = Fast|Win32
		{56B7581F-672B-D59D-AEC1-F2F6BF53A8CD}.Fast|Win32.Build.0 = Fast|Win32
		{56B7581F-672B-D59D-AEC1-F2F6BF53A8CD}.Debug|Win32.ActiveCfg = Debug|Win32
		{56B7581F-672B-D59D-AEC1-F2F6BF53A8CD}.Debug|Win32.Build.0 = Debug|Win32
		{56B7581F-672B-D59D-AEC1-F2F6BF53A8CD}.Default|Win32.ActiveCfg = Default|Win32
		{56B7581F-672B-D59D-AEC1-F2F6BF53A8CD}.Default|Win32.Build.0 = Default|Win32
		{5C315192-7FF8-0AEE-363B-7EFFDF0C0041}.Release|Win32.ActiveCfg = Release|Win32
		{5C315192-7FF8-0AEE-363B-7EFFDF0C0041}.Release|Win32.Build.0 = Release|Win32
		{5C315192-7FF8-0AEE-363B-7EFFDF0C0041}.Fast|Win32.ActiveCfg = Fast|Win32
		{5C315192-7FF8-0AEE-363B-7EFFDF0C0041}.Fast|Win32.Build.0 = Fast|Win32
		{5C315192-7FF8-0AEE-363B-7EFFDF0C0041}.Debug|Win32.ActiveCfg = Debug|Win32
		{5C315192-7FF8-0AEE-363B-7EFFDF0C0041}.Debug|Win32.Build.0 = Debug|Win32
		{5C315192-7FF8-0AEE-363B-7EFFDF0C0041}.Default|Win32.ActiveCfg = Default|Win32
		{5C315192-7FF8-0AEE-363B-7EFFDF0C0041}.Default|Win32.Build.0 = Default|Win32
		{5E46CDA8-930E-33BA-15F3-8F153F1C2478}.Release|Win32.ActiveCfg = Release|Win32
		{5E46CDA8-930E-33BA-15F3-8F153F1C2478}.Release|Win32.Build.0 = Release|Win32
		{5E46CDA8-930E-33BA-15F3-8F153F1C2478}.Fast|Win32.ActiveCfg = Fast|Win32
		{5E46CDA8-930E-33BA-15F3-8F153F1C2478}.Fast|Win32.Build.0 = Fast|Win32
		{5E46CDA8-930E-33BA-15F3-8F153F1C2478}.Debug|Win32.ActiveCfg = Debug|Win32
		{5E46CDA8-930E-33BA-15F3-8F153F1C2478}.Debug|Win32.Build.0 = Debug|Win32
		{5E46CDA8-930E-33BA-15F3-8F153F1C2478}.Default|Win32.ActiveCfg = Default|Win32
		{5E46CDA8-930E-33BA-15F3-8F153F1C2478}.Default|Win32.Build.0 = Default|Win32
		{69B05299-7702-F0B9-6653-DB20C81EB6F4}.Release|Win32.ActiveCfg = Release|Win32
		{69B05299-7702-F0B9-6653-DB20C81EB6F4}.Release|Win32.Build.0 = Release|Win32
		{69B05299-7702-F0B9-6653-DB20C81EB6F4}.Fast|Win32.ActiveCfg = Fast|Win32
		{69B05299-7702-F0B9-6653-DB20C81EB6F4}.Fast|Win32.Build.0 = Fast|Win32
		{69B05299-7702-F0B9-6653-DB20C81EB6F4}.Debug|Win32.ActiveCfg = Debug|Win32
		{69B05299-7702-F0B9-6653-DB20C81EB6F4}.Debug|Win32.Build.0 = Debug|Win32
		{69B05299-7702-F0B9-6653-DB20C81EB6F4}.Default|Win32.ActiveCfg = Default|Win32
		{69B05299-7702-F0B9-6653-DB20C81EB6F4}.Default|Win32.Build.0 = Default|Win32
		{7329ACEF-7D2D-64FA-9997-E5735DECE762}.Release|Win32.ActiveCfg = Release|Win32
		{7329ACEF-7D2D-64FA-9997-E5735DECE762}.Release|Win32.Build.0 = Release|Win32
		{7329ACEF-7D2D-64FA-9997-E5735DECE762}.Fast|Win32.ActiveCfg = Fast|Win32
		{7329ACEF-7D2D-64FA-9997-E5735DECE762}.Fast|Win32.Build.0 = Fast|Win32
		{7329ACEF-7D2D-64FA-9997-E5735DECE762}.Debug|Win32.ActiveCfg = Debug|Win32
		{7329ACEF-7D2D-64FA-9997-E5735DECE762}.Debug|Win32.Build.0 = Debug|Win32
		{7329ACEF-7D2D-64FA-9997-E5735DECE762}.Default|Win32.ActiveCfg = Default|Win32
		{7329ACEF-7D2D-64FA-9997-E5735DECE762}.Default|Win32.Build.0 = Default|Win32
		{931FAEB4-B73C-3B06-F8A0-6795E6E586C1}.Release|Win32.ActiveCfg = Release|Win32
		{931FAEB4-B73C-3B06-F8A0-6795E6E586C1}.Release|Win32.Build.0 = Release|Win32
		{931FAEB4-B73C-3B06-F8A0-6795E6E586C1}.Fast|Win32.ActiveCfg = Fast|Win32
		{931FAEB4-B73C-3B06-F8A0-6795E6E586C1}.Fast|Win32.Build.0 = Fast|Win32
		{931FAEB4-B73C-3B06-F8A0-6795E6E586C1}.Debug|Win32.ActiveCfg = Debug|Win32
		{931FAEB4-B73C-3B06-F8A0-6795E6E586C1}.Debug|Win32.Build.0 = Debug|Win32
		{931FAEB4-B73C-3B06-F8A0-6795E6E586C1}.Default|Win32.ActiveCfg = Default|Win32
		{931FAEB4-B73C-3B06-F8A0-6795E6E586C1}.Default|Win32.Build.0 = Default|Win32
		{95846E3A-AE1F-B67D-089E-08A745091F3B}.Release|Win32.ActiveCfg = Release|Win32
		{95846E3A-AE1F-B67D-089E-08A745091F3B}.Release|Win32.Build.0 = Release|Win32
		{95846E3A-AE1F-B67D-089E-08A745091F3B}.Fast|Win32.ActiveCfg = Fast|Win32
		{95846E3A-AE1F-B67D-089E-08A745091F3B}.Fast|Win32.Build.0 = Fast|Win32
		{95846E3A-AE1F-B67D-089E-08A745091F3B}.Debug|Win32.ActiveCfg = Debug|Win32
		{95846E3A-AE1F-B67D-089E-08A745091F3B}.Debug|Win32.Build.0 = Debug|Win32
		{95846E3A-AE1F-B67D-089E-08A745091F3B}.Default|Win32.ActiveCfg = Default|Win32
		{95846E3A-AE1F-B67D-089E-08A745091F3B}.Default|Win32.Build.0 = Default|Win32
		{9650A445-2E5F-F86B-7E0A-0C749E2E4245}.Release|Win32.ActiveCfg = Release|Win32
		{9650A445-2E5F-F86B-7E0A-0C749E2E4245}.Release|Win32.Build.0 = Release|Win32
		{9650A445-2E5F-F86B-7E0A-0C749E2E4245}.Fast|Win32.ActiveCfg = Fast|Win32
		{9650A445-2E5F-F86B-7E0A-0C749E2E4245}.Fast|Win32.Build.0 = Fast|Win32
		{9650A445-2E5F-F86B-7E0A-0C749E2E4245}.Debug|Win32.ActiveCfg = Debug|Win32
		{9650A445-2E5F-F86B-7E0A-0C749E2E4245}.Debug|Win32.Build.0 = Debug|Win32
		{9650A445-2E5F-F86B-7E0A-0C749E2E4245}.Default|Win32.ActiveCfg = Default|Win32
		{9650A445-2E5F-F86B-7E0A-0C749E2E4245}.Default|Win32.Build.0 = Default|Win32
		{9ECFBC06-C133-CDF2-848B-DEEB553A9079}.Release|Win32.ActiveCfg = Release|Win32
		{9ECFBC06-C133-CDF2-848B-DEEB553A9079}.Release|Win32.Build.0 = Release|Win32
		{9ECFBC06-C133-CDF2-848B-DEEB553A9079}.Fast|Win32.ActiveCfg = Fast|Win32
		{9ECFBC06-C133-CDF2-848B-DEEB553A9079}.Fast|Win32.Build.0 = Fast|Win32
		{9ECFBC06-C133-CDF2-848B-DEEB553A9079}.Debug|Win32.ActiveCfg = Debug|Win32
		{9ECFBC06-C133-CDF2-848B-DEEB553A9079}.Debug|Win32.Build.0 = Debug|Win32
		{9ECFBC06-C133-CDF2-848B-DEEB553A9079}.Default|Win32.ActiveCfg = Default|Win32
		{9ECFBC06-C133-CDF2-848B-DEEB553A9079}.Default|Win32.Build.0 = Default|Win32
		{A48D6F91-E9C9-C77C-76A2-4B1D0CF26694}.Release|Win32.ActiveCfg = Release|Win32
		{A48D6F91-E9C9-C77C-76A2-4B1D0CF26694}.Release|Win32.Build.0 = Release|Win32
		{A48D6F91-E9C9-C77C-76A2-4B1D0CF26694}.Fast|Win32.ActiveCfg = Fast|Win32
		{A48D6F91-E9C9-C77C-76A2-4B1D0CF26694}.Fast|Win32.Build.0 = Fast|Win32
		{A48D6F91-E9C9-C77C-76A2-4B1D0CF26694}.Debug|Win32.ActiveCfg = Debug|Win32
		{A48D6F91-E9C9-C77C-76A2-4B1D0CF26694}.Debug|Win32.Build.0 = Debug|Win32
		{A48D6F91-E9C9-C77C-76A2-4B1D0CF26694}.Default|Win32.ActiveCfg = Default|Win32
		{A48D6F91-E9C9-C77C-76A2-4B1D0CF26694}.Default|Win32.Build.0 = Default|Win32
		{BC988F66-4835-9DB9-16E8-CE5322ED309C}.Release|Win32.ActiveCfg = Release|Win32
		{BC988F66-4835-9DB9-16E8-CE5322ED309C}.Release|Win32.Build.0 = Release|Win32
		{BC988F66-4835-9DB9-16E8-CE5322ED309C}.Fast|Win32.ActiveCfg = Fast|Win32
		{BC988F66-4835-9DB9-16E8-CE5322ED309C}.Fast|Win32.Build.0 = Fast|Win32
		{BC988F66-4835-9DB9-16E8-CE5322ED309C}.Debug|Win32.ActiveCfg = Debug|Win32
		{BC988F66-4835-9DB9-16E8-CE5322ED309C}.Debug|Win32.Build.0 = Debug|Win32
		{BC988F66-4835-9DB9-16E8-CE5322ED309C}.Default|Win32.ActiveCfg = Default|Win32
		{BC988F66-4835-9DB9-16E8-CE5322ED309C}.Default|Win32.Build.0 = Default|Win32
		{D081D166-40DF-EC56-1849-618FD1C22B7D}.Release|Win32.ActiveCfg = Release|Win32
		{D081D166-40DF-EC56-1849-618FD1C22B7D}.Release|Win32.Build.0 = Release|Win32
		{D081D166-40DF-EC56-1849-618FD1C22B7D}.Fast|Win32.ActiveCfg = Fast|Win32
		{D081D166-40DF-EC56-1849-618FD1C22B7D}.Fast|Win32.Build.0 = Fast|Win32
		{D081D166-40DF-EC56-1849-618FD1C22B7D}.Debug|Win32.ActiveCfg = Debug|Win32
		{D081D166-40DF-EC56-1849-618FD1C22B7D}.Debug|Win32.Build.0 = Debug|Win32
		{D081D166-40DF-EC56-1849-618FD1C22B7D}.Default|Win32.ActiveCfg = Default|Win32
		{D081D166-40DF-EC56-1849-618FD1C22B7D}.Default|Win32.Build.0 = Default|Win32
		{E25E7AB9-1907-E62F-9762-6DD50962D245}.Release|Win32.ActiveCfg = Release|Win32
		{E25E7AB9-1907-E62F-9762-6DD50962D245}.Release|Win32.Build.0 = Release|Win32
		{E25E7AB9-1907-E62F-9762-6DD50962D245}.Fast|Win32.ActiveCfg = Fast|Win32
		{E25E7AB9-1907-E62F-9762-6DD50962D245}.Fast|Win32.Build.0 = Fast|Win32
		{E25E7AB9-1907-E62F-9762-6DD50962D245}.Debug|Win32.ActiveCfg = Debug|Win32
		{E25E7AB9-1907-E62F-9762-6DD50962D245}.Debug|Win32.Build.0 = Debug|Win32
		{E25E7AB9-1907-E62F-9762-6DD50962D245}.Default|Win32.ActiveCfg = Default|Win32
		{E25E7AB9-1907-E62F-9762-6DD50962D245}.Default|Win32.Build.0 = Default|Win32
		{E47C6DF9-4E80-8E2A-1358-8D7094C72C14}.Release|Win32.ActiveCfg = Release|Win32
		{E47C6DF9-4E80-8E2A-1358-8D7094C72C14}.Release|Win32.Build.0 = Release|Win32
		{E47C6DF9-4E80-8E2A-1358-8D7094C72C14}.Fast|Win32.ActiveCfg = Fast|Win32
		{E47C6DF9-4E80-8E2A-1358-8D7094C72C14}.Fast|Win32.Build.0 = Fast|Win32
		{E47C6DF9-4E80-8E2A-1358-8D7094C72C14}.Debug|Win32.ActiveCfg = Debug|Win32
		{E47C6DF9-4E80-8E2A-1358-8D7094C72C14}.Debug|Win32.Build.0 = Debug|Win32
		{E47C6DF9-4E80-8E2A-1358-8D7094C72C14}.Default|Win32.ActiveCfg = Default|Win32
		{E47C6DF9-4E80-8E2A-1358-8D7094C72C14}.Default|Win32.Build.0 = Default|Win32
	EndGlobalSection
	GlobalSection(SolutionProperties) = preSolution
		HideSolutionNode = FALSE
	EndGlobalSection
EndGlobal
