Microsoft Visual Studio Solution File, Format Version 17.00
# Visual Studio 2022
Project("{2150E333-8FDC-42A3-9474-1A3956D46DE8}") = "(libcore)", "..\..\..\libcore", "{FC90F3B1-9AB0-E32E-95CA-952C1056B9CE}"
EndProject
Project("{2150E333-8FDC-42A3-9474-1A3956D46DE8}") = "(libexternal)", "..\..\..\libexternal", "{21A1A7CE-EB43-72C7-00D1-CD43B300BC2A}"
EndProject
Project("{8BC9CEB8-8B4A-11D0-8D11-00A0C91BC942}") = "libCore", "..\libcore\libCore.vcxproj", "{65F2AB5E-4205-92DF-AA79-1D86192BFF6E}"
EndProject
Project("{8BC9CEB8-8B4A-11D0-8D11-00A0C91BC942}") = "libExternal", "libExternal.vcxproj", "{E213BAB7-0A37-53ED-92F2-BE43F0BAFF2F}"
EndProject
Project("{8BC9CEB8-8B4A-11D0-8D11-00A0C91BC942}") = "libExternal-symbol-exports", "libExternal-symbol-exports.vcxproj", "{FBF08949-0640-7497-5B4B-E76E95F31100}"
EndProject
Global
	GlobalSection(SolutionConfigurationPlatforms) = preSolution
		Release|Win32 = Release|Win32
		Fast|Win32 = Fast|Win32
		Debug|Win32 = Debug|Win32
		Default|Win32 = Default|Win32
	EndGlobalSection
	GlobalSection(ProjectConfigurationPlatforms) = postSolution
		{65F2AB5E-4205-92DF-AA79-1D86192BFF6E}.Release|Win32.ActiveCfg = Release|Win32
		{65F2AB5E-4205-92DF-AA79-1D86192BFF6E}.Release|Win32.Build.0 = Release|Win32
		{65F2AB5E-4205-92DF-AA79-1D86192BFF6E}.Fast|Win32.ActiveCfg = Fast|Win32
		{65F2AB5E-4205-92DF-AA79-1D86192BFF6E}.Fast|Win32.Build.0 = Fast|Win32
		{65F2AB5E-4205-92DF-AA79-1D86192BFF6E}.Debug|Win32.ActiveCfg = Debug|Win32
		{65F2AB5E-4205-92DF-AA79-1D86192BFF6E}.Debug|Win32.Build.0 = Debug|Win32
		{65F2AB5E-4205-92DF-AA79-1D86192BFF6E}.Default|Win32.ActiveCfg = Default|Win32
		{65F2AB5E-4205-92DF-AA79-1D86192BFF6E}.Default|Win32.Build.0 = Default|Win32
		{E213BAB7-0A37-53ED-92F2-BE43F0BAFF2F}.Release|Win32.ActiveCfg = Release|Win32
		{E213BAB7-0A37-53ED-92F2-BE43F0BAFF2F}.Release|Win32.Build.0 = Release|Win32
		{E213BAB7-0A37-53ED-92F2-BE43F0BAFF2F}.Fast|Win32.ActiveCfg = Fast|Win32
		{E213BAB7-0A37-53ED-92F2-BE43F0BAFF2F}.Fast|Win32.Build.0 = Fast|Win32
		{E213BAB7-0A37-53ED-92F2-BE43F0BAFF2F}.Debug|Win32.ActiveCfg = Debug|Win32
		{E213BAB7-0A37-53ED-92F2-BE43F0BAFF2F}.Debug|Win32.Build.0 = Debug|Win32
		{E213BAB7-0A37-53ED-92F2-BE43F0BAFF2F}.Default|Win32.ActiveCfg = Default|Win32
		{E213BAB7-0A37-53ED-92F2-BE43F0BAFF2F}.Default|Win32.Build.0 = Default|Win32
		{FBF08949-0640-7497-5B4B-E76E95F31100}.Release|Win32.ActiveCfg = Release|Win32
		{FBF08949-0640-7497-5B4B-E76E95F31100}.Release|Win32.Build.0 = Release|Win32
		{FBF08949-0640-7497-5B4B-E76E95F31100}.Fast|Win32.ActiveCfg = Fast|Win32
		{FBF08949-0640-7497-5B4B-E76E95F31100}.Fast|Win32.Build.0 = Fast|Win32
		{FBF08949-0640-7497-5B4B-E76E95F31100}.Debug|Win32.ActiveCfg = Debug|Win32
		{FBF08949-0640-7497-5B4B-E76E95F31100}.Debug|Win32.Build.0 = Debug|Win32
		{FBF08949-0640-7497-5B4B-E76E95F31100}.Default|Win32.ActiveCfg = Default|Win32
		{FBF08949-0640-7497-5B4B-E76E95F31100}.Default|Win32.Build.0 = Default|Win32
	EndGlobalSection
	GlobalSection(SolutionProperties) = preSolution
		HideSolutionNode = FALSE
	EndGlobalSection
	GlobalSection(NestedProjects) = preSolution
		{65F2AB5E-4205-92DF-AA79-1D86192BFF6E} = {FC90F3B1-9AB0-E32E-95CA-952C1056B9CE}
		{E213BAB7-0A37-53ED-92F2-BE43F0BAFF2F} = {21A1A7CE-EB43-72C7-00D1-CD43B300BC2A}
		{FBF08949-0640-7497-5B4B-E76E95F31100} = {21A1A7CE-EB43-72C7-00D1-CD43B300BC2A}
	EndGlobalSection
EndGlobal
