Microsoft Visual Studio Solution File, Format Version 17.00
# Visual Studio 2022
Project("{8BC9CEB8-8B4A-11D0-8D11-00A0C91BC942}") = "gentle", "gentle.vcxproj", "{EF2ECA5B-44AC-90BB-0C63-E79741D34F41}"
	ProjectSection(ProjectDependencies) = postProject
		{1F198060-75EA-6A27-CB6A-912ADFB09CEA} = {1F198060-75EA-6A27-CB6A-912ADFB09CEA}
	EndProjectSection
EndProject
Project("{8BC9CEB8-8B4A-11D0-8D11-00A0C91BC942}") = "grts", "grts.vcxproj", "{1F198060-75EA-6A27-CB6A-912ADFB09CEA}"
EndProject
Global
	GlobalSection(SolutionConfigurationPlatforms) = preSolution
		Release|Win32 = Release|Win32
		Fast|Win32 = Fast|Win32
		Debug|Win32 = Debug|Win32
		Default|Win32 = Default|Win32
	EndGlobalSection
	GlobalSection(ProjectConfigurationPlatforms) = postSolution
		{1F198060-75EA-6A27-CB6A-912ADFB09CEA}.Release|Win32.ActiveCfg = Release|Win32
		{1F198060-75EA-6A27-CB6A-912ADFB09CEA}.Release|Win32.Build.0 = Release|Win32
		{1F198060-75EA-6A27-CB6A-912ADFB09CEA}.Fast|Win32.ActiveCfg = Fast|Win32
		{1F198060-75EA-6A27-CB6A-912ADFB09CEA}.Fast|Win32.Build.0 = Fast|Win32
		{1F198060-75EA-6A27-CB6A-912ADFB09CEA}.Debug|Win32.ActiveCfg = Debug|Win32
		{1F198060-75EA-6A27-CB6A-912ADFB09CEA}.Debug|Win32.Build.0 = Debug|Win32
		{1F198060-75EA-6A27-CB6A-912ADFB09CEA}.Default|Win32.ActiveCfg = Default|Win32
		{1F198060-75EA-6A27-CB6A-912ADFB09CEA}.Default|Win32.Build.0 = Default|Win32
		{EF2ECA5B-44AC-90BB-0C63-E79741D34F41}.Release|Win32.ActiveCfg = Release|Win32
		{EF2ECA5B-44AC-90BB-0C63-E79741D34F41}.Release|Win32.Build.0 = Release|Win32
		{EF2ECA5B-44AC-90BB-0C63-E79741D34F41}.Fast|Win32.ActiveCfg = Fast|Win32
		{EF2ECA5B-44AC-90BB-0C63-E79741D34F41}.Fast|Win32.Build.0 = Fast|Win32
		{EF2ECA5B-44AC-90BB-0C63-E79741D34F41}.Debug|Win32.ActiveCfg = Debug|Win32
		{EF2ECA5B-44AC-90BB-0C63-E79741D34F41}.Debug|Win32.Build.0 = Debug|Win32
		{EF2ECA5B-44AC-90BB-0C63-E79741D34F41}.Default|Win32.ActiveCfg = Default|Win32
		{EF2ECA5B-44AC-90BB-0C63-E79741D34F41}.Default|Win32.Build.0 = Default|Win32
	EndGlobalSection
	GlobalSection(SolutionProperties) = preSolution
		HideSolutionNode = FALSE
	EndGlobalSection
EndGlobal
