Microsoft Visual Studio Solution File, Format Version 17.00
# Visual Studio 2022
Project("{8BC9CEB8-8B4A-11D0-8D11-00A0C91BC942}") = "perfect", "perfect.vcxproj", "{549962EE-0C49-0A6D-E25C-5E3C9BDF9602}"
EndProject
Global
	GlobalSection(SolutionConfigurationPlatforms) = preSolution
		Release|Win32 = Release|Win32
		Fast|Win32 = Fast|Win32
		Debug|Win32 = Debug|Win32
		Default|Win32 = Default|Win32
	EndGlobalSection
	GlobalSection(ProjectConfigurationPlatforms) = postSolution
		{549962EE-0C49-0A6D-E25C-5E3C9BDF9602}.Release|Win32.ActiveCfg = Release|Win32
		{549962EE-0C49-0A6D-E25C-5E3C9BDF9602}.Release|Win32.Build.0 = Release|Win32
		{549962EE-0C49-0A6D-E25C-5E3C9BDF9602}.Fast|Win32.ActiveCfg = Fast|Win32
		{549962EE-0C49-0A6D-E25C-5E3C9BDF9602}.Fast|Win32.Build.0 = Fast|Win32
		{549962EE-0C49-0A6D-E25C-5E3C9BDF9602}.Debug|Win32.ActiveCfg = Debug|Win32
		{549962EE-0C49-0A6D-E25C-5E3C9BDF9602}.Debug|Win32.Build.0 = Debug|Win32
		{549962EE-0C49-0A6D-E25C-5E3C9BDF9602}.Default|Win32.ActiveCfg = Default|Win32
		{549962EE-0C49-0A6D-E25C-5E3C9BDF9602}.Default|Win32.Build.0 = Default|Win32
	EndGlobalSection
	GlobalSection(SolutionProperties) = preSolution
		HideSolutionNode = FALSE
	EndGlobalSection
EndGlobal
