Microsoft Visual Studio Solution File, Format Version 17.00
# Visual Studio 2022
Project("{2150E333-8FDC-42A3-9474-1A3956D46DE8}") = "(libbrowser)", "..\..\..\libbrowser", "{3A2086AF-2E21-B3D5-BD06-5FAAE72221C1}"
EndProject
Project("{2150E333-8FDC-42A3-9474-1A3956D46DE8}") = "(libcore)", "..\..\..\libcore", "{FC90F3B1-9AB0-E32E-95CA-952C1056B9CE}"
EndProject
Project("{2150E333-8FDC-42A3-9474-1A3956D46DE8}") = "(libfoundation)", "..\..\..\libfoundation", "{B9D1DE28-FEE6-DF34-B9A3-D911BBD6E754}"
EndProject
Project("{2150E333-8FDC-42A3-9474-1A3956D46DE8}") = "(prebuilt)", "..\..\..\prebuilt", "{1150A3A4-5B60-CCB2-60F1-523EA1996999}"
EndProject
Project("{2150E333-8FDC-42A3-9474-1A3956D46DE8}") = "(thirdparty)", "..\..\..\thirdparty", "{B3615F7D-B7B6-9765-40FD-DAA0EB7B9C12}"
EndProject
Project("{2150E333-8FDC-42A3-9474-1A3956D46DE8}") = "(thirdparty/libcef)", "..\..\..\thirdparty\libcef", "{7663544A-89DB-46E2-E10D-973B897CB9E2}"
EndProject
Project("{8BC9CEB8-8B4A-11D0-8D11-00A0C91BC942}") = "encode_minimal_icu_data", "..\prebuilt\encode_minimal_icu_data.vcxproj", "{960620F4-6998-1232-32DA-C0BDB74D4FA1}"
	ProjectSection(ProjectDependencies) = postProject
		{C69B6196-9908-7A89-B078-D843DEC22100} = {C69B6196-9908-7A89-B078-D843DEC22100}
	EndProjectSection
EndProject
Project("{8BC9CEB8-8B4A-11D0-8D11-00A0C91BC942}") = "fetch", "..\prebuilt\fetch.vcxproj", "{5C315192-7FF8-0AEE-363B-7EFFDF0C0041}"
	ProjectSection(ProjectDependencies) = postProject
		{E25E7AB9-1907-E62F-9762-6DD50962D245} = {E25E7AB9-1907-E62F-9762-6DD50962D245}
	EndProjectSection
EndProject
Project("{8BC9CEB8-8B4A-11D0-8D11-00A0C91BC942}") = "fetch-win", "..\prebuilt\fetch-win.vcxproj", "{E25E7AB9-1907-E62F-9762-6DD50962D245}"
EndProject
Project("{8BC9CEB8-8B4A-11D0-8D11-00A0C91BC942}") = "libCore", "..\libcore\libCore.vcxproj", "{65F2AB5E-4205-92DF-AA79-1D86192BFF6E}"
EndProject
Project("{8BC9CEB8-8B4A-11D0-8D11-00A0C91BC942}") = "libFoundation", "..\libfoundation\libFoundation.vcxproj", "{38BC9C0B-94ED-C08B-7C09-AF2C7D9AA48F}"
	ProjectSection(ProjectDependencies) = postProject
		{528490FB-B5EB-3233-931A-19F59D26E060} = {528490FB-B5EB-3233-931A-19F59D26E060}
		{960620F4-6998-1232-32DA-C0BDB74D4FA1} = {960620F4-6998-1232-32DA-C0BDB74D4FA1}
		{D081D166-40DF-EC56-1849-618FD1C22B7D} = {D081D166-40DF-EC56-1849-618FD1C22B7D}
	EndProjectSection
EndProject
Project("{8BC9CEB8-8B4A-11D0-8D11-00A0C91BC942}") = "libbrowser", "libbrowser.vcxproj", "{1C6790C4-D026-3A36-83A4-F3643401EEA1}"
	ProjectSection(ProjectDependencies) = postProject
		{57CCE04B-50A0-E8F7-DDE2-49D173BF3729} = {57CCE04B-50A0-E8F7-DDE2-49D173BF3729}
		{0525BA25-863A-D337-9039-8F4A44C346C1} = {0525BA25-863A-D337-9039-8F4A44C346C1}
		{528490FB-B5EB-3233-931A-19F59D26E060} = {528490FB-B5EB-3233-931A-19F59D26E060}
	EndProjectSection
EndProject
Project("{8BC9CEB8-8B4A-11D0-8D11-00A0C91BC942}") = "libbrowser-cefprocess", "libbrowser-cefprocess.vcxproj", "{57CCE04B-50A0-E8F7-DDE2-49D173BF3729}"
	ProjectSection(ProjectDependencies) = postProject
		{65F2AB5E-4205-92DF-AA79-1D86192BFF6E} = {65F2AB5E-4205-92DF-AA79-1D86192BFF6E}
		{38BC9C0B-94ED-C08B-7C09-AF2C7D9AA48F} = {38BC9C0B-94ED-C08B-7C09-AF2C7D9AA48F}
		{FBDCFAA5-430C-C805-C30E-C60EADC911C3} = {FBDCFAA5-430C-C805-C30E-C60EADC911C3}
		{0525BA25-863A-D337-9039-8F4A44C346C1} = {0525BA25-863A-D337-9039-8F4A44C346C1}
		{528490FB-B5EB-3233-931A-19F59D26E060} = {528490FB-B5EB-3233-931A-19F59D26E060}
		{5C315192-7FF8-0AEE-363B-7EFFDF0C0041} = {5C315192-7FF8-0AEE-363B-7EFFDF0C0041}
		{E25E7AB9-1907-E62F-9762-6DD50962D245} = {E25E7AB9-1907-E62F-9762-6DD50962D245}
		{D9ECC785-7BCC-F7FF-3D2C-1E9061CD545B} = {D9ECC785-7BCC-F7FF-3D2C-1E9061CD545B}
		{5361DBFD-6025-7FD3-A88D-650AEA17AEB4} = {5361DBFD-6025-7FD3-A88D-650AEA17AEB4}
		{960620F4-6998-1232-32DA-C0BDB74D4FA1} = {960620F4-6998-1232-32DA-C0BDB74D4FA1}
		{C69B6196-9908-7A89-B078-D843DEC22100} = {C69B6196-9908-7A89-B078-D843DEC22100}
		{D081D166-40DF-EC56-1849-618FD1C22B7D} = {D081D166-40DF-EC56-1849-618FD1C22B7D}
		{A48D6F91-E9C9-C77C-76A2-4B1D0CF26694} = {A48D6F91-E9C9-C77C-76A2-4B1D0CF26694}
		{3ECCB38C-4BF9-2ADD-07F4-519BCDC0277D} = {3ECCB38C-4BF9-2ADD-07F4-519BCDC0277D}
	EndProjectSection
EndProject
Project("{8BC9CEB8-8B4A-11D0-8D11-00A0C91BC942}") = "libcef", "..\prebuilt\libcef.vcxproj", "{0525BA25-863A-D337-9039-8F4A44C346C1}"
	ProjectSection(ProjectDependencies) = postProject
		{5C315192-7FF8-0AEE-363B-7EFFDF0C0041} = {5C315192-7FF8-0AEE-363B-7EFFDF0C0041}
	EndProjectSection
EndProject
Project("{8BC9CEB8-8B4A-11D0-8D11-00A0C91BC942}") = "libcef_library_wrapper", "..\thirdparty\libcef\libcef_library_wrapper.vcxproj", "{FBDCFAA5-430C-C805-C30E-C60EADC911C3}"
EndProject
Project("{8BC9CEB8-8B4A-11D0-8D11-00A0C91BC942}") = "libcef_stubs", "..\thirdparty\libcef\libcef_stubs.vcxproj", "{4BF90F90-FCE1-3483-6D59-2798502DDBD1}"
EndProject
Project("{8BC9CEB8-8B4A-11D0-8D11-00A0C91BC942}") = "libffi", "..\thirdparty\libffi\libffi.vcxproj", "{3ECCB38C-4BF9-2ADD-07F4-519BCDC0277D}"
EndProject
Project("{8BC9CEB8-8B4A-11D0-8D11-00A0C91BC942}") = "libicu", "..\prebuilt\libicu.vcxproj", "{528490FB-B5EB-3233-931A-19F59D26E060}"
	ProjectSection(ProjectDependencies) = postProject
		{5C315192-7FF8-0AEE-363B-7EFFDF0C0041} = {5C315192-7FF8-0AEE-363B-7EFFDF0C0041}
		{D9ECC785-7BCC-F7FF-3D2C-1E9061CD545B} = {D9ECC785-7BCC-F7FF-3D2C-1E9061CD545B}
		{5361DBFD-6025-7FD3-A88D-650AEA17AEB4} = {5361DBFD-6025-7FD3-A88D-650AEA17AEB4}
	EndProjectSection
EndProject
Project("{8BC9CEB8-8B4A-11D0-8D11-00A0C91BC942}") = "libicu_include", "..\prebuilt\libicu_include.vcxproj", "{D9ECC785-7BCC-F7FF-3D2C-1E9061CD545B}"
EndProject
Project("{8BC9CEB8-8B4A-11D0-8D11-00A0C91BC942}") = "libicu_link", "..\prebuilt\libicu_link.vcxproj", "{5361DBFD-6025-7FD3-A88D-650AEA17AEB4}"
EndProject
Project("{8BC9CEB8-8B4A-11D0-8D11-00A0C91BC942}") = "minimal_icu_data", "..\prebuilt\minimal_icu_data.vcxproj", "{C69B6196-9908-7A89-B078-D843DEC22100}"
	ProjectSection(ProjectDependencies) = postProject
		{5C315192-7FF8-0AEE-363B-7EFFDF0C0041} = {5C315192-7FF8-0AEE-363B-7EFFDF0C0041}
	EndProjectSection
EndProject
Project("{8BC9CEB8-8B4A-11D0-8D11-00A0C91BC942}") = "thirdparty_prebuilt_dep", "..\prebuilt\thirdparty_prebuilt_dep.vcxproj", "{A48D6F91-E9C9-C77C-76A2-4B1D0CF26694}"
	ProjectSection(ProjectDependencies) = postProject
		{5C315192-7FF8-0AEE-363B-7EFFDF0C0041} = {5C315192-7FF8-0AEE-363B-7EFFDF0C0041}
	EndProjectSection
EndProject
Project("{8BC9CEB8-8B4A-11D0-8D11-00A0C91BC942}") = "thirdparty_prebuilt_z", "..\prebuilt\thirdparty_prebuilt_z.vcxproj", "{D081D166-40DF-EC56-1849-618FD1C22B7D}"
	ProjectSection(ProjectDependencies) = postProject
		{A48D6F91-E9C9-C77C-76A2-4B1D0CF26694} = {A48D6F91-E9C9-C77C-76A2-4B1D0CF26694}
	EndProjectSection
EndProject
Global
	GlobalSection(SolutionConfigurationPlatforms) = preSolution
		Release|Win32 = Release|Win32
		Fast|Win32 = Fast|Win32
		Debug|Win32 = Debug|Win32
		Default|Win32 = Default|Win32
	EndGlobalSection
	GlobalSection(ProjectConfigurationPlatforms) = postSolution
		{0525BA25-863A-D337-9039-8F4A44C346C1}.Release|Win32.ActiveCfg = Release|Win32
		{0525BA25-863A-D337-9039-8F4A44C346C1}.Release|Win32.Build.0 = Release|Win32
		{0525BA25-863A-D337-9039-8F4A44C346C1}.Fast|Win32.ActiveCfg = Fast|Win32
		{0525BA25-863A-D337-9039-8F4A44C346C1}.Fast|Win32.Build.0 = Fast|Win32
		{0525BA25-863A-D337-9039-8F4A44C346C1}.Debug|Win32.ActiveCfg = Debug|Win32
		{0525BA25-863A-D337-9039-8F4A44C346C1}.Debug|Win32.Build.0 = Debug|Win32
		{0525BA25-863A-D337-9039-8F4A44C346C1}.Default|Win32.ActiveCfg = Default|Win32
		{0525BA25-863A-D337-9039-8F4A44C346C1}.Default|Win32.Build.0 = Default|Win32
		{1C6790C4-D026-3A36-83A4-F3643401EEA1}.Release|Win32.ActiveCfg = Release|Win32
		{1C6790C4-D026-3A36-83A4-F3643401EEA1}.Release|Win32.Build.0 = Release|Win32
		{1C6790C4-D026-3A36-83A4-F3643401EEA1}.Fast|Win32.ActiveCfg = Fast|Win32
		{1C6790C4-D026-3A36-83A4-F3643401EEA1}.Fast|Win32.Build.0 = Fast|Win32
		{1C6790C4-D026-3A36-83A4-F3643401EEA1}.Debug|Win32.ActiveCfg = Debug|Win32
		{1C6790C4-D026-3A36-83A4-F3643401EEA1}.Debug|Win32.Build.0 = Debug|Win32
		{1C6790C4-D026-3A36-83A4-F3643401EEA1}.Default|Win32.ActiveCfg = Default|Win32
		{1C6790C4-D026-3A36-83A4-F3643401EEA1}.Default|Win32.Build.0 = Default|Win32
		{38BC9C0B-94ED-C08B-7C09-AF2C7D9AA48F}.Release|Win32.ActiveCfg = Release|Win32
		{38BC9C0B-94ED-C08B-7C09-AF2C7D9AA48F}.Release|Win32.Build.0 = Release|Win32
		{38BC9C0B-94ED-C08B-7C09-AF2C7D9AA48F}.Fast|Win32.ActiveCfg = Fast|Win32
		{38BC9C0B-94ED-C08B-7C09-AF2C7D9AA48F}.Fast|Win32.Build.0 = Fast|Win32
		{38BC9C0B-94ED-C08B-7C09-AF2C7D9AA48F}.Debug|Win32.ActiveCfg = Debug|Win32
		{38BC9C0B-94ED-C08B-7C09-AF2C7D9AA48F}.Debug|Win32.Build.0 = Debug|Win32
		{38BC9C0B-94ED-C08B-7C09-AF2C7D9AA48F}.Default|Win32.ActiveCfg = Default|Win32
		{38BC9C0B-94ED-C08B-7C09-AF2C7D9AA48F}.Default|Win32.Build.0 = Default|Win32
		{3ECCB38C-4BF9-2ADD-07F4-519BCDC0277D}.Release|Win32.ActiveCfg = Release|Win32
		{3ECCB38C-4BF9-2ADD-07F4-519BCDC0277D}.Release|Win32.Build.0 = Release|Win32
		{3ECCB38C-4BF9-2ADD-07F4-519BCDC0277D}.Fast|Win32.ActiveCfg = Fast|Win32
		{3ECCB38C-4BF9-2ADD-07F4-519BCDC0277D}.Fast|Win32.Build.0 = Fast|Win32
		{3ECCB38C-4BF9-2ADD-07F4-519BCDC0277D}.Debug|Win32.ActiveCfg = Debug|Win32
		{3ECCB38C-4BF9-2ADD-07F4-519BCDC0277D}.Debug|Win32.Build.0 = Debug|Win32
		{3ECCB38C-4BF9-2ADD-07F4-519BCDC0277D}.Default|Win32.ActiveCfg = Default|Win32
		{3ECCB38C-4BF9-2ADD-07F4-519BCDC0277D}.Default|Win32.Build.0 = Default|Win32
		{4BF90F90-FCE1-3483-6D59-2798502DDBD1}.Release|Win32.ActiveCfg = Release|Win32
		{4BF90F90-FCE1-3483-6D59-2798502DDBD1}.Release|Win32.Build.0 = Release|Win32
		{4BF90F90-FCE1-3483-6D59-2798502DDBD1}.Fast|Win32.ActiveCfg = Fast|Win32
		{4BF90F90-FCE1-3483-6D59-2798502DDBD1}.Fast|Win32.Build.0 = Fast|Win32
		{4BF90F90-FCE1-3483-6D59-2798502DDBD1}.Debug|Win32.ActiveCfg = Debug|Win32
		{4BF90F90-FCE1-3483-6D59-2798502DDBD1}.Debug|Win32.Build.0 = Debug|Win32
		{4BF90F90-FCE1-3483-6D59-2798502DDBD1}.Default|Win32.ActiveCfg = Default|Win32
		{4BF90F90-FCE1-3483-6D59-2798502DDBD1}.Default|Win32.Build.0 = Default|Win32
		{528490FB-B5EB-3233-931A-19F59D26E060}.Release|Win32.ActiveCfg = Release|Win32
		{528490FB-B5EB-3233-931A-19F59D26E060}.Release|Win32.Build.0 = Release|Win32
		{528490FB-B5EB-3233-931A-19F59D26E060}.Fast|Win32.ActiveCfg = Fast|Win32
		{528490FB-B5EB-3233-931A-19F59D26E060}.Fast|Win32.Build.0 = Fast|Win32
		{528490FB-B5EB-3233-931A-19F59D26E060}.Debug|Win32.ActiveCfg = Debug|Win32
		{528490FB-B5EB-3233-931A-19F59D26E060}.Debug|Win32.Build.0 = Debug|Win32
		{528490FB-B5EB-3233-931A-19F59D26E060}.Default|Win32.ActiveCfg = Default|Win32
		{528490FB-B5EB-3233-931A-19F59D26E060}.Default|Win32.Build.0 = Default|Win32
		{5361DBFD-6025-7FD3-A88D-650AEA17AEB4}.Release|Win32.ActiveCfg = Release|Win32
		{5361DBFD-6025-7FD3-A88D-650AEA17AEB4}.Release|Win32.Build.0 = Release|Win32
		{5361DBFD-6025-7FD3-A88D-650AEA17AEB4}.Fast|Win32.ActiveCfg = Fast|Win32
		{5361DBFD-6025-7FD3-A88D-650AEA17AEB4}.Fast|Win32.Build.0 = Fast|Win32
		{5361DBFD-6025-7FD3-A88D-650AEA17AEB4}.Debug|Win32.ActiveCfg = Debug|Win32
		{5361DBFD-6025-7FD3-A88D-650AEA17AEB4}.Debug|Win32.Build.0 = Debug|Win32
		{5361DBFD-6025-7FD3-A88D-650AEA17AEB4}.Default|Win32.ActiveCfg = Default|Win32
		{5361DBFD-6025-7FD3-A88D-650AEA17AEB4}.Default|Win32.Build.0 = Default|Win32
		{57CCE04B-50A0-E8F7-DDE2-49D173BF3729}.Release|Win32.ActiveCfg = Release|Win32
		{57CCE04B-50A0-E8F7-DDE2-49D173BF3729}.Release|Win32.Build.0 = Release|Win32
		{57CCE04B-50A0-E8F7-DDE2-49D173BF3729}.Fast|Win32.ActiveCfg = Fast|Win32
		{57CCE04B-50A0-E8F7-DDE2-49D173BF3729}.Fast|Win32.Build.0 = Fast|Win32
		{57CCE04B-50A0-E8F7-DDE2-49D173BF3729}.Debug|Win32.ActiveCfg = Debug|Win32
		{57CCE04B-50A0-E8F7-DDE2-49D173BF3729}.Debug|Win32.Build.0 = Debug|Win32
		{57CCE04B-50A0-E8F7-DDE2-49D173BF3729}.Default|Win32.ActiveCfg = Default|Win32
		{57CCE04B-50A0-E8F7-DDE2-49D173BF3729}.Default|Win32.Build.0 = Default|Win32
		{5C315192-7FF8-0AEE-363B-7EFFDF0C0041}.Release|Win32.ActiveCfg = Release|Win32
		{5C315192-7FF8-0AEE-363B-7EFFDF0C0041}.Release|Win32.Build.0 = Release|Win32
		{5C315192-7FF8-0AEE-363B-7EFFDF0C0041}.Fast|Win32.ActiveCfg = Fast|Win32
		{5C315192-7FF8-0AEE-363B-7EFFDF0C0041}.Fast|Win32.Build.0 = Fast|Win32
		{5C315192-7FF8-0AEE-363B-7EFFDF0C0041}.Debug|Win32.ActiveCfg = Debug|Win32
		{5C315192-7FF8-0AEE-363B-7EFFDF0C0041}.Debug|Win32.Build.0 = Debug|Win32
		{5C315192-7FF8-0AEE-363B-7EFFDF0C0041}.Default|Win32.ActiveCfg = Default|Win32
		{5C315192-7FF8-0AEE-363B-7EFFDF0C0041}.Default|Win32.Build.0 = Default|Win32
		{65F2AB5E-4205-92DF-AA79-1D86192BFF6E}.Release|Win32.ActiveCfg = Release|Win32
		{65F2AB5E-4205-92DF-AA79-1D86192BFF6E}.Release|Win32.Build.0 = Release|Win32
		{65F2AB5E-4205-92DF-AA79-1D86192BFF6E}.Fast|Win32.ActiveCfg = Fast|Win32
		{65F2AB5E-4205-92DF-AA79-1D86192BFF6E}.Fast|Win32.Build.0 = Fast|Win32
		{65F2AB5E-4205-92DF-AA79-1D86192BFF6E}.Debug|Win32.ActiveCfg = Debug|Win32
		{65F2AB5E-4205-92DF-AA79-1D86192BFF6E}.Debug|Win32.Build.0 = Debug|Win32
		{65F2AB5E-4205-92DF-AA79-1D86192BFF6E}.Default|Win32.ActiveCfg = Default|Win32
		{65F2AB5E-4205-92DF-AA79-1D86192BFF6E}.Default|Win32.Build.0 = Default|Win32
		{960620F4-6998-1232-32DA-C0BDB74D4FA1}.Release|Win32.ActiveCfg = Release|Win32
		{960620F4-6998-1232-32DA-C0BDB74D4FA1}.Release|Win32.Build.0 = Release|Win32
		{960620F4-6998-1232-32DA-C0BDB74D4FA1}.Fast|Win32.ActiveCfg = Fast|Win32
		{960620F4-6998-1232-32DA-C0BDB74D4FA1}.Fast|Win32.Build.0 = Fast|Win32
		{960620F4-6998-1232-32DA-C0BDB74D4FA1}.Debug|Win32.ActiveCfg = Debug|Win32
		{960620F4-6998-1232-32DA-C0BDB74D4FA1}.Debug|Win32.Build.0 = Debug|Win32
		{960620F4-6998-1232-32DA-C0BDB74D4FA1}.Default|Win32.ActiveCfg = Default|Win32
		{960620F4-6998-1232-32DA-C0BDB74D4FA1}.Default|Win32.Build.0 = Default|Win32
		{A48D6F91-E9C9-C77C-76A2-4B1D0CF26694}.Release|Win32.ActiveCfg = Release|Win32
		{A48D6F91-E9C9-C77C-76A2-4B1D0CF26694}.Release|Win32.Build.0 = Release|Win32
		{A48D6F91-E9C9-C77C-76A2-4B1D0CF26694}.Fast|Win32.ActiveCfg = Fast|Win32
		{A48D6F91-E9C9-C77C-76A2-4B1D0CF26694}.Fast|Win32.Build.0 = Fast|Win32
		{A48D6F91-E9C9-C77C-76A2-4B1D0CF26694}.Debug|Win32.ActiveCfg = Debug|Win32
		{A48D6F91-E9C9-C77C-76A2-4B1D0CF26694}.Debug|Win32.Build.0 = Debug|Win32
		{A48D6F91-E9C9-C77C-76A2-4B1D0CF26694}.Default|Win32.ActiveCfg = Default|Win32
		{A48D6F91-E9C9-C77C-76A2-4B1D0CF26694}.Default|Win32.Build.0 = Default|Win32
		{C69B6196-9908-7A89-B078-D843DEC22100}.Release|Win32.ActiveCfg = Release|Win32
		{C69B6196-9908-7A89-B078-D843DEC22100}.Release|Win32.Build.0 = Release|Win32
		{C69B6196-9908-7A89-B078-D843DEC22100}.Fast|Win32.ActiveCfg = Fast|Win32
		{C69B6196-9908-7A89-B078-D843DEC22100}.Fast|Win32.Build.0 = Fast|Win32
		{C69B6196-9908-7A89-B078-D843DEC22100}.Debug|Win32.ActiveCfg = Debug|Win32
		{C69B6196-9908-7A89-B078-D843DEC22100}.Debug|Win32.Build.0 = Debug|Win32
		{C69B6196-9908-7A89-B078-D843DEC22100}.Default|Win32.ActiveCfg = Default|Win32
		{C69B6196-9908-7A89-B078-D843DEC22100}.Default|Win32.Build.0 = Default|Win32
		{D081D166-40DF-EC56-1849-618FD1C22B7D}.Release|Win32.ActiveCfg = Release|Win32
		{D081D166-40DF-EC56-1849-618FD1C22B7D}.Release|Win32.Build.0 = Release|Win32
		{D081D166-40DF-EC56-1849-618FD1C22B7D}.Fast|Win32.ActiveCfg = Fast|Win32
		{D081D166-40DF-EC56-1849-618FD1C22B7D}.Fast|Win32.Build.0 = Fast|Win32
		{D081D166-40DF-EC56-1849-618FD1C22B7D}.Debug|Win32.ActiveCfg = Debug|Win32
		{D081D166-40DF-EC56-1849-618FD1C22B7D}.Debug|Win32.Build.0 = Debug|Win32
		{D081D166-40DF-EC56-1849-618FD1C22B7D}.Default|Win32.ActiveCfg = Default|Win32
		{D081D166-40DF-EC56-1849-618FD1C22B7D}.Default|Win32.Build.0 = Default|Win32
		{D9ECC785-7BCC-F7FF-3D2C-1E9061CD545B}.Release|Win32.ActiveCfg = Release|Win32
		{D9ECC785-7BCC-F7FF-3D2C-1E9061CD545B}.Release|Win32.Build.0 = Release|Win32
		{D9ECC785-7BCC-F7FF-3D2C-1E9061CD545B}.Fast|Win32.ActiveCfg = Fast|Win32
		{D9ECC785-7BCC-F7FF-3D2C-1E9061CD545B}.Fast|Win32.Build.0 = Fast|Win32
		{D9ECC785-7BCC-F7FF-3D2C-1E9061CD545B}.Debug|Win32.ActiveCfg = Debug|Win32
		{D9ECC785-7BCC-F7FF-3D2C-1E9061CD545B}.Debug|Win32.Build.0 = Debug|Win32
		{D9ECC785-7BCC-F7FF-3D2C-1E9061CD545B}.Default|Win32.ActiveCfg = Default|Win32
		{D9ECC785-7BCC-F7FF-3D2C-1E9061CD545B}.Default|Win32.Build.0 = Default|Win32
		{E25E7AB9-1907-E62F-9762-6DD50962D245}.Release|Win32.ActiveCfg = Release|Win32
		{E25E7AB9-1907-E62F-9762-6DD50962D245}.Release|Win32.Build.0 = Release|Win32
		{E25E7AB9-1907-E62F-9762-6DD50962D245}.Fast|Win32.ActiveCfg = Fast|Win32
		{E25E7AB9-1907-E62F-9762-6DD50962D245}.Fast|Win32.Build.0 = Fast|Win32
		{E25E7AB9-1907-E62F-9762-6DD50962D245}.Debug|Win32.ActiveCfg = Debug|Win32
		{E25E7AB9-1907-E62F-9762-6DD50962D245}.Debug|Win32.Build.0 = Debug|Win32
		{E25E7AB9-1907-E62F-9762-6DD50962D245}.Default|Win32.ActiveCfg = Default|Win32
		{E25E7AB9-1907-E62F-9762-6DD50962D245}.Default|Win32.Build.0 = Default|Win32
		{FBDCFAA5-430C-C805-C30E-C60EADC911C3}.Release|Win32.ActiveCfg = Release|Win32
		{FBDCFAA5-430C-C805-C30E-C60EADC911C3}.Release|Win32.Build.0 = Release|Win32
		{FBDCFAA5-430C-C805-C30E-C60EADC911C3}.Fast|Win32.ActiveCfg = Fast|Win32
		{FBDCFAA5-430C-C805-C30E-C60EADC911C3}.Fast|Win32.Build.0 = Fast|Win32
		{FBDCFAA5-430C-C805-C30E-C60EADC911C3}.Debug|Win32.ActiveCfg = Debug|Win32
		{FBDCFAA5-430C-C805-C30E-C60EADC911C3}.Debug|Win32.Build.0 = Debug|Win32
		{FBDCFAA5-430C-C805-C30E-C60EADC911C3}.Default|Win32.ActiveCfg = Default|Win32
		{FBDCFAA5-430C-C805-C30E-C60EADC911C3}.Default|Win32.Build.0 = Default|Win32
	EndGlobalSection
	GlobalSection(SolutionProperties) = preSolution
		HideSolutionNode = FALSE
	EndGlobalSection
	GlobalSection(NestedProjects) = preSolution
		{1C6790C4-D026-3A36-83A4-F3643401EEA1} = {3A2086AF-2E21-B3D5-BD06-5FAAE72221C1}
		{57CCE04B-50A0-E8F7-DDE2-49D173BF3729} = {3A2086AF-2E21-B3D5-BD06-5FAAE72221C1}
		{65F2AB5E-4205-92DF-AA79-1D86192BFF6E} = {FC90F3B1-9AB0-E32E-95CA-952C1056B9CE}
		{38BC9C0B-94ED-C08B-7C09-AF2C7D9AA48F} = {B9D1DE28-FEE6-DF34-B9A3-D911BBD6E754}
		{960620F4-6998-1232-32DA-C0BDB74D4FA1} = {1150A3A4-5B60-CCB2-60F1-523EA1996999}
		{5C315192-7FF8-0AEE-363B-7EFFDF0C0041} = {1150A3A4-5B60-CCB2-60F1-523EA1996999}
		{E25E7AB9-1907-E62F-9762-6DD50962D245} = {1150A3A4-5B60-CCB2-60F1-523EA1996999}
		{0525BA25-863A-D337-9039-8F4A44C346C1} = {1150A3A4-5B60-CCB2-60F1-523EA1996999}
		{528490FB-B5EB-3233-931A-19F59D26E060} = {1150A3A4-5B60-CCB2-60F1-523EA1996999}
		{D9ECC785-7BCC-F7FF-3D2C-1E9061CD545B} = {1150A3A4-5B60-CCB2-60F1-523EA1996999}
		{5361DBFD-6025-7FD3-A88D-650AEA17AEB4} = {1150A3A4-5B60-CCB2-60F1-523EA1996999}
		{C69B6196-9908-7A89-B078-D843DEC22100} = {1150A3A4-5B60-CCB2-60F1-523EA1996999}
		{A48D6F91-E9C9-C77C-76A2-4B1D0CF26694} = {1150A3A4-5B60-CCB2-60F1-523EA1996999}
		{D081D166-40DF-EC56-1849-618FD1C22B7D} = {1150A3A4-5B60-CCB2-60F1-523EA1996999}
		{7663544A-89DB-46E2-E10D-973B897CB9E2} = {B3615F7D-B7B6-9765-40FD-DAA0EB7B9C12}
		{3ECCB38C-4BF9-2ADD-07F4-519BCDC0277D} = {B3615F7D-B7B6-9765-40FD-DAA0EB7B9C12}
		{FBDCFAA5-430C-C805-C30E-C60EADC911C3} = {7663544A-89DB-46E2-E10D-973B897CB9E2}
		{4BF90F90-FCE1-3483-6D59-2798502DDBD1} = {7663544A-89DB-46E2-E10D-973B897CB9E2}
	EndGlobalSection
EndGlobal
