Microsoft Visual Studio Solution File, Format Version 17.00
# Visual Studio 2022
Project("{2150E333-8FDC-42A3-9474-1A3956D46DE8}") = "(engine)", "..\..\..\engine", "{D2855B64-4B2A-BA1A-0704-FC2B2B766CFC}"
EndProject
Project("{2150E333-8FDC-42A3-9474-1A3956D46DE8}") = "(libbrowser)", "..\..\..\libbrowser", "{3A2086AF-2E21-B3D5-BD06-5FAAE72221C1}"
EndProject
Project("{2150E333-8FDC-42A3-9474-1A3956D46DE8}") = "(libcore)", "..\..\..\libcore", "{FC90F3B1-9AB0-E32E-95CA-952C1056B9CE}"
EndProject
Project("{2150E333-8FDC-42A3-9474-1A3956D46DE8}") = "(libfoundation)", "..\..\..\libfoundation", "{B9D1DE28-FEE6-DF34-B9A3-D911BBD6E754}"
EndProject
Project("{2150E333-8FDC-42A3-9474-1A3956D46DE8}") = "(libgraphics)", "..\..\..\libgraphics", "{7E15B3F3-A511-8BED-1AD2-119F3F0B2876}"
EndProject
Project("{2150E333-8FDC-42A3-9474-1A3956D46DE8}") = "(libscript)", "..\..\..\libscript", "{31F70EB1-D585-4DBC-5DED-E3F9574DB134}"
EndProject
Project("{2150E333-8FDC-42A3-9474-1A3956D46DE8}") = "(prebuilt)", "..\..\..\prebuilt", "{1150A3A4-5B60-CCB2-60F1-523EA1996999}"
EndProject
Project("{2150E333-8FDC-42A3-9474-1A3956D46DE8}") = "(thirdparty)", "..\..\..\thirdparty", "{B3615F7D-B7B6-9765-40FD-DAA0EB7B9C12}"
EndProject
Project("{2150E333-8FDC-42A3-9474-1A3956D46DE8}") = "(thirdparty/libcef)", "..\..\..\thirdparty\libcef", "{7663544A-89DB-46E2-E10D-973B897CB9E2}"
EndProject
Project("{2150E333-8FDC-42A3-9474-1A3956D46DE8}") = "(thirdparty/libopenssl)", "..\..\..\thirdparty\libopenssl", "{4555901A-72FE-12F6-463B-EFEA6D63DEA2}"
EndProject
Project("{2150E333-8FDC-42A3-9474-1A3956D46DE8}") = "(util)", "..\..\..\util", "{593E5771-A9CE-7BB4-6B2B-2AE6F616D6F6}"
EndProject
Project("{8BC9CEB8-8B4A-11D0-8D11-00A0C91BC942}") = "encode_minimal_icu_data", "..\prebuilt\encode_minimal_icu_data.vcxproj", "{960620F4-6998-1232-32DA-C0BDB74D4FA1}"
	ProjectSection(ProjectDependencies) = postProject
		{C69B6196-9908-7A89-B078-D843DEC22100} = {C69B6196-9908-7A89-B078-D843DEC22100}
	EndProjectSection
EndProject
Project("{8BC9CEB8-8B4A-11D0-8D11-00A0C91BC942}") = "encode_version", "encode_version.vcxproj", "{708060CC-ABDB-376D-6C91-BF4EECE4AC6E}"
EndProject
Project("{8BC9CEB8-8B4A-11D0-8D11-00A0C91BC942}") = "fetch", "..\prebuilt\fetch.vcxproj", "{5C315192-7FF8-0AEE-363B-7EFFDF0C0041}"
	ProjectSection(ProjectDependencies) = postProject
		{E25E7AB9-1907-E62F-9762-6DD50962D245} = {E25E7AB9-1907-E62F-9762-6DD50962D245}
	EndProjectSection
EndProject
Project("{8BC9CEB8-8B4A-11D0-8D11-00A0C91BC942}") = "fetch-win", "..\prebuilt\fetch-win.vcxproj", "{E25E7AB9-1907-E62F-9762-6DD50962D245}"
EndProject
Project("{8BC9CEB8-8B4A-11D0-8D11-00A0C91BC942}") = "kernel", "kernel.vcxproj", "{E764A0FB-810E-CD6C-8BE2-F1676DEB299F}"
	ProjectSection(ProjectDependencies) = postProject
		{09C58E7D-BC23-7F0A-E110-80F5E3C29070} = {09C58E7D-BC23-7F0A-E110-80F5E3C29070}
		{21A0E812-61DB-2020-5C4F-DED7CDD165BC} = {21A0E812-61DB-2020-5C4F-DED7CDD165BC}
		{9650A445-2E5F-F86B-7E0A-0C749E2E4245} = {9650A445-2E5F-F86B-7E0A-0C749E2E4245}
		{304AAE08-A8A3-0B8E-FD96-A5743A2D01B0} = {304AAE08-A8A3-0B8E-FD96-A5743A2D01B0}
		{193D8EAF-A6B2-1CE0-85DF-7BDB57424D71} = {193D8EAF-A6B2-1CE0-85DF-7BDB57424D71}
		{D081D166-40DF-EC56-1849-618FD1C22B7D} = {D081D166-40DF-EC56-1849-618FD1C22B7D}
		{708060CC-ABDB-376D-6C91-BF4EECE4AC6E} = {708060CC-ABDB-376D-6C91-BF4EECE4AC6E}
		{FDABA175-2BB5-A4F6-F5AA-4F4B92AD09A1} = {FDABA175-2BB5-A4F6-F5AA-4F4B92AD09A1}
	EndProjectSection
EndProject
Project("{8BC9CEB8-8B4A-11D0-8D11-00A0C91BC942}") = "kernel-installer", "kernel-installer.vcxproj", "{FCE465F9-45CB-74DA-11CE-E0043DED2E97}"
	ProjectSection(ProjectDependencies) = postProject
		{D081D166-40DF-EC56-1849-618FD1C22B7D} = {D081D166-40DF-EC56-1849-618FD1C22B7D}
		{708060CC-ABDB-376D-6C91-BF4EECE4AC6E} = {708060CC-ABDB-376D-6C91-BF4EECE4AC6E}
		{549962EE-0C49-0A6D-E25C-5E3C9BDF9602} = {549962EE-0C49-0A6D-E25C-5E3C9BDF9602}
	EndProjectSection
EndProject
Project("{8BC9CEB8-8B4A-11D0-8D11-00A0C91BC942}") = "libCore", "..\libcore\libCore.vcxproj", "{65F2AB5E-4205-92DF-AA79-1D86192BFF6E}"
EndProject
Project("{8BC9CEB8-8B4A-11D0-8D11-00A0C91BC942}") = "libFoundation", "..\libfoundation\libFoundation.vcxproj", "{38BC9C0B-94ED-C08B-7C09-AF2C7D9AA48F}"
	ProjectSection(ProjectDependencies) = postProject
		{528490FB-B5EB-3233-931A-19F59D26E060} = {528490FB-B5EB-3233-931A-19F59D26E060}
		{960620F4-6998-1232-32DA-C0BDB74D4FA1} = {960620F4-6998-1232-32DA-C0BDB74D4FA1}
		{D081D166-40DF-EC56-1849-618FD1C22B7D} = {D081D166-40DF-EC56-1849-618FD1C22B7D}
	EndProjectSection
EndProject
Project("{8BC9CEB8-8B4A-11D0-8D11-00A0C91BC942}") = "libGraphics", "..\libgraphics\libGraphics.vcxproj", "{EDCD4829-EA75-B60A-F579-222D2E383D00}"
	ProjectSection(ProjectDependencies) = postProject
		{304AAE08-A8A3-0B8E-FD96-A5743A2D01B0} = {304AAE08-A8A3-0B8E-FD96-A5743A2D01B0}
		{193D8EAF-A6B2-1CE0-85DF-7BDB57424D71} = {193D8EAF-A6B2-1CE0-85DF-7BDB57424D71}
		{9650A445-2E5F-F86B-7E0A-0C749E2E4245} = {9650A445-2E5F-F86B-7E0A-0C749E2E4245}
		{203DD968-8190-F1C4-A1CB-9AE1F68AA025} = {203DD968-8190-F1C4-A1CB-9AE1F68AA025}
	EndProjectSection
EndProject
Project("{8BC9CEB8-8B4A-11D0-8D11-00A0C91BC942}") = "libScript", "..\libscript\libScript.vcxproj", "{4043C774-6258-D41D-7F8D-DBC83FDBC0C5}"
	ProjectSection(ProjectDependencies) = postProject
		{BC988F66-4835-9DB9-16E8-CE5322ED309C} = {BC988F66-4835-9DB9-16E8-CE5322ED309C}
	EndProjectSection
EndProject
Project("{8BC9CEB8-8B4A-11D0-8D11-00A0C91BC942}") = "libbrowser", "..\libbrowser\libbrowser.vcxproj", "{1C6790C4-D026-3A36-83A4-F3643401EEA1}"
	ProjectSection(ProjectDependencies) = postProject
		{57CCE04B-50A0-E8F7-DDE2-49D173BF3729} = {57CCE04B-50A0-E8F7-DDE2-49D173BF3729}
		{0525BA25-863A-D337-9039-8F4A44C346C1} = {0525BA25-863A-D337-9039-8F4A44C346C1}
		{528490FB-B5EB-3233-931A-19F59D26E060} = {528490FB-B5EB-3233-931A-19F59D26E060}
	EndProjectSection
EndProject
Project("{8BC9CEB8-8B4A-11D0-8D11-00A0C91BC942}") = "libbrowser-cefprocess", "..\libbrowser\libbrowser-cefprocess.vcxproj", "{57CCE04B-50A0-E8F7-DDE2-49D173BF3729}"
	ProjectSection(ProjectDependencies) = postProject
		{65F2AB5E-4205-92DF-AA79-1D86192BFF6E} = {65F2AB5E-4205-92DF-AA79-1D86192BFF6E}
		{38BC9C0B-94ED-C08B-7C09-AF2C7D9AA48F} = {38BC9C0B-94ED-C08B-7C09-AF2C7D9AA48F}
		{FBDCFAA5-430C-C805-C30E-C60EADC911C3} = {FBDCFAA5-430C-C805-C30E-C60EADC911C3}
		{0525BA25-863A-D337-9039-8F4A44C346C1} = {0525BA25-863A-D337-9039-8F4A44C346C1}
		{528490FB-B5EB-3233-931A-19F59D26E060} = {528490FB-B5EB-3233-931A-19F59D26E060}
		{5C315192-7FF8-0AEE-363B-7EFFDF0C0041} = {5C315192-7FF8-0AEE-363B-7EFFDF0C0041}
		{E25E7AB9-1907-E62F-9762-6DD50962D245} = {E25E7AB9-1907-E62F-9762-6DD50962D245}
		{D9ECC785-7BCC-F7FF-3D2C-1E9061CD545B} = {D9ECC785-7BCC-F7FF-3D2C-1E9061CD545B}
		{5361DBFD-6025-7FD3-A88D-650AEA17AEB4} = {5361DBFD-6025-7FD3-A88D-650AEA17AEB4}
		{960620F4-6998-1232-32DA-C0BDB74D4FA1} = {960620F4-6998-1232-32DA-C0BDB74D4FA1}
		{C69B6196-9908-7A89-B078-D843DEC22100} = {C69B6196-9908-7A89-B078-D843DEC22100}
		{D081D166-40DF-EC56-1849-618FD1C22B7D} = {D081D166-40DF-EC56-1849-618FD1C22B7D}
		{A48D6F91-E9C9-C77C-76A2-4B1D0CF26694} = {A48D6F91-E9C9-C77C-76A2-4B1D0CF26694}
		{3ECCB38C-4BF9-2ADD-07F4-519BCDC0277D} = {3ECCB38C-4BF9-2ADD-07F4-519BCDC0277D}
	EndProjectSection
EndProject
Project("{8BC9CEB8-8B4A-11D0-8D11-00A0C91BC942}") = "libcef", "..\prebuilt\libcef.vcxproj", "{0525BA25-863A-D337-9039-8F4A44C346C1}"
	ProjectSection(ProjectDependencies) = postProject
		{5C315192-7FF8-0AEE-363B-7EFFDF0C0041} = {5C315192-7FF8-0AEE-363B-7EFFDF0C0041}
	EndProjectSection
EndProject
Project("{8BC9CEB8-8B4A-11D0-8D11-00A0C91BC942}") = "libcef_library_wrapper", "..\thirdparty\libcef\libcef_library_wrapper.vcxproj", "{FBDCFAA5-430C-C805-C30E-C60EADC911C3}"
EndProject
Project("{8BC9CEB8-8B4A-11D0-8D11-00A0C91BC942}") = "libcef_stubs", "..\thirdparty\libcef\libcef_stubs.vcxproj", "{4BF90F90-FCE1-3483-6D59-2798502DDBD1}"
EndProject
Project("{8BC9CEB8-8B4A-11D0-8D11-00A0C91BC942}") = "libcpptest", "..\libcpptest\libcpptest.vcxproj", "{B25D9E40-ACF9-F3F3-C560-878A8416F776}"
EndProject
Project("{8BC9CEB8-8B4A-11D0-8D11-00A0C91BC942}") = "libffi", "..\thirdparty\libffi\libffi.vcxproj", "{3ECCB38C-4BF9-2ADD-07F4-519BCDC0277D}"
EndProject
Project("{8BC9CEB8-8B4A-11D0-8D11-00A0C91BC942}") = "libicu", "..\prebuilt\libicu.vcxproj", "{528490FB-B5EB-3233-931A-19F59D26E060}"
	ProjectSection(ProjectDependencies) = postProject
		{5C315192-7FF8-0AEE-363B-7EFFDF0C0041} = {5C315192-7FF8-0AEE-363B-7EFFDF0C0041}
		{D9ECC785-7BCC-F7FF-3D2C-1E9061CD545B} = {D9ECC785-7BCC-F7FF-3D2C-1E9061CD545B}
		{5361DBFD-6025-7FD3-A88D-650AEA17AEB4} = {5361DBFD-6025-7FD3-A88D-650AEA17AEB4}
	EndProjectSection
EndProject
Project("{8BC9CEB8-8B4A-11D0-8D11-00A0C91BC942}") = "libicu_include", "..\prebuilt\libicu_include.vcxproj", "{D9ECC785-7BCC-F7FF-3D2C-1E9061CD545B}"
EndProject
Project("{8BC9CEB8-8B4A-11D0-8D11-00A0C91BC942}") = "libicu_link", "..\prebuilt\libicu_link.vcxproj", "{5361DBFD-6025-7FD3-A88D-650AEA17AEB4}"
EndProject
Project("{8BC9CEB8-8B4A-11D0-8D11-00A0C91BC942}") = "libopenssl_headers", "..\prebuilt\libopenssl_headers.vcxproj", "{09C58E7D-BC23-7F0A-E110-80F5E3C29070}"
	ProjectSection(ProjectDependencies) = postProject
		{5C315192-7FF8-0AEE-363B-7EFFDF0C0041} = {5C315192-7FF8-0AEE-363B-7EFFDF0C0041}
	EndProjectSection
EndProject
Project("{8BC9CEB8-8B4A-11D0-8D11-00A0C91BC942}") = "libopenssl_stubs", "..\thirdparty\libopenssl\libopenssl_stubs.vcxproj", "{1B33B6B5-A617-CD05-7434-2E50DEAD202C}"
	ProjectSection(ProjectDependencies) = postProject
		{09C58E7D-BC23-7F0A-E110-80F5E3C29070} = {09C58E7D-BC23-7F0A-E110-80F5E3C29070}
	EndProjectSection
EndProject
Project("{8BC9CEB8-8B4A-11D0-8D11-00A0C91BC942}") = "minimal_icu_data", "..\prebuilt\minimal_icu_data.vcxproj", "{C69B6196-9908-7A89-B078-D843DEC22100}"
	ProjectSection(ProjectDependencies) = postProject
		{5C315192-7FF8-0AEE-363B-7EFFDF0C0041} = {5C315192-7FF8-0AEE-363B-7EFFDF0C0041}
	EndProjectSection
EndProject
Project("{8BC9CEB8-8B4A-11D0-8D11-00A0C91BC942}") = "perfect", "..\util\perfect\perfect.vcxproj", "{549962EE-0C49-0A6D-E25C-5E3C9BDF9602}"
EndProject
Project("{8BC9CEB8-8B4A-11D0-8D11-00A0C91BC942}") = "quicktime_stubs", "quicktime_stubs.vcxproj", "{FDABA175-2BB5-A4F6-F5AA-4F4B92AD09A1}"
EndProject
Project("{8BC9CEB8-8B4A-11D0-8D11-00A0C91BC942}") = "run-test-kernel-installer", "run-test-kernel-installer.vcxproj", "{8D18F444-EB2E-8A72-1547-CF7BB1C96FA6}"
	ProjectSection(ProjectDependencies) = postProject
		{97D81868-5436-B614-8E1B-EA7787304C76} = {97D81868-5436-B614-8E1B-EA7787304C76}
	EndProjectSection
EndProject
Project("{8BC9CEB8-8B4A-11D0-8D11-00A0C91BC942}") = "security-community", "security-community.vcxproj", "{2F5BB0E1-EC3F-95BA-2E09-1FC25E2528DE}"
EndProject
Project("{8BC9CEB8-8B4A-11D0-8D11-00A0C91BC942}") = "stdscript", "..\libscript\stdscript.vcxproj", "{67AC3638-B90C-777B-9A8F-2A595075E86B}"
EndProject
Project("{8BC9CEB8-8B4A-11D0-8D11-00A0C91BC942}") = "test-kernel-installer", "test-kernel-installer.vcxproj", "{97D81868-5436-B614-8E1B-EA7787304C76}"
	ProjectSection(ProjectDependencies) = postProject
		{B25D9E40-ACF9-F3F3-C560-878A8416F776} = {B25D9E40-ACF9-F3F3-C560-878A8416F776}
		{FCE465F9-45CB-74DA-11CE-E0043DED2E97} = {FCE465F9-45CB-74DA-11CE-E0043DED2E97}
		{2F5BB0E1-EC3F-95BA-2E09-1FC25E2528DE} = {2F5BB0E1-EC3F-95BA-2E09-1FC25E2528DE}
		{38BC9C0B-94ED-C08B-7C09-AF2C7D9AA48F} = {38BC9C0B-94ED-C08B-7C09-AF2C7D9AA48F}
		{EDCD4829-EA75-B60A-F579-222D2E383D00} = {EDCD4829-EA75-B60A-F579-222D2E383D00}
		{E764A0FB-810E-CD6C-8BE2-F1676DEB299F} = {E764A0FB-810E-CD6C-8BE2-F1676DEB299F}
		{528490FB-B5EB-3233-931A-19F59D26E060} = {528490FB-B5EB-3233-931A-19F59D26E060}
		{5C315192-7FF8-0AEE-363B-7EFFDF0C0041} = {5C315192-7FF8-0AEE-363B-7EFFDF0C0041}
		{E25E7AB9-1907-E62F-9762-6DD50962D245} = {E25E7AB9-1907-E62F-9762-6DD50962D245}
		{D9ECC785-7BCC-F7FF-3D2C-1E9061CD545B} = {D9ECC785-7BCC-F7FF-3D2C-1E9061CD545B}
		{5361DBFD-6025-7FD3-A88D-650AEA17AEB4} = {5361DBFD-6025-7FD3-A88D-650AEA17AEB4}
		{960620F4-6998-1232-32DA-C0BDB74D4FA1} = {960620F4-6998-1232-32DA-C0BDB74D4FA1}
		{C69B6196-9908-7A89-B078-D843DEC22100} = {C69B6196-9908-7A89-B078-D843DEC22100}
		{D081D166-40DF-EC56-1849-618FD1C22B7D} = {D081D166-40DF-EC56-1849-618FD1C22B7D}
		{A48D6F91-E9C9-C77C-76A2-4B1D0CF26694} = {A48D6F91-E9C9-C77C-76A2-4B1D0CF26694}
		{3ECCB38C-4BF9-2ADD-07F4-519BCDC0277D} = {3ECCB38C-4BF9-2ADD-07F4-519BCDC0277D}
		{304AAE08-A8A3-0B8E-FD96-A5743A2D01B0} = {304AAE08-A8A3-0B8E-FD96-A5743A2D01B0}
		{193D8EAF-A6B2-1CE0-85DF-7BDB57424D71} = {193D8EAF-A6B2-1CE0-85DF-7BDB57424D71}
		{9650A445-2E5F-F86B-7E0A-0C749E2E4245} = {9650A445-2E5F-F86B-7E0A-0C749E2E4245}
		{203DD968-8190-F1C4-A1CB-9AE1F68AA025} = {203DD968-8190-F1C4-A1CB-9AE1F68AA025}
		{01F9F569-834D-B66A-06EA-FFA974DAF7E7} = {01F9F569-834D-B66A-06EA-FFA974DAF7E7}
		{0F77327D-9DDE-770A-8544-2E42F62005C3} = {0F77327D-9DDE-770A-8544-2E42F62005C3}
		{69B05299-7702-F0B9-6653-DB20C81EB6F4} = {69B05299-7702-F0B9-6653-DB20C81EB6F4}
		{4043C774-6258-D41D-7F8D-DBC83FDBC0C5} = {4043C774-6258-D41D-7F8D-DBC83FDBC0C5}
		{BC988F66-4835-9DB9-16E8-CE5322ED309C} = {BC988F66-4835-9DB9-16E8-CE5322ED309C}
		{67AC3638-B90C-777B-9A8F-2A595075E86B} = {67AC3638-B90C-777B-9A8F-2A595075E86B}
		{1C6790C4-D026-3A36-83A4-F3643401EEA1} = {1C6790C4-D026-3A36-83A4-F3643401EEA1}
		{0525BA25-863A-D337-9039-8F4A44C346C1} = {0525BA25-863A-D337-9039-8F4A44C346C1}
		{FBDCFAA5-430C-C805-C30E-C60EADC911C3} = {FBDCFAA5-430C-C805-C30E-C60EADC911C3}
		{4BF90F90-FCE1-3483-6D59-2798502DDBD1} = {4BF90F90-FCE1-3483-6D59-2798502DDBD1}
		{1B33B6B5-A617-CD05-7434-2E50DEAD202C} = {1B33B6B5-A617-CD05-7434-2E50DEAD202C}
		{09C58E7D-BC23-7F0A-E110-80F5E3C29070} = {09C58E7D-BC23-7F0A-E110-80F5E3C29070}
		{21A0E812-61DB-2020-5C4F-DED7CDD165BC} = {21A0E812-61DB-2020-5C4F-DED7CDD165BC}
		{708060CC-ABDB-376D-6C91-BF4EECE4AC6E} = {708060CC-ABDB-376D-6C91-BF4EECE4AC6E}
		{FDABA175-2BB5-A4F6-F5AA-4F4B92AD09A1} = {FDABA175-2BB5-A4F6-F5AA-4F4B92AD09A1}
	EndProjectSection
EndProject
Project("{8BC9CEB8-8B4A-11D0-8D11-00A0C91BC942}") = "thirdparty_prebuilt_dep", "..\prebuilt\thirdparty_prebuilt_dep.vcxproj", "{A48D6F91-E9C9-C77C-76A2-4B1D0CF26694}"
	ProjectSection(ProjectDependencies) = postProject
		{5C315192-7FF8-0AEE-363B-7EFFDF0C0041} = {5C315192-7FF8-0AEE-363B-7EFFDF0C0041}
	EndProjectSection
EndProject
Project("{8BC9CEB8-8B4A-11D0-8D11-00A0C91BC942}") = "thirdparty_prebuilt_expat", "..\prebuilt\thirdparty_prebuilt_expat.vcxproj", "{01F9F569-834D-B66A-06EA-FFA974DAF7E7}"
	ProjectSection(ProjectDependencies) = postProject
		{A48D6F91-E9C9-C77C-76A2-4B1D0CF26694} = {A48D6F91-E9C9-C77C-76A2-4B1D0CF26694}
	EndProjectSection
EndProject
Project("{8BC9CEB8-8B4A-11D0-8D11-00A0C91BC942}") = "thirdparty_prebuilt_ffi", "..\prebuilt\thirdparty_prebuilt_ffi.vcxproj", "{BC988F66-4835-9DB9-16E8-CE5322ED309C}"
	ProjectSection(ProjectDependencies) = postProject
		{A48D6F91-E9C9-C77C-76A2-4B1D0CF26694} = {A48D6F91-E9C9-C77C-76A2-4B1D0CF26694}
	EndProjectSection
EndProject
Project("{8BC9CEB8-8B4A-11D0-8D11-00A0C91BC942}") = "thirdparty_prebuilt_fontconfig", "..\prebuilt\thirdparty_prebuilt_fontconfig.vcxproj", "{69B05299-7702-F0B9-6653-DB20C81EB6F4}"
	ProjectSection(ProjectDependencies) = postProject
		{A48D6F91-E9C9-C77C-76A2-4B1D0CF26694} = {A48D6F91-E9C9-C77C-76A2-4B1D0CF26694}
	EndProjectSection
EndProject
Project("{8BC9CEB8-8B4A-11D0-8D11-00A0C91BC942}") = "thirdparty_prebuilt_freetype", "..\prebuilt\thirdparty_prebuilt_freetype.vcxproj", "{0F77327D-9DDE-770A-8544-2E42F62005C3}"
	ProjectSection(ProjectDependencies) = postProject
		{D081D166-40DF-EC56-1849-618FD1C22B7D} = {D081D166-40DF-EC56-1849-618FD1C22B7D}
	EndProjectSection
EndProject
Project("{8BC9CEB8-8B4A-11D0-8D11-00A0C91BC942}") = "thirdparty_prebuilt_gif", "..\prebuilt\thirdparty_prebuilt_gif.vcxproj", "{304AAE08-A8A3-0B8E-FD96-A5743A2D01B0}"
	ProjectSection(ProjectDependencies) = postProject
		{A48D6F91-E9C9-C77C-76A2-4B1D0CF26694} = {A48D6F91-E9C9-C77C-76A2-4B1D0CF26694}
	EndProjectSection
EndProject
Project("{8BC9CEB8-8B4A-11D0-8D11-00A0C91BC942}") = "thirdparty_prebuilt_jpeg", "..\prebuilt\thirdparty_prebuilt_jpeg.vcxproj", "{9650A445-2E5F-F86B-7E0A-0C749E2E4245}"
	ProjectSection(ProjectDependencies) = postProject
		{A48D6F91-E9C9-C77C-76A2-4B1D0CF26694} = {A48D6F91-E9C9-C77C-76A2-4B1D0CF26694}
	EndProjectSection
EndProject
Project("{8BC9CEB8-8B4A-11D0-8D11-00A0C91BC942}") = "thirdparty_prebuilt_pcre", "..\prebuilt\thirdparty_prebuilt_pcre.vcxproj", "{21A0E812-61DB-2020-5C4F-DED7CDD165BC}"
	ProjectSection(ProjectDependencies) = postProject
		{A48D6F91-E9C9-C77C-76A2-4B1D0CF26694} = {A48D6F91-E9C9-C77C-76A2-4B1D0CF26694}
	EndProjectSection
EndProject
Project("{8BC9CEB8-8B4A-11D0-8D11-00A0C91BC942}") = "thirdparty_prebuilt_png", "..\prebuilt\thirdparty_prebuilt_png.vcxproj", "{193D8EAF-A6B2-1CE0-85DF-7BDB57424D71}"
	ProjectSection(ProjectDependencies) = postProject
		{D081D166-40DF-EC56-1849-618FD1C22B7D} = {D081D166-40DF-EC56-1849-618FD1C22B7D}
	EndProjectSection
EndProject
Project("{8BC9CEB8-8B4A-11D0-8D11-00A0C91BC942}") = "thirdparty_prebuilt_skia", "..\prebuilt\thirdparty_prebuilt_skia.vcxproj", "{203DD968-8190-F1C4-A1CB-9AE1F68AA025}"
	ProjectSection(ProjectDependencies) = postProject
		{D081D166-40DF-EC56-1849-618FD1C22B7D} = {D081D166-40DF-EC56-1849-618FD1C22B7D}
		{304AAE08-A8A3-0B8E-FD96-A5743A2D01B0} = {304AAE08-A8A3-0B8E-FD96-A5743A2D01B0}
		{193D8EAF-A6B2-1CE0-85DF-7BDB57424D71} = {193D8EAF-A6B2-1CE0-85DF-7BDB57424D71}
		{9650A445-2E5F-F86B-7E0A-0C749E2E4245} = {9650A445-2E5F-F86B-7E0A-0C749E2E4245}
		{01F9F569-834D-B66A-06EA-FFA974DAF7E7} = {01F9F569-834D-B66A-06EA-FFA974DAF7E7}
		{0F77327D-9DDE-770A-8544-2E42F62005C3} = {0F77327D-9DDE-770A-8544-2E42F62005C3}
		{69B05299-7702-F0B9-6653-DB20C81EB6F4} = {69B05299-7702-F0B9-6653-DB20C81EB6F4}
	EndProjectSection
EndProject
Project("{8BC9CEB8-8B4A-11D0-8D11-00A0C91BC942}") = "thirdparty_prebuilt_z", "..\prebuilt\thirdparty_prebuilt_z.vcxproj", "{D081D166-40DF-EC56-1849-618FD1C22B7D}"
	ProjectSection(ProjectDependencies) = postProject
		{A48D6F91-E9C9-C77C-76A2-4B1D0CF26694} = {A48D6F91-E9C9-C77C-76A2-4B1D0CF26694}
	EndProjectSection
EndProject
Global
	GlobalSection(SolutionConfigurationPlatforms) = preSolution
		Release|Win32 = Release|Win32
		Fast|Win32 = Fast|Win32
		Debug|Win32 = Debug|Win32
		Default|Win32 = Default|Win32
	EndGlobalSection
	GlobalSection(ProjectConfigurationPlatforms) = postSolution
		{01F9F569-834D-B66A-06EA-FFA974DAF7E7}.Release|Win32.ActiveCfg = Release|Win32
		{01F9F569-834D-B66A-06EA-FFA974DAF7E7}.Release|Win32.Build.0 = Release|Win32
		{01F9F569-834D-B66A-06EA-FFA974DAF7E7}.Fast|Win32.ActiveCfg = Fast|Win32
		{01F9F569-834D-B66A-06EA-FFA974DAF7E7}.Fast|Win32.Build.0 = Fast|Win32
		{01F9F569-834D-B66A-06EA-FFA974DAF7E7}.Debug|Win32.ActiveCfg = Debug|Win32
		{01F9F569-834D-B66A-06EA-FFA974DAF7E7}.Debug|Win32.Build.0 = Debug|Win32
		{01F9F569-834D-B66A-06EA-FFA974DAF7E7}.Default|Win32.ActiveCfg = Default|Win32
		{01F9F569-834D-B66A-06EA-FFA974DAF7E7}.Default|Win32.Build.0 = Default|Win32
		{0525BA25-863A-D337-9039-8F4A44C346C1}.Release|Win32.ActiveCfg = Release|Win32
		{0525BA25-863A-D337-9039-8F4A44C346C1}.Release|Win32.Build.0 = Release|Win32
		{0525BA25-863A-D337-9039-8F4A44C346C1}.Fast|Win32.ActiveCfg = Fast|Win32
		{0525BA25-863A-D337-9039-8F4A44C346C1}.Fast|Win32.Build.0 = Fast|Win32
		{0525BA25-863A-D337-9039-8F4A44C346C1}.Debug|Win32.ActiveCfg = Debug|Win32
		{0525BA25-863A-D337-9039-8F4A44C346C1}.Debug|Win32.Build.0 = Debug|Win32
		{0525BA25-863A-D337-9039-8F4A44C346C1}.Default|Win32.ActiveCfg = Default|Win32
		{0525BA25-863A-D337-9039-8F4A44C346C1}.Default|Win32.Build.0 = Default|Win32
		{09C58E7D-BC23-7F0A-E110-80F5E3C29070}.Release|Win32.ActiveCfg = Release|Win32
		{09C58E7D-BC23-7F0A-E110-80F5E3C29070}.Release|Win32.Build.0 = Release|Win32
		{09C58E7D-BC23-7F0A-E110-80F5E3C29070}.Fast|Win32.ActiveCfg = Fast|Win32
		{09C58E7D-BC23-7F0A-E110-80F5E3C29070}.Fast|Win32.Build.0 = Fast|Win32
		{09C58E7D-BC23-7F0A-E110-80F5E3C29070}.Debug|Win32.ActiveCfg = Debug|Win32
		{09C58E7D-BC23-7F0A-E110-80F5E3C29070}.Debug|Win32.Build.0 = Debug|Win32
		{09C58E7D-BC23-7F0A-E110-80F5E3C29070}.Default|Win32.ActiveCfg = Default|Win32
		{09C58E7D-BC23-7F0A-E110-80F5E3C29070}.Default|Win32.Build.0 = Default|Win32
		{0F77327D-9DDE-770A-8544-2E42F62005C3}.Release|Win32.ActiveCfg = Release|Win32
		{0F77327D-9DDE-770A-8544-2E42F62005C3}.Release|Win32.Build.0 = Release|Win32
		{0F77327D-9DDE-770A-8544-2E42F62005C3}.Fast|Win32.ActiveCfg = Fast|Win32
		{0F77327D-9DDE-770A-8544-2E42F62005C3}.Fast|Win32.Build.0 = Fast|Win32
		{0F77327D-9DDE-770A-8544-2E42F62005C3}.Debug|Win32.ActiveCfg = Debug|Win32
		{0F77327D-9DDE-770A-8544-2E42F62005C3}.Debug|Win32.Build.0 = Debug|Win32
		{0F77327D-9DDE-770A-8544-2E42F62005C3}.Default|Win32.ActiveCfg = Default|Win32
		{0F77327D-9DDE-770A-8544-2E42F62005C3}.Default|Win32.Build.0 = Default|Win32
		{193D8EAF-A6B2-1CE0-85DF-7BDB57424D71}.Release|Win32.ActiveCfg = Release|Win32
		{193D8EAF-A6B2-1CE0-85DF-7BDB57424D71}.Release|Win32.Build.0 = Release|Win32
		{193D8EAF-A6B2-1CE0-85DF-7BDB57424D71}.Fast|Win32.ActiveCfg = Fast|Win32
		{193D8EAF-A6B2-1CE0-85DF-7BDB57424D71}.Fast|Win32.Build.0 = Fast|Win32
		{193D8EAF-A6B2-1CE0-85DF-7BDB57424D71}.Debug|Win32.ActiveCfg = Debug|Win32
		{193D8EAF-A6B2-1CE0-85DF-7BDB57424D71}.Debug|Win32.Build.0 = Debug|Win32
		{193D8EAF-A6B2-1CE0-85DF-7BDB57424D71}.Default|Win32.ActiveCfg = Default|Win32
		{193D8EAF-A6B2-1CE0-85DF-7BDB57424D71}.Default|Win32.Build.0 = Default|Win32
		{1B33B6B5-A617-CD05-7434-2E50DEAD202C}.Release|Win32.ActiveCfg = Release|Win32
		{1B33B6B5-A617-CD05-7434-2E50DEAD202C}.Release|Win32.Build.0 = Release|Win32
		{1B33B6B5-A617-CD05-7434-2E50DEAD202C}.Fast|Win32.ActiveCfg = Fast|Win32
		{1B33B6B5-A617-CD05-7434-2E50DEAD202C}.Fast|Win32.Build.0 = Fast|Win32
		{1B33B6B5-A617-CD05-7434-2E50DEAD202C}.Debug|Win32.ActiveCfg = Debug|Win32
		{1B33B6B5-A617-CD05-7434-2E50DEAD202C}.Debug|Win32.Build.0 = Debug|Win32
		{1B33B6B5-A617-CD05-7434-2E50DEAD202C}.Default|Win32.ActiveCfg = Default|Win32
		{1B33B6B5-A617-CD05-7434-2E50DEAD202C}.Default|Win32.Build.0 = Default|Win32
		{1C6790C4-D026-3A36-83A4-F3643401EEA1}.Release|Win32.ActiveCfg = Release|Win32
		{1C6790C4-D026-3A36-83A4-F3643401EEA1}.Release|Win32.Build.0 = Release|Win32
		{1C6790C4-D026-3A36-83A4-F3643401EEA1}.Fast|Win32.ActiveCfg = Fast|Win32
		{1C6790C4-D026-3A36-83A4-F3643401EEA1}.Fast|Win32.Build.0 = Fast|Win32
		{1C6790C4-D026-3A36-83A4-F3643401EEA1}.Debug|Win32.ActiveCfg = Debug|Win32
		{1C6790C4-D026-3A36-83A4-F3643401EEA1}.Debug|Win32.Build.0 = Debug|Win32
		{1C6790C4-D026-3A36-83A4-F3643401EEA1}.Default|Win32.ActiveCfg = Default|Win32
		{1C6790C4-D026-3A36-83A4-F3643401EEA1}.Default|Win32.Build.0 = Default|Win32
		{203DD968-8190-F1C4-A1CB-9AE1F68AA025}.Release|Win32.ActiveCfg = Release|Win32
		{203DD968-8190-F1C4-A1CB-9AE1F68AA025}.Release|Win32.Build.0 = Release|Win32
		{203DD968-8190-F1C4-A1CB-9AE1F68AA025}.Fast|Win32.ActiveCfg = Fast|Win32
		{203DD968-8190-F1C4-A1CB-9AE1F68AA025}.Fast|Win32.Build.0 = Fast|Win32
		{203DD968-8190-F1C4-A1CB-9AE1F68AA025}.Debug|Win32.ActiveCfg = Debug|Win32
		{203DD968-8190-F1C4-A1CB-9AE1F68AA025}.Debug|Win32.Build.0 = Debug|Win32
		{203DD968-8190-F1C4-A1CB-9AE1F68AA025}.Default|Win32.ActiveCfg = Default|Win32
		{203DD968-8190-F1C4-A1CB-9AE1F68AA025}.Default|Win32.Build.0 = Default|Win32
		{21A0E812-61DB-2020-5C4F-DED7CDD165BC}.Release|Win32.ActiveCfg = Release|Win32
		{21A0E812-61DB-2020-5C4F-DED7CDD165BC}.Release|Win32.Build.0 = Release|Win32
		{21A0E812-61DB-2020-5C4F-DED7CDD165BC}.Fast|Win32.ActiveCfg = Fast|Win32
		{21A0E812-61DB-2020-5C4F-DED7CDD165BC}.Fast|Win32.Build.0 = Fast|Win32
		{21A0E812-61DB-2020-5C4F-DED7CDD165BC}.Debug|Win32.ActiveCfg = Debug|Win32
		{21A0E812-61DB-2020-5C4F-DED7CDD165BC}.Debug|Win32.Build.0 = Debug|Win32
		{21A0E812-61DB-2020-5C4F-DED7CDD165BC}.Default|Win32.ActiveCfg = Default|Win32
		{21A0E812-61DB-2020-5C4F-DED7CDD165BC}.Default|Win32.Build.0 = Default|Win32
		{2F5BB0E1-EC3F-95BA-2E09-1FC25E2528DE}.Release|Win32.ActiveCfg = Release|Win32
		{2F5BB0E1-EC3F-95BA-2E09-1FC25E2528DE}.Release|Win32.Build.0 = Release|Win32
		{2F5BB0E1-EC3F-95BA-2E09-1FC25E2528DE}.Fast|Win32.ActiveCfg = Fast|Win32
		{2F5BB0E1-EC3F-95BA-2E09-1FC25E2528DE}.Fast|Win32.Build.0 = Fast|Win32
		{2F5BB0E1-EC3F-95BA-2E09-1FC25E2528DE}.Debug|Win32.ActiveCfg = Debug|Win32
		{2F5BB0E1-EC3F-95BA-2E09-1FC25E2528DE}.Debug|Win32.Build.0 = Debug|Win32
		{2F5BB0E1-EC3F-95BA-2E09-1FC25E2528DE}.Default|Win32.ActiveCfg = Default|Win32
		{2F5BB0E1-EC3F-95BA-2E09-1FC25E2528DE}.Default|Win32.Build.0 = Default|Win32
		{304AAE08-A8A3-0B8E-FD96-A5743A2D01B0}.Release|Win32.ActiveCfg = Release|Win32
		{304AAE08-A8A3-0B8E-FD96-A5743A2D01B0}.Release|Win32.Build.0 = Release|Win32
		{304AAE08-A8A3-0B8E-FD96-A5743A2D01B0}.Fast|Win32.ActiveCfg = Fast|Win32
		{304AAE08-A8A3-0B8E-FD96-A5743A2D01B0}.Fast|Win32.Build.0 = Fast|Win32
		{304AAE08-A8A3-0B8E-FD96-A5743A2D01B0}.Debug|Win32.ActiveCfg = Debug|Win32
		{304AAE08-A8A3-0B8E-FD96-A5743A2D01B0}.Debug|Win32.Build.0 = Debug|Win32
		{304AAE08-A8A3-0B8E-FD96-A5743A2D01B0}.Default|Win32.ActiveCfg = Default|Win32
		{304AAE08-A8A3-0B8E-FD96-A5743A2D01B0}.Default|Win32.Build.0 = Default|Win32
		{38BC9C0B-94ED-C08B-7C09-AF2C7D9AA48F}.Release|Win32.ActiveCfg = Release|Win32
		{38BC9C0B-94ED-C08B-7C09-AF2C7D9AA48F}.Release|Win32.Build.0 = Release|Win32
		{38BC9C0B-94ED-C08B-7C09-AF2C7D9AA48F}.Fast|Win32.ActiveCfg = Fast|Win32
		{38BC9C0B-94ED-C08B-7C09-AF2C7D9AA48F}.Fast|Win32.Build.0 = Fast|Win32
		{38BC9C0B-94ED-C08B-7C09-AF2C7D9AA48F}.Debug|Win32.ActiveCfg = Debug|Win32
		{38BC9C0B-94ED-C08B-7C09-AF2C7D9AA48F}.Debug|Win32.Build.0 = Debug|Win32
		{38BC9C0B-94ED-C08B-7C09-AF2C7D9AA48F}.Default|Win32.ActiveCfg = Default|Win32
		{38BC9C0B-94ED-C08B-7C09-AF2C7D9AA48F}.Default|Win32.Build.0 = Default|Win32
		{3ECCB38C-4BF9-2ADD-07F4-519BCDC0277D}.Release|Win32.ActiveCfg = Release|Win32
		{3ECCB38C-4BF9-2ADD-07F4-519BCDC0277D}.Release|Win32.Build.0 = Release|Win32
		{3ECCB38C-4BF9-2ADD-07F4-519BCDC0277D}.Fast|Win32.ActiveCfg = Fast|Win32
		{3ECCB38C-4BF9-2ADD-07F4-519BCDC0277D}.Fast|Win32.Build.0 = Fast|Win32
		{3ECCB38C-4BF9-2ADD-07F4-519BCDC0277D}.Debug|Win32.ActiveCfg = Debug|Win32
		{3ECCB38C-4BF9-2ADD-07F4-519BCDC0277D}.Debug|Win32.Build.0 = Debug|Win32
		{3ECCB38C-4BF9-2ADD-07F4-519BCDC0277D}.Default|Win32.ActiveCfg = Default|Win32
		{3ECCB38C-4BF9-2ADD-07F4-519BCDC0277D}.Default|Win32.Build.0 = Default|Win32
		{4043C774-6258-D41D-7F8D-DBC83FDBC0C5}.Release|Win32.ActiveCfg = Release|Win32
		{4043C774-6258-D41D-7F8D-DBC83FDBC0C5}.Release|Win32.Build.0 = Release|Win32
		{4043C774-6258-D41D-7F8D-DBC83FDBC0C5}.Fast|Win32.ActiveCfg = Fast|Win32
		{4043C774-6258-D41D-7F8D-DBC83FDBC0C5}.Fast|Win32.Build.0 = Fast|Win32
		{4043C774-6258-D41D-7F8D-DBC83FDBC0C5}.Debug|Win32.ActiveCfg = Debug|Win32
		{4043C774-6258-D41D-7F8D-DBC83FDBC0C5}.Debug|Win32.Build.0 = Debug|Win32
		{4043C774-6258-D41D-7F8D-DBC83FDBC0C5}.Default|Win32.ActiveCfg = Default|Win32
		{4043C774-6258-D41D-7F8D-DBC83FDBC0C5}.Default|Win32.Build.0 = Default|Win32
		{4BF90F90-FCE1-3483-6D59-2798502DDBD1}.Release|Win32.ActiveCfg = Release|Win32
		{4BF90F90-FCE1-3483-6D59-2798502DDBD1}.Release|Win32.Build.0 = Release|Win32
		{4BF90F90-FCE1-3483-6D59-2798502DDBD1}.Fast|Win32.ActiveCfg = Fast|Win32
		{4BF90F90-FCE1-3483-6D59-2798502DDBD1}.Fast|Win32.Build.0 = Fast|Win32
		{4BF90F90-FCE1-3483-6D59-2798502DDBD1}.Debug|Win32.ActiveCfg = Debug|Win32
		{4BF90F90-FCE1-3483-6D59-2798502DDBD1}.Debug|Win32.Build.0 = Debug|Win32
		{4BF90F90-FCE1-3483-6D59-2798502DDBD1}.Default|Win32.ActiveCfg = Default|Win32
		{4BF90F90-FCE1-3483-6D59-2798502DDBD1}.Default|Win32.Build.0 = Default|Win32
		{528490FB-B5EB-3233-931A-19F59D26E060}.Release|Win32.ActiveCfg = Release|Win32
		{528490FB-B5EB-3233-931A-19F59D26E060}.Release|Win32.Build.0 = Release|Win32
		{528490FB-B5EB-3233-931A-19F59D26E060}.Fast|Win32.ActiveCfg = Fast|Win32
		{528490FB-B5EB-3233-931A-19F59D26E060}.Fast|Win32.Build.0 = Fast|Win32
		{528490FB-B5EB-3233-931A-19F59D26E060}.Debug|Win32.ActiveCfg = Debug|Win32
		{528490FB-B5EB-3233-931A-19F59D26E060}.Debug|Win32.Build.0 = Debug|Win32
		{528490FB-B5EB-3233-931A-19F59D26E060}.Default|Win32.ActiveCfg = Default|Win32
		{528490FB-B5EB-3233-931A-19F59D26E060}.Default|Win32.Build.0 = Default|Win32
		{5361DBFD-6025-7FD3-A88D-650AEA17AEB4}.Release|Win32.ActiveCfg = Release|Win32
		{5361DBFD-6025-7FD3-A88D-650AEA17AEB4}.Release|Win32.Build.0 = Release|Win32
		{5361DBFD-6025-7FD3-A88D-650AEA17AEB4}.Fast|Win32.ActiveCfg = Fast|Win32
		{5361DBFD-6025-7FD3-A88D-650AEA17AEB4}.Fast|Win32.Build.0 = Fast|Win32
		{5361DBFD-6025-7FD3-A88D-650AEA17AEB4}.Debug|Win32.ActiveCfg = Debug|Win32
		{5361DBFD-6025-7FD3-A88D-650AEA17AEB4}.Debug|Win32.Build.0 = Debug|Win32
		{5361DBFD-6025-7FD3-A88D-650AEA17AEB4}.Default|Win32.ActiveCfg = Default|Win32
		{5361DBFD-6025-7FD3-A88D-650AEA17AEB4}.Default|Win32.Build.0 = Default|Win32
		{549962EE-0C49-0A6D-E25C-5E3C9BDF9602}.Release|Win32.ActiveCfg = Release|Win32
		{549962EE-0C49-0A6D-E25C-5E3C9BDF9602}.Release|Win32.Build.0 = Release|Win32
		{549962EE-0C49-0A6D-E25C-5E3C9BDF9602}.Fast|Win32.ActiveCfg = Fast|Win32
		{549962EE-0C49-0A6D-E25C-5E3C9BDF9602}.Fast|Win32.Build.0 = Fast|Win32
		{549962EE-0C49-0A6D-E25C-5E3C9BDF9602}.Debug|Win32.ActiveCfg = Debug|Win32
		{549962EE-0C49-0A6D-E25C-5E3C9BDF9602}.Debug|Win32.Build.0 = Debug|Win32
		{549962EE-0C49-0A6D-E25C-5E3C9BDF9602}.Default|Win32.ActiveCfg = Default|Win32
		{549962EE-0C49-0A6D-E25C-5E3C9BDF9602}.Default|Win32.Build.0 = Default|Win32
		{57CCE04B-50A0-E8F7-DDE2-49D173BF3729}.Release|Win32.ActiveCfg = Release|Win32
		{57CCE04B-50A0-E8F7-DDE2-49D173BF3729}.Release|Win32.Build.0 = Release|Win32
		{57CCE04B-50A0-E8F7-DDE2-49D173BF3729}.Fast|Win32.ActiveCfg = Fast|Win32
		{57CCE04B-50A0-E8F7-DDE2-49D173BF3729}.Fast|Win32.Build.0 = Fast|Win32
		{57CCE04B-50A0-E8F7-DDE2-49D173BF3729}.Debug|Win32.ActiveCfg = Debug|Win32
		{57CCE04B-50A0-E8F7-DDE2-49D173BF3729}.Debug|Win32.Build.0 = Debug|Win32
		{57CCE04B-50A0-E8F7-DDE2-49D173BF3729}.Default|Win32.ActiveCfg = Default|Win32
		{57CCE04B-50A0-E8F7-DDE2-49D173BF3729}.Default|Win32.Build.0 = Default|Win32
		{5C315192-7FF8-0AEE-363B-7EFFDF0C0041}.Release|Win32.ActiveCfg = Release|Win32
		{5C315192-7FF8-0AEE-363B-7EFFDF0C0041}.Release|Win32.Build.0 = Release|Win32
		{5C315192-7FF8-0AEE-363B-7EFFDF0C0041}.Fast|Win32.ActiveCfg = Fast|Win32
		{5C315192-7FF8-0AEE-363B-7EFFDF0C0041}.Fast|Win32.Build.0 = Fast|Win32
		{5C315192-7FF8-0AEE-363B-7EFFDF0C0041}.Debug|Win32.ActiveCfg = Debug|Win32
		{5C315192-7FF8-0AEE-363B-7EFFDF0C0041}.Debug|Win32.Build.0 = Debug|Win32
		{5C315192-7FF8-0AEE-363B-7EFFDF0C0041}.Default|Win32.ActiveCfg = Default|Win32
		{5C315192-7FF8-0AEE-363B-7EFFDF0C0041}.Default|Win32.Build.0 = Default|Win32
		{65F2AB5E-4205-92DF-AA79-1D86192BFF6E}.Release|Win32.ActiveCfg = Release|Win32
		{65F2AB5E-4205-92DF-AA79-1D86192BFF6E}.Release|Win32.Build.0 = Release|Win32
		{65F2AB5E-4205-92DF-AA79-1D86192BFF6E}.Fast|Win32.ActiveCfg = Fast|Win32
		{65F2AB5E-4205-92DF-AA79-1D86192BFF6E}.Fast|Win32.Build.0 = Fast|Win32
		{65F2AB5E-4205-92DF-AA79-1D86192BFF6E}.Debug|Win32.ActiveCfg = Debug|Win32
		{65F2AB5E-4205-92DF-AA79-1D86192BFF6E}.Debug|Win32.Build.0 = Debug|Win32
		{65F2AB5E-4205-92DF-AA79-1D86192BFF6E}.Default|Win32.ActiveCfg = Default|Win32
		{65F2AB5E-4205-92DF-AA79-1D86192BFF6E}.Default|Win32.Build.0 = Default|Win32
		{67AC3638-B90C-777B-9A8F-2A595075E86B}.Release|Win32.ActiveCfg = Release|Win32
		{67AC3638-B90C-777B-9A8F-2A595075E86B}.Release|Win32.Build.0 = Release|Win32
		{67AC3638-B90C-777B-9A8F-2A595075E86B}.Fast|Win32.ActiveCfg = Fast|Win32
		{67AC3638-B90C-777B-9A8F-2A595075E86B}.Fast|Win32.Build.0 = Fast|Win32
		{67AC3638-B90C-777B-9A8F-2A595075E86B}.Debug|Win32.ActiveCfg = Debug|Win32
		{67AC3638-B90C-777B-9A8F-2A595075E86B}.Debug|Win32.Build.0 = Debug|Win32
		{67AC3638-B90C-777B-9A8F-2A595075E86B}.Default|Win32.ActiveCfg = Default|Win32
		{67AC3638-B90C-777B-9A8F-2A595075E86B}.Default|Win32.Build.0 = Default|Win32
		{69B05299-7702-F0B9-6653-DB20C81EB6F4}.Release|Win32.ActiveCfg = Release|Win32
		{69B05299-7702-F0B9-6653-DB20C81EB6F4}.Release|Win32.Build.0 = Release|Win32
		{69B05299-7702-F0B9-6653-DB20C81EB6F4}.Fast|Win32.ActiveCfg = Fast|Win32
		{69B05299-7702-F0B9-6653-DB20C81EB6F4}.Fast|Win32.Build.0 = Fast|Win32
		{69B05299-7702-F0B9-6653-DB20C81EB6F4}.Debug|Win32.ActiveCfg = Debug|Win32
		{69B05299-7702-F0B9-6653-DB20C81EB6F4}.Debug|Win32.Build.0 = Debug|Win32
		{69B05299-7702-F0B9-6653-DB20C81EB6F4}.Default|Win32.ActiveCfg = Default|Win32
		{69B05299-7702-F0B9-6653-DB20C81EB6F4}.Default|Win32.Build.0 = Default|Win32
		{708060CC-ABDB-376D-6C91-BF4EECE4AC6E}.Release|Win32.ActiveCfg = Release|Win32
		{708060CC-ABDB-376D-6C91-BF4EECE4AC6E}.Release|Win32.Build.0 = Release|Win32
		{708060CC-ABDB-376D-6C91-BF4EECE4AC6E}.Fast|Win32.ActiveCfg = Fast|Win32
		{708060CC-ABDB-376D-6C91-BF4EECE4AC6E}.Fast|Win32.Build.0 = Fast|Win32
		{708060CC-ABDB-376D-6C91-BF4EECE4AC6E}.Debug|Win32.ActiveCfg = Debug|Win32
		{708060CC-ABDB-376D-6C91-BF4EECE4AC6E}.Debug|Win32.Build.0 = Debug|Win32
		{708060CC-ABDB-376D-6C91-BF4EECE4AC6E}.Default|Win32.ActiveCfg = Default|Win32
		{708060CC-ABDB-376D-6C91-BF4EECE4AC6E}.Default|Win32.Build.0 = Default|Win32
		{8D18F444-EB2E-8A72-1547-CF7BB1C96FA6}.Release|Win32.ActiveCfg = Release|Win32
		{8D18F444-EB2E-8A72-1547-CF7BB1C96FA6}.Release|Win32.Build.0 = Release|Win32
		{8D18F444-EB2E-8A72-1547-CF7BB1C96FA6}.Fast|Win32.ActiveCfg = Fast|Win32
		{8D18F444-EB2E-8A72-1547-CF7BB1C96FA6}.Fast|Win32.Build.0 = Fast|Win32
		{8D18F444-EB2E-8A72-1547-CF7BB1C96FA6}.Debug|Win32.ActiveCfg = Debug|Win32
		{8D18F444-EB2E-8A72-1547-CF7BB1C96FA6}.Debug|Win32.Build.0 = Debug|Win32
		{8D18F444-EB2E-8A72-1547-CF7BB1C96FA6}.Default|Win32.ActiveCfg = Default|Win32
		{8D18F444-EB2E-8A72-1547-CF7BB1C96FA6}.Default|Win32.Build.0 = Default|Win32
		{960620F4-6998-1232-32DA-C0BDB74D4FA1}.Release|Win32.ActiveCfg = Release|Win32
		{960620F4-6998-1232-32DA-C0BDB74D4FA1}.Release|Win32.Build.0 = Release|Win32
		{960620F4-6998-1232-32DA-C0BDB74D4FA1}.Fast|Win32.ActiveCfg = Fast|Win32
		{960620F4-6998-1232-32DA-C0BDB74D4FA1}.Fast|Win32.Build.0 = Fast|Win32
		{960620F4-6998-1232-32DA-C0BDB74D4FA1}.Debug|Win32.ActiveCfg = Debug|Win32
		{960620F4-6998-1232-32DA-C0BDB74D4FA1}.Debug|Win32.Build.0 = Debug|Win32
		{960620F4-6998-1232-32DA-C0BDB74D4FA1}.Default|Win32.ActiveCfg = Default|Win32
		{960620F4-6998-1232-32DA-C0BDB74D4FA1}.Default|Win32.Build.0 = Default|Win32
		{9650A445-2E5F-F86B-7E0A-0C749E2E4245}.Release|Win32.ActiveCfg = Release|Win32
		{9650A445-2E5F-F86B-7E0A-0C749E2E4245}.Release|Win32.Build.0 = Release|Win32
		{9650A445-2E5F-F86B-7E0A-0C749E2E4245}.Fast|Win32.ActiveCfg = Fast|Win32
		{9650A445-2E5F-F86B-7E0A-0C749E2E4245}.Fast|Win32.Build.0 = Fast|Win32
		{9650A445-2E5F-F86B-7E0A-0C749E2E4245}.Debug|Win32.ActiveCfg = Debug|Win32
		{9650A445-2E5F-F86B-7E0A-0C749E2E4245}.Debug|Win32.Build.0 = Debug|Win32
		{9650A445-2E5F-F86B-7E0A-0C749E2E4245}.Default|Win32.ActiveCfg = Default|Win32
		{9650A445-2E5F-F86B-7E0A-0C749E2E4245}.Default|Win32.Build.0 = Default|Win32
		{97D81868-5436-B614-8E1B-EA7787304C76}.Release|Win32.ActiveCfg = Release|Win32
		{97D81868-5436-B614-8E1B-EA7787304C76}.Release|Win32.Build.0 = Release|Win32
		{97D81868-5436-B614-8E1B-EA7787304C76}.Fast|Win32.ActiveCfg = Fast|Win32
		{97D81868-5436-B614-8E1B-EA7787304C76}.Fast|Win32.Build.0 = Fast|Win32
		{97D81868-5436-B614-8E1B-EA7787304C76}.Debug|Win32.ActiveCfg = Debug|Win32
		{97D81868-5436-B614-8E1B-EA7787304C76}.Debug|Win32.Build.0 = Debug|Win32
		{97D81868-5436-B614-8E1B-EA7787304C76}.Default|Win32.ActiveCfg = Default|Win32
		{97D81868-5436-B614-8E1B-EA7787304C76}.Default|Win32.Build.0 = Default|Win32
		{A48D6F91-E9C9-C77C-76A2-4B1D0CF26694}.Release|Win32.ActiveCfg = Release|Win32
		{A48D6F91-E9C9-C77C-76A2-4B1D0CF26694}.Release|Win32.Build.0 = Release|Win32
		{A48D6F91-E9C9-C77C-76A2-4B1D0CF26694}.Fast|Win32.ActiveCfg = Fast|Win32
		{A48D6F91-E9C9-C77C-76A2-4B1D0CF26694}.Fast|Win32.Build.0 = Fast|Win32
		{A48D6F91-E9C9-C77C-76A2-4B1D0CF26694}.Debug|Win32.ActiveCfg = Debug|Win32
		{A48D6F91-E9C9-C77C-76A2-4B1D0CF26694}.Debug|Win32.Build.0 = Debug|Win32
		{A48D6F91-E9C9-C77C-76A2-4B1D0CF26694}.Default|Win32.ActiveCfg = Default|Win32
		{A48D6F91-E9C9-C77C-76A2-4B1D0CF26694}.Default|Win32.Build.0 = Default|Win32
		{B25D9E40-ACF9-F3F3-C560-878A8416F776}.Release|Win32.ActiveCfg = Release|Win32
		{B25D9E40-ACF9-F3F3-C560-878A8416F776}.Release|Win32.Build.0 = Release|Win32
		{B25D9E40-ACF9-F3F3-C560-878A8416F776}.Fast|Win32.ActiveCfg = Fast|Win32
		{B25D9E40-ACF9-F3F3-C560-878A8416F776}.Fast|Win32.Build.0 = Fast|Win32
		{B25D9E40-ACF9-F3F3-C560-878A8416F776}.Debug|Win32.ActiveCfg = Debug|Win32
		{B25D9E40-ACF9-F3F3-C560-878A8416F776}.Debug|Win32.Build.0 = Debug|Win32
		{B25D9E40-ACF9-F3F3-C560-878A8416F776}.Default|Win32.ActiveCfg = Default|Win32
		{B25D9E40-ACF9-F3F3-C560-878A8416F776}.Default|Win32.Build.0 = Default|Win32
		{BC988F66-4835-9DB9-16E8-CE5322ED309C}.Release|Win32.ActiveCfg = Release|Win32
		{BC988F66-4835-9DB9-16E8-CE5322ED309C}.Release|Win32.Build.0 = Release|Win32
		{BC988F66-4835-9DB9-16E8-CE5322ED309C}.Fast|Win32.ActiveCfg = Fast|Win32
		{BC988F66-4835-9DB9-16E8-CE5322ED309C}.Fast|Win32.Build.0 = Fast|Win32
		{BC988F66-4835-9DB9-16E8-CE5322ED309C}.Debug|Win32.ActiveCfg = Debug|Win32
		{BC988F66-4835-9DB9-16E8-CE5322ED309C}.Debug|Win32.Build.0 = Debug|Win32
		{BC988F66-4835-9DB9-16E8-CE5322ED309C}.Default|Win32.ActiveCfg = Default|Win32
		{BC988F66-4835-9DB9-16E8-CE5322ED309C}.Default|Win32.Build.0 = Default|Win32
		{C69B6196-9908-7A89-B078-D843DEC22100}.Release|Win32.ActiveCfg = Release|Win32
		{C69B6196-9908-7A89-B078-D843DEC22100}.Release|Win32.Build.0 = Release|Win32
		{C69B6196-9908-7A89-B078-D843DEC22100}.Fast|Win32.ActiveCfg = Fast|Win32
		{C69B6196-9908-7A89-B078-D843DEC22100}.Fast|Win32.Build.0 = Fast|Win32
		{C69B6196-9908-7A89-B078-D843DEC22100}.Debug|Win32.ActiveCfg = Debug|Win32
		{C69B6196-9908-7A89-B078-D843DEC22100}.Debug|Win32.Build.0 = Debug|Win32
		{C69B6196-9908-7A89-B078-D843DEC22100}.Default|Win32.ActiveCfg = Default|Win32
		{C69B6196-9908-7A89-B078-D843DEC22100}.Default|Win32.Build.0 = Default|Win32
		{D081D166-40DF-EC56-1849-618FD1C22B7D}.Release|Win32.ActiveCfg = Release|Win32
		{D081D166-40DF-EC56-1849-618FD1C22B7D}.Release|Win32.Build.0 = Release|Win32
		{D081D166-40DF-EC56-1849-618FD1C22B7D}.Fast|Win32.ActiveCfg = Fast|Win32
		{D081D166-40DF-EC56-1849-618FD1C22B7D}.Fast|Win32.Build.0 = Fast|Win32
		{D081D166-40DF-EC56-1849-618FD1C22B7D}.Debug|Win32.ActiveCfg = Debug|Win32
		{D081D166-40DF-EC56-1849-618FD1C22B7D}.Debug|Win32.Build.0 = Debug|Win32
		{D081D166-40DF-EC56-1849-618FD1C22B7D}.Default|Win32.ActiveCfg = Default|Win32
		{D081D166-40DF-EC56-1849-618FD1C22B7D}.Default|Win32.Build.0 = Default|Win32
		{D9ECC785-7BCC-F7FF-3D2C-1E9061CD545B}.Release|Win32.ActiveCfg = Release|Win32
		{D9ECC785-7BCC-F7FF-3D2C-1E9061CD545B}.Release|Win32.Build.0 = Release|Win32
		{D9ECC785-7BCC-F7FF-3D2C-1E9061CD545B}.Fast|Win32.ActiveCfg = Fast|Win32
		{D9ECC785-7BCC-F7FF-3D2C-1E9061CD545B}.Fast|Win32.Build.0 = Fast|Win32
		{D9ECC785-7BCC-F7FF-3D2C-1E9061CD545B}.Debug|Win32.ActiveCfg = Debug|Win32
		{D9ECC785-7BCC-F7FF-3D2C-1E9061CD545B}.Debug|Win32.Build.0 = Debug|Win32
		{D9ECC785-7BCC-F7FF-3D2C-1E9061CD545B}.Default|Win32.ActiveCfg = Default|Win32
		{D9ECC785-7BCC-F7FF-3D2C-1E9061CD545B}.Default|Win32.Build.0 = Default|Win32
		{E25E7AB9-1907-E62F-9762-6DD50962D245}.Release|Win32.ActiveCfg = Release|Win32
		{E25E7AB9-1907-E62F-9762-6DD50962D245}.Release|Win32.Build.0 = Release|Win32
		{E25E7AB9-1907-E62F-9762-6DD50962D245}.Fast|Win32.ActiveCfg = Fast|Win32
		{E25E7AB9-1907-E62F-9762-6DD50962D245}.Fast|Win32.Build.0 = Fast|Win32
		{E25E7AB9-1907-E62F-9762-6DD50962D245}.Debug|Win32.ActiveCfg = Debug|Win32
		{E25E7AB9-1907-E62F-9762-6DD50962D245}.Debug|Win32.Build.0 = Debug|Win32
		{E25E7AB9-1907-E62F-9762-6DD50962D245}.Default|Win32.ActiveCfg = Default|Win32
		{E25E7AB9-1907-E62F-9762-6DD50962D245}.Default|Win32.Build.0 = Default|Win32
		{E764A0FB-810E-CD6C-8BE2-F1676DEB299F}.Release|Win32.ActiveCfg = Release|Win32
		{E764A0FB-810E-CD6C-8BE2-F1676DEB299F}.Release|Win32.Build.0 = Release|Win32
		{E764A0FB-810E-CD6C-8BE2-F1676DEB299F}.Fast|Win32.ActiveCfg = Fast|Win32
		{E764A0FB-810E-CD6C-8BE2-F1676DEB299F}.Fast|Win32.Build.0 = Fast|Win32
		{E764A0FB-810E-CD6C-8BE2-F1676DEB299F}.Debug|Win32.ActiveCfg = Debug|Win32
		{E764A0FB-810E-CD6C-8BE2-F1676DEB299F}.Debug|Win32.Build.0 = Debug|Win32
		{E764A0FB-810E-CD6C-8BE2-F1676DEB299F}.Default|Win32.ActiveCfg = Default|Win32
		{E764A0FB-810E-CD6C-8BE2-F1676DEB299F}.Default|Win32.Build.0 = Default|Win32
		{EDCD4829-EA75-B60A-F579-222D2E383D00}.Release|Win32.ActiveCfg = Release|Win32
		{EDCD4829-EA75-B60A-F579-222D2E383D00}.Release|Win32.Build.0 = Release|Win32
		{EDCD4829-EA75-B60A-F579-222D2E383D00}.Fast|Win32.ActiveCfg = Fast|Win32
		{EDCD4829-EA75-B60A-F579-222D2E383D00}.Fast|Win32.Build.0 = Fast|Win32
		{EDCD4829-EA75-B60A-F579-222D2E383D00}.Debug|Win32.ActiveCfg = Debug|Win32
		{EDCD4829-EA75-B60A-F579-222D2E383D00}.Debug|Win32.Build.0 = Debug|Win32
		{EDCD4829-EA75-B60A-F579-222D2E383D00}.Default|Win32.ActiveCfg = Default|Win32
		{EDCD4829-EA75-B60A-F579-222D2E383D00}.Default|Win32.Build.0 = Default|Win32
		{FBDCFAA5-430C-C805-C30E-C60EADC911C3}.Release|Win32.ActiveCfg = Release|Win32
		{FBDCFAA5-430C-C805-C30E-C60EADC911C3}.Release|Win32.Build.0 = Release|Win32
		{FBDCFAA5-430C-C805-C30E-C60EADC911C3}.Fast|Win32.ActiveCfg = Fast|Win32
		{FBDCFAA5-430C-C805-C30E-C60EADC911C3}.Fast|Win32.Build.0 = Fast|Win32
		{FBDCFAA5-430C-C805-C30E-C60EADC911C3}.Debug|Win32.ActiveCfg = Debug|Win32
		{FBDCFAA5-430C-C805-C30E-C60EADC911C3}.Debug|Win32.Build.0 = Debug|Win32
		{FBDCFAA5-430C-C805-C30E-C60EADC911C3}.Default|Win32.ActiveCfg = Default|Win32
		{FBDCFAA5-430C-C805-C30E-C60EADC911C3}.Default|Win32.Build.0 = Default|Win32
		{FCE465F9-45CB-74DA-11CE-E0043DED2E97}.Release|Win32.ActiveCfg = Release|Win32
		{FCE465F9-45CB-74DA-11CE-E0043DED2E97}.Release|Win32.Build.0 = Release|Win32
		{FCE465F9-45CB-74DA-11CE-E0043DED2E97}.Fast|Win32.ActiveCfg = Fast|Win32
		{FCE465F9-45CB-74DA-11CE-E0043DED2E97}.Fast|Win32.Build.0 = Fast|Win32
		{FCE465F9-45CB-74DA-11CE-E0043DED2E97}.Debug|Win32.ActiveCfg = Debug|Win32
		{FCE465F9-45CB-74DA-11CE-E0043DED2E97}.Debug|Win32.Build.0 = Debug|Win32
		{FCE465F9-45CB-74DA-11CE-E0043DED2E97}.Default|Win32.ActiveCfg = Default|Win32
		{FCE465F9-45CB-74DA-11CE-E0043DED2E97}.Default|Win32.Build.0 = Default|Win32
		{FDABA175-2BB5-A4F6-F5AA-4F4B92AD09A1}.Release|Win32.ActiveCfg = Release|Win32
		{FDABA175-2BB5-A4F6-F5AA-4F4B92AD09A1}.Release|Win32.Build.0 = Release|Win32
		{FDABA175-2BB5-A4F6-F5AA-4F4B92AD09A1}.Fast|Win32.ActiveCfg = Fast|Win32
		{FDABA175-2BB5-A4F6-F5AA-4F4B92AD09A1}.Fast|Win32.Build.0 = Fast|Win32
		{FDABA175-2BB5-A4F6-F5AA-4F4B92AD09A1}.Debug|Win32.ActiveCfg = Debug|Win32
		{FDABA175-2BB5-A4F6-F5AA-4F4B92AD09A1}.Debug|Win32.Build.0 = Debug|Win32
		{FDABA175-2BB5-A4F6-F5AA-4F4B92AD09A1}.Default|Win32.ActiveCfg = Default|Win32
		{FDABA175-2BB5-A4F6-F5AA-4F4B92AD09A1}.Default|Win32.Build.0 = Default|Win32
	EndGlobalSection
	GlobalSection(SolutionProperties) = preSolution
		HideSolutionNode = FALSE
	EndGlobalSection
	GlobalSection(NestedProjects) = preSolution
		{708060CC-ABDB-376D-6C91-BF4EECE4AC6E} = {D2855B64-4B2A-BA1A-0704-FC2B2B766CFC}
		{E764A0FB-810E-CD6C-8BE2-F1676DEB299F} = {D2855B64-4B2A-BA1A-0704-FC2B2B766CFC}
		{FCE465F9-45CB-74DA-11CE-E0043DED2E97} = {D2855B64-4B2A-BA1A-0704-FC2B2B766CFC}
		{FDABA175-2BB5-A4F6-F5AA-4F4B92AD09A1} = {D2855B64-4B2A-BA1A-0704-FC2B2B766CFC}
		{8D18F444-EB2E-8A72-1547-CF7BB1C96FA6} = {D2855B64-4B2A-BA1A-0704-FC2B2B766CFC}
		{2F5BB0E1-EC3F-95BA-2E09-1FC25E2528DE} = {D2855B64-4B2A-BA1A-0704-FC2B2B766CFC}
		{97D81868-5436-B614-8E1B-EA7787304C76} = {D2855B64-4B2A-BA1A-0704-FC2B2B766CFC}
		{1C6790C4-D026-3A36-83A4-F3643401EEA1} = {3A2086AF-2E21-B3D5-BD06-5FAAE72221C1}
		{57CCE04B-50A0-E8F7-DDE2-49D173BF3729} = {3A2086AF-2E21-B3D5-BD06-5FAAE72221C1}
		{65F2AB5E-4205-92DF-AA79-1D86192BFF6E} = {FC90F3B1-9AB0-E32E-95CA-952C1056B9CE}
		{38BC9C0B-94ED-C08B-7C09-AF2C7D9AA48F} = {B9D1DE28-FEE6-DF34-B9A3-D911BBD6E754}
		{EDCD4829-EA75-B60A-F579-222D2E383D00} = {7E15B3F3-A511-8BED-1AD2-119F3F0B2876}
		{4043C774-6258-D41D-7F8D-DBC83FDBC0C5} = {31F70EB1-D585-4DBC-5DED-E3F9574DB134}
		{67AC3638-B90C-777B-9A8F-2A595075E86B} = {31F70EB1-D585-4DBC-5DED-E3F9574DB134}
		{960620F4-6998-1232-32DA-C0BDB74D4FA1} = {1150A3A4-5B60-CCB2-60F1-523EA1996999}
		{5C315192-7FF8-0AEE-363B-7EFFDF0C0041} = {1150A3A4-5B60-CCB2-60F1-523EA1996999}
		{E25E7AB9-1907-E62F-9762-6DD50962D245} = {1150A3A4-5B60-CCB2-60F1-523EA1996999}
		{0525BA25-863A-D337-9039-8F4A44C346C1} = {1150A3A4-5B60-CCB2-60F1-523EA1996999}
		{528490FB-B5EB-3233-931A-19F59D26E060} = {1150A3A4-5B60-CCB2-60F1-523EA1996999}
		{D9ECC785-7BCC-F7FF-3D2C-1E9061CD545B} = {1150A3A4-5B60-CCB2-60F1-523EA1996999}
		{5361DBFD-6025-7FD3-A88D-650AEA17AEB4} = {1150A3A4-5B60-CCB2-60F1-523EA1996999}
		{09C58E7D-BC23-7F0A-E110-80F5E3C29070} = {1150A3A4-5B60-CCB2-60F1-523EA1996999}
		{C69B6196-9908-7A89-B078-D843DEC22100} = {1150A3A4-5B60-CCB2-60F1-523EA1996999}
		{A48D6F91-E9C9-C77C-76A2-4B1D0CF26694} = {1150A3A4-5B60-CCB2-60F1-523EA1996999}
		{01F9F569-834D-B66A-06EA-FFA974DAF7E7} = {1150A3A4-5B60-CCB2-60F1-523EA1996999}
		{BC988F66-4835-9DB9-16E8-CE5322ED309C} = {1150A3A4-5B60-CCB2-60F1-523EA1996999}
		{69B05299-7702-F0B9-6653-DB20C81EB6F4} = {1150A3A4-5B60-CCB2-60F1-523EA1996999}
		{0F77327D-9DDE-770A-8544-2E42F62005C3} = {1150A3A4-5B60-CCB2-60F1-523EA1996999}
		{304AAE08-A8A3-0B8E-FD96-A5743A2D01B0} = {1150A3A4-5B60-CCB2-60F1-523EA1996999}
		{9650A445-2E5F-F86B-7E0A-0C749E2E4245} = {1150A3A4-5B60-CCB2-60F1-523EA1996999}
		{21A0E812-61DB-2020-5C4F-DED7CDD165BC} = {1150A3A4-5B60-CCB2-60F1-523EA1996999}
		{193D8EAF-A6B2-1CE0-85DF-7BDB57424D71} = {1150A3A4-5B60-CCB2-60F1-523EA1996999}
		{203DD968-8190-F1C4-A1CB-9AE1F68AA025} = {1150A3A4-5B60-CCB2-60F1-523EA1996999}
		{D081D166-40DF-EC56-1849-618FD1C22B7D} = {1150A3A4-5B60-CCB2-60F1-523EA1996999}
		{7663544A-89DB-46E2-E10D-973B897CB9E2} = {B3615F7D-B7B6-9765-40FD-DAA0EB7B9C12}
		{4555901A-72FE-12F6-463B-EFEA6D63DEA2} = {B3615F7D-B7B6-9765-40FD-DAA0EB7B9C12}
		{3ECCB38C-4BF9-2ADD-07F4-519BCDC0277D} = {B3615F7D-B7B6-9765-40FD-DAA0EB7B9C12}
		{FBDCFAA5-430C-C805-C30E-C60EADC911C3} = {7663544A-89DB-46E2-E10D-973B897CB9E2}
		{4BF90F90-FCE1-3483-6D59-2798502DDBD1} = {7663544A-89DB-46E2-E10D-973B897CB9E2}
		{1B33B6B5-A617-CD05-7434-2E50DEAD202C} = {4555901A-72FE-12F6-463B-EFEA6D63DEA2}
		{549962EE-0C49-0A6D-E25C-5E3C9BDF9602} = {593E5771-A9CE-7BB4-6B2B-2AE6F616D6F6}
	EndGlobalSection
EndGlobal
