Microsoft Visual Studio Solution File, Format Version 17.00
# Visual Studio 2022
Project("{8BC9CEB8-8B4A-11D0-8D11-00A0C91BC942}") = "libCore", "libCore.vcxproj", "{65F2AB5E-4205-92DF-AA79-1D86192BFF6E}"
EndProject
Global
	GlobalSection(SolutionConfigurationPlatforms) = preSolution
		Release|Win32 = Release|Win32
		Fast|Win32 = Fast|Win32
		Debug|Win32 = Debug|Win32
		Default|Win32 = Default|Win32
	EndGlobalSection
	GlobalSection(ProjectConfigurationPlatforms) = postSolution
		{65F2AB5E-4205-92DF-AA79-1D86192BFF6E}.Release|Win32.ActiveCfg = Release|Win32
		{65F2AB5E-4205-92DF-AA79-1D86192BFF6E}.Release|Win32.Build.0 = Release|Win32
		{65F2AB5E-4205-92DF-AA79-1D86192BFF6E}.Fast|Win32.ActiveCfg = Fast|Win32
		{65F2AB5E-4205-92DF-AA79-1D86192BFF6E}.Fast|Win32.Build.0 = Fast|Win32
		{65F2AB5E-4205-92DF-AA79-1D86192BFF6E}.Debug|Win32.ActiveCfg = Debug|Win32
		{65F2AB5E-4205-92DF-AA79-1D86192BFF6E}.Debug|Win32.Build.0 = Debug|Win32
		{65F2AB5E-4205-92DF-AA79-1D86192BFF6E}.Default|Win32.ActiveCfg = Default|Win32
		{65F2AB5E-4205-92DF-AA79-1D86192BFF6E}.Default|Win32.Build.0 = Default|Win32
	EndGlobalSection
	GlobalSection(SolutionProperties) = preSolution
		HideSolutionNode = FALSE
	EndGlobalSection
EndGlobal
