Microsoft Visual Studio Solution File, Format Version 17.00
# Visual Studio 2022
Project("{2150E333-8FDC-42A3-9474-1A3956D46DE8}") = "(libfoundation)", "..\..\..\..\..\libfoundation", "{B9D1DE28-FEE6-DF34-B9A3-D911BBD6E754}"
EndProject
Project("{2150E333-8FDC-42A3-9474-1A3956D46DE8}") = "(libscript)", "..\..\..\..\..\libscript", "{31F70EB1-D585-4DBC-5DED-E3F9574DB134}"
EndProject
Project("{2150E333-8FDC-42A3-9474-1A3956D46DE8}") = "(prebuilt)", "..\..\..\..\..\prebuilt", "{1150A3A4-5B60-CCB2-60F1-523EA1996999}"
EndProject
Project("{2150E333-8FDC-42A3-9474-1A3956D46DE8}") = "(thirdparty)", "..\..\..\..\..\thirdparty", "{B3615F7D-B7B6-9765-40FD-DAA0EB7B9C12}"
EndProject
Project("{2150E333-8FDC-42A3-9474-1A3956D46DE8}") = "(toolchain)", "..\..\..\..\..\toolchain", "{82DA7B46-9932-E068-4B50-9C2E3F3ECD72}"
EndProject
Project("{2150E333-8FDC-42A3-9474-1A3956D46DE8}") = "(toolchain/gentle)", "..\..\..\..\..\toolchain\gentle", "{6619F07F-5514-66E4-6E25-946F0E3B01EB}"
EndProject
Project("{2150E333-8FDC-42A3-9474-1A3956D46DE8}") = "(toolchain/gentle/gentle)", "..\..\..\..\..\toolchain\gentle\gentle", "{8E012229-E8B4-6A04-8B63-F61B998857F6}"
EndProject
Project("{2150E333-8FDC-42A3-9474-1A3956D46DE8}") = "(toolchain/lc-compile-ffi-java)", "..\..\..\..\..\toolchain\lc-compile-ffi-java", "{7F5D1C80-F18E-9A99-DF98-3051E7C3DD14}"
EndProject
Project("{2150E333-8FDC-42A3-9474-1A3956D46DE8}") = "(toolchain/lc-compile-ffi-java/src)", "..\..\..\..\..\toolchain\lc-compile-ffi-java\src", "{9EE6A824-57AC-CC0F-4FDA-3AA2B26703B5}"
EndProject
Project("{8BC9CEB8-8B4A-11D0-8D11-00A0C91BC942}") = "encode_minimal_icu_data", "..\..\..\prebuilt\encode_minimal_icu_data.vcxproj", "{960620F4-6998-1232-32DA-C0BDB74D4FA1}"
	ProjectSection(ProjectDependencies) = postProject
		{C69B6196-9908-7A89-B078-D843DEC22100} = {C69B6196-9908-7A89-B078-D843DEC22100}
	EndProjectSection
EndProject
Project("{8BC9CEB8-8B4A-11D0-8D11-00A0C91BC942}") = "fetch", "..\..\..\prebuilt\fetch.vcxproj", "{5C315192-7FF8-0AEE-363B-7EFFDF0C0041}"
	ProjectSection(ProjectDependencies) = postProject
		{E25E7AB9-1907-E62F-9762-6DD50962D245} = {E25E7AB9-1907-E62F-9762-6DD50962D245}
	EndProjectSection
EndProject
Project("{8BC9CEB8-8B4A-11D0-8D11-00A0C91BC942}") = "fetch-win", "..\..\..\prebuilt\fetch-win.vcxproj", "{E25E7AB9-1907-E62F-9762-6DD50962D245}"
EndProject
Project("{8BC9CEB8-8B4A-11D0-8D11-00A0C91BC942}") = "gentle", "..\..\gentle\gentle\gentle.vcxproj", "{EF2ECA5B-44AC-90BB-0C63-E79741D34F41}"
	ProjectSection(ProjectDependencies) = postProject
		{1F198060-75EA-6A27-CB6A-912ADFB09CEA} = {1F198060-75EA-6A27-CB6A-912ADFB09CEA}
	EndProjectSection
EndProject
Project("{8BC9CEB8-8B4A-11D0-8D11-00A0C91BC942}") = "grts", "..\..\gentle\gentle\grts.vcxproj", "{1F198060-75EA-6A27-CB6A-912ADFB09CEA}"
EndProject
Project("{8BC9CEB8-8B4A-11D0-8D11-00A0C91BC942}") = "lc-compile-ffi-java", "lc-compile-ffi-java.vcxproj", "{83890AA0-2C79-6F92-F8C3-CAA4FCED22F0}"
	ProjectSection(ProjectDependencies) = postProject
		{1F198060-75EA-6A27-CB6A-912ADFB09CEA} = {1F198060-75EA-6A27-CB6A-912ADFB09CEA}
		{596B8D62-3A77-A1F6-4678-A758C84FE48E} = {596B8D62-3A77-A1F6-4678-A758C84FE48E}
		{0986F8A4-7B15-0E92-CB39-E50A47E63267} = {0986F8A4-7B15-0E92-CB39-E50A47E63267}
		{EF2ECA5B-44AC-90BB-0C63-E79741D34F41} = {EF2ECA5B-44AC-90BB-0C63-E79741D34F41}
		{71929D69-A2C7-495D-C8B9-1EE47B3606F7} = {71929D69-A2C7-495D-C8B9-1EE47B3606F7}
		{38BC9C0B-94ED-C08B-7C09-AF2C7D9AA48F} = {38BC9C0B-94ED-C08B-7C09-AF2C7D9AA48F}
		{528490FB-B5EB-3233-931A-19F59D26E060} = {528490FB-B5EB-3233-931A-19F59D26E060}
		{5C315192-7FF8-0AEE-363B-7EFFDF0C0041} = {5C315192-7FF8-0AEE-363B-7EFFDF0C0041}
		{E25E7AB9-1907-E62F-9762-6DD50962D245} = {E25E7AB9-1907-E62F-9762-6DD50962D245}
		{D9ECC785-7BCC-F7FF-3D2C-1E9061CD545B} = {D9ECC785-7BCC-F7FF-3D2C-1E9061CD545B}
		{5361DBFD-6025-7FD3-A88D-650AEA17AEB4} = {5361DBFD-6025-7FD3-A88D-650AEA17AEB4}
		{960620F4-6998-1232-32DA-C0BDB74D4FA1} = {960620F4-6998-1232-32DA-C0BDB74D4FA1}
		{C69B6196-9908-7A89-B078-D843DEC22100} = {C69B6196-9908-7A89-B078-D843DEC22100}
		{D081D166-40DF-EC56-1849-618FD1C22B7D} = {D081D166-40DF-EC56-1849-618FD1C22B7D}
		{A48D6F91-E9C9-C77C-76A2-4B1D0CF26694} = {A48D6F91-E9C9-C77C-76A2-4B1D0CF26694}
		{3ECCB38C-4BF9-2ADD-07F4-519BCDC0277D} = {3ECCB38C-4BF9-2ADD-07F4-519BCDC0277D}
		{4043C774-6258-D41D-7F8D-DBC83FDBC0C5} = {4043C774-6258-D41D-7F8D-DBC83FDBC0C5}
		{BC988F66-4835-9DB9-16E8-CE5322ED309C} = {BC988F66-4835-9DB9-16E8-CE5322ED309C}
	EndProjectSection
EndProject
Project("{8BC9CEB8-8B4A-11D0-8D11-00A0C91BC942}") = "lc-compile-ffi-java-lib", "lc-compile-ffi-java-lib.vcxproj", "{0986F8A4-7B15-0E92-CB39-E50A47E63267}"
EndProject
Project("{8BC9CEB8-8B4A-11D0-8D11-00A0C91BC942}") = "libFoundation", "..\..\..\libfoundation\libFoundation.vcxproj", "{38BC9C0B-94ED-C08B-7C09-AF2C7D9AA48F}"
	ProjectSection(ProjectDependencies) = postProject
		{528490FB-B5EB-3233-931A-19F59D26E060} = {528490FB-B5EB-3233-931A-19F59D26E060}
		{960620F4-6998-1232-32DA-C0BDB74D4FA1} = {960620F4-6998-1232-32DA-C0BDB74D4FA1}
		{D081D166-40DF-EC56-1849-618FD1C22B7D} = {D081D166-40DF-EC56-1849-618FD1C22B7D}
	EndProjectSection
EndProject
Project("{8BC9CEB8-8B4A-11D0-8D11-00A0C91BC942}") = "libScript", "..\..\..\libscript\libScript.vcxproj", "{4043C774-6258-D41D-7F8D-DBC83FDBC0C5}"
	ProjectSection(ProjectDependencies) = postProject
		{BC988F66-4835-9DB9-16E8-CE5322ED309C} = {BC988F66-4835-9DB9-16E8-CE5322ED309C}
	EndProjectSection
EndProject
Project("{8BC9CEB8-8B4A-11D0-8D11-00A0C91BC942}") = "libcompile", "..\..\libcompile\libcompile.vcxproj", "{596B8D62-3A77-A1F6-4678-A758C84FE48E}"
	ProjectSection(ProjectDependencies) = postProject
		{BC988F66-4835-9DB9-16E8-CE5322ED309C} = {BC988F66-4835-9DB9-16E8-CE5322ED309C}
	EndProjectSection
EndProject
Project("{8BC9CEB8-8B4A-11D0-8D11-00A0C91BC942}") = "libffi", "..\..\..\thirdparty\libffi\libffi.vcxproj", "{3ECCB38C-4BF9-2ADD-07F4-519BCDC0277D}"
EndProject
Project("{8BC9CEB8-8B4A-11D0-8D11-00A0C91BC942}") = "libicu", "..\..\..\prebuilt\libicu.vcxproj", "{528490FB-B5EB-3233-931A-19F59D26E060}"
	ProjectSection(ProjectDependencies) = postProject
		{5C315192-7FF8-0AEE-363B-7EFFDF0C0041} = {5C315192-7FF8-0AEE-363B-7EFFDF0C0041}
		{D9ECC785-7BCC-F7FF-3D2C-1E9061CD545B} = {D9ECC785-7BCC-F7FF-3D2C-1E9061CD545B}
		{5361DBFD-6025-7FD3-A88D-650AEA17AEB4} = {5361DBFD-6025-7FD3-A88D-650AEA17AEB4}
	EndProjectSection
EndProject
Project("{8BC9CEB8-8B4A-11D0-8D11-00A0C91BC942}") = "libicu_include", "..\..\..\prebuilt\libicu_include.vcxproj", "{D9ECC785-7BCC-F7FF-3D2C-1E9061CD545B}"
EndProject
Project("{8BC9CEB8-8B4A-11D0-8D11-00A0C91BC942}") = "libicu_link", "..\..\..\prebuilt\libicu_link.vcxproj", "{5361DBFD-6025-7FD3-A88D-650AEA17AEB4}"
EndProject
Project("{8BC9CEB8-8B4A-11D0-8D11-00A0C91BC942}") = "minimal_icu_data", "..\..\..\prebuilt\minimal_icu_data.vcxproj", "{C69B6196-9908-7A89-B078-D843DEC22100}"
	ProjectSection(ProjectDependencies) = postProject
		{5C315192-7FF8-0AEE-363B-7EFFDF0C0041} = {5C315192-7FF8-0AEE-363B-7EFFDF0C0041}
	EndProjectSection
EndProject
Project("{8BC9CEB8-8B4A-11D0-8D11-00A0C91BC942}") = "reflex", "..\..\gentle\reflex\reflex.vcxproj", "{71929D69-A2C7-495D-C8B9-1EE47B3606F7}"
EndProject
Project("{8BC9CEB8-8B4A-11D0-8D11-00A0C91BC942}") = "thirdparty_prebuilt_dep", "..\..\..\prebuilt\thirdparty_prebuilt_dep.vcxproj", "{A48D6F91-E9C9-C77C-76A2-4B1D0CF26694}"
	ProjectSection(ProjectDependencies) = postProject
		{5C315192-7FF8-0AEE-363B-7EFFDF0C0041} = {5C315192-7FF8-0AEE-363B-7EFFDF0C0041}
	EndProjectSection
EndProject
Project("{8BC9CEB8-8B4A-11D0-8D11-00A0C91BC942}") = "thirdparty_prebuilt_ffi", "..\..\..\prebuilt\thirdparty_prebuilt_ffi.vcxproj", "{BC988F66-4835-9DB9-16E8-CE5322ED309C}"
	ProjectSection(ProjectDependencies) = postProject
		{A48D6F91-E9C9-C77C-76A2-4B1D0CF26694} = {A48D6F91-E9C9-C77C-76A2-4B1D0CF26694}
	EndProjectSection
EndProject
Project("{8BC9CEB8-8B4A-11D0-8D11-00A0C91BC942}") = "thirdparty_prebuilt_z", "..\..\..\prebuilt\thirdparty_prebuilt_z.vcxproj", "{D081D166-40DF-EC56-1849-618FD1C22B7D}"
	ProjectSection(ProjectDependencies) = postProject
		{A48D6F91-E9C9-C77C-76A2-4B1D0CF26694} = {A48D6F91-E9C9-C77C-76A2-4B1D0CF26694}
	EndProjectSection
EndProject
Global
	GlobalSection(SolutionConfigurationPlatforms) = preSolution
		Release|Win32 = Release|Win32
		Fast|Win32 = Fast|Win32
		Debug|Win32 = Debug|Win32
		Default|Win32 = Default|Win32
	EndGlobalSection
	GlobalSection(ProjectConfigurationPlatforms) = postSolution
		{0986F8A4-7B15-0E92-CB39-E50A47E63267}.Release|Win32.ActiveCfg = Release|Win32
		{0986F8A4-7B15-0E92-CB39-E50A47E63267}.Release|Win32.Build.0 = Release|Win32
		{0986F8A4-7B15-0E92-CB39-E50A47E63267}.Fast|Win32.ActiveCfg = Fast|Win32
		{0986F8A4-7B15-0E92-CB39-E50A47E63267}.Fast|Win32.Build.0 = Fast|Win32
		{0986F8A4-7B15-0E92-CB39-E50A47E63267}.Debug|Win32.ActiveCfg = Debug|Win32
		{0986F8A4-7B15-0E92-CB39-E50A47E63267}.Debug|Win32.Build.0 = Debug|Win32
		{0986F8A4-7B15-0E92-CB39-E50A47E63267}.Default|Win32.ActiveCfg = Default|Win32
		{0986F8A4-7B15-0E92-CB39-E50A47E63267}.Default|Win32.Build.0 = Default|Win32
		{1F198060-75EA-6A27-CB6A-912ADFB09CEA}.Release|Win32.ActiveCfg = Release|Win32
		{1F198060-75EA-6A27-CB6A-912ADFB09CEA}.Release|Win32.Build.0 = Release|Win32
		{1F198060-75EA-6A27-CB6A-912ADFB09CEA}.Fast|Win32.ActiveCfg = Fast|Win32
		{1F198060-75EA-6A27-CB6A-912ADFB09CEA}.Fast|Win32.Build.0 = Fast|Win32
		{1F198060-75EA-6A27-CB6A-912ADFB09CEA}.Debug|Win32.ActiveCfg = Debug|Win32
		{1F198060-75EA-6A27-CB6A-912ADFB09CEA}.Debug|Win32.Build.0 = Debug|Win32
		{1F198060-75EA-6A27-CB6A-912ADFB09CEA}.Default|Win32.ActiveCfg = Default|Win32
		{1F198060-75EA-6A27-CB6A-912ADFB09CEA}.Default|Win32.Build.0 = Default|Win32
		{38BC9C0B-94ED-C08B-7C09-AF2C7D9AA48F}.Release|Win32.ActiveCfg = Release|Win32
		{38BC9C0B-94ED-C08B-7C09-AF2C7D9AA48F}.Release|Win32.Build.0 = Release|Win32
		{38BC9C0B-94ED-C08B-7C09-AF2C7D9AA48F}.Fast|Win32.ActiveCfg = Fast|Win32
		{38BC9C0B-94ED-C08B-7C09-AF2C7D9AA48F}.Fast|Win32.Build.0 = Fast|Win32
		{38BC9C0B-94ED-C08B-7C09-AF2C7D9AA48F}.Debug|Win32.ActiveCfg = Debug|Win32
		{38BC9C0B-94ED-C08B-7C09-AF2C7D9AA48F}.Debug|Win32.Build.0 = Debug|Win32
		{38BC9C0B-94ED-C08B-7C09-AF2C7D9AA48F}.Default|Win32.ActiveCfg = Default|Win32
		{38BC9C0B-94ED-C08B-7C09-AF2C7D9AA48F}.Default|Win32.Build.0 = Default|Win32
		{3ECCB38C-4BF9-2ADD-07F4-519BCDC0277D}.Release|Win32.ActiveCfg = Release|Win32
		{3ECCB38C-4BF9-2ADD-07F4-519BCDC0277D}.Release|Win32.Build.0 = Release|Win32
		{3ECCB38C-4BF9-2ADD-07F4-519BCDC0277D}.Fast|Win32.ActiveCfg = Fast|Win32
		{3ECCB38C-4BF9-2ADD-07F4-519BCDC0277D}.Fast|Win32.Build.0 = Fast|Win32
		{3ECCB38C-4BF9-2ADD-07F4-519BCDC0277D}.Debug|Win32.ActiveCfg = Debug|Win32
		{3ECCB38C-4BF9-2ADD-07F4-519BCDC0277D}.Debug|Win32.Build.0 = Debug|Win32
		{3ECCB38C-4BF9-2ADD-07F4-519BCDC0277D}.Default|Win32.ActiveCfg = Default|Win32
		{3ECCB38C-4BF9-2ADD-07F4-519BCDC0277D}.Default|Win32.Build.0 = Default|Win32
		{4043C774-6258-D41D-7F8D-DBC83FDBC0C5}.Release|Win32.ActiveCfg = Release|Win32
		{4043C774-6258-D41D-7F8D-DBC83FDBC0C5}.Release|Win32.Build.0 = Release|Win32
		{4043C774-6258-D41D-7F8D-DBC83FDBC0C5}.Fast|Win32.ActiveCfg = Fast|Win32
		{4043C774-6258-D41D-7F8D-DBC83FDBC0C5}.Fast|Win32.Build.0 = Fast|Win32
		{4043C774-6258-D41D-7F8D-DBC83FDBC0C5}.Debug|Win32.ActiveCfg = Debug|Win32
		{4043C774-6258-D41D-7F8D-DBC83FDBC0C5}.Debug|Win32.Build.0 = Debug|Win32
		{4043C774-6258-D41D-7F8D-DBC83FDBC0C5}.Default|Win32.ActiveCfg = Default|Win32
		{4043C774-6258-D41D-7F8D-DBC83FDBC0C5}.Default|Win32.Build.0 = Default|Win32
		{528490FB-B5EB-3233-931A-19F59D26E060}.Release|Win32.ActiveCfg = Release|Win32
		{528490FB-B5EB-3233-931A-19F59D26E060}.Release|Win32.Build.0 = Release|Win32
		{528490FB-B5EB-3233-931A-19F59D26E060}.Fast|Win32.ActiveCfg = Fast|Win32
		{528490FB-B5EB-3233-931A-19F59D26E060}.Fast|Win32.Build.0 = Fast|Win32
		{528490FB-B5EB-3233-931A-19F59D26E060}.Debug|Win32.ActiveCfg = Debug|Win32
		{528490FB-B5EB-3233-931A-19F59D26E060}.Debug|Win32.Build.0 = Debug|Win32
		{528490FB-B5EB-3233-931A-19F59D26E060}.Default|Win32.ActiveCfg = Default|Win32
		{528490FB-B5EB-3233-931A-19F59D26E060}.Default|Win32.Build.0 = Default|Win32
		{5361DBFD-6025-7FD3-A88D-650AEA17AEB4}.Release|Win32.ActiveCfg = Release|Win32
		{5361DBFD-6025-7FD3-A88D-650AEA17AEB4}.Release|Win32.Build.0 = Release|Win32
		{5361DBFD-6025-7FD3-A88D-650AEA17AEB4}.Fast|Win32.ActiveCfg = Fast|Win32
		{5361DBFD-6025-7FD3-A88D-650AEA17AEB4}.Fast|Win32.Build.0 = Fast|Win32
		{5361DBFD-6025-7FD3-A88D-650AEA17AEB4}.Debug|Win32.ActiveCfg = Debug|Win32
		{5361DBFD-6025-7FD3-A88D-650AEA17AEB4}.Debug|Win32.Build.0 = Debug|Win32
		{5361DBFD-6025-7FD3-A88D-650AEA17AEB4}.Default|Win32.ActiveCfg = Default|Win32
		{5361DBFD-6025-7FD3-A88D-650AEA17AEB4}.Default|Win32.Build.0 = Default|Win32
		{596B8D62-3A77-A1F6-4678-A758C84FE48E}.Release|Win32.ActiveCfg = Release|Win32
		{596B8D62-3A77-A1F6-4678-A758C84FE48E}.Release|Win32.Build.0 = Release|Win32
		{596B8D62-3A77-A1F6-4678-A758C84FE48E}.Fast|Win32.ActiveCfg = Fast|Win32
		{596B8D62-3A77-A1F6-4678-A758C84FE48E}.Fast|Win32.Build.0 = Fast|Win32
		{596B8D62-3A77-A1F6-4678-A758C84FE48E}.Debug|Win32.ActiveCfg = Debug|Win32
		{596B8D62-3A77-A1F6-4678-A758C84FE48E}.Debug|Win32.Build.0 = Debug|Win32
		{596B8D62-3A77-A1F6-4678-A758C84FE48E}.Default|Win32.ActiveCfg = Default|Win32
		{596B8D62-3A77-A1F6-4678-A758C84FE48E}.Default|Win32.Build.0 = Default|Win32
		{5C315192-7FF8-0AEE-363B-7EFFDF0C0041}.Release|Win32.ActiveCfg = Release|Win32
		{5C315192-7FF8-0AEE-363B-7EFFDF0C0041}.Release|Win32.Build.0 = Release|Win32
		{5C315192-7FF8-0AEE-363B-7EFFDF0C0041}.Fast|Win32.ActiveCfg = Fast|Win32
		{5C315192-7FF8-0AEE-363B-7EFFDF0C0041}.Fast|Win32.Build.0 = Fast|Win32
		{5C315192-7FF8-0AEE-363B-7EFFDF0C0041}.Debug|Win32.ActiveCfg = Debug|Win32
		{5C315192-7FF8-0AEE-363B-7EFFDF0C0041}.Debug|Win32.Build.0 = Debug|Win32
		{5C315192-7FF8-0AEE-363B-7EFFDF0C0041}.Default|Win32.ActiveCfg = Default|Win32
		{5C315192-7FF8-0AEE-363B-7EFFDF0C0041}.Default|Win32.Build.0 = Default|Win32
		{71929D69-A2C7-495D-C8B9-1EE47B3606F7}.Release|Win32.ActiveCfg = Release|Win32
		{71929D69-A2C7-495D-C8B9-1EE47B3606F7}.Release|Win32.Build.0 = Release|Win32
		{71929D69-A2C7-495D-C8B9-1EE47B3606F7}.Fast|Win32.ActiveCfg = Fast|Win32
		{71929D69-A2C7-495D-C8B9-1EE47B3606F7}.Fast|Win32.Build.0 = Fast|Win32
		{71929D69-A2C7-495D-C8B9-1EE47B3606F7}.Debug|Win32.ActiveCfg = Debug|Win32
		{71929D69-A2C7-495D-C8B9-1EE47B3606F7}.Debug|Win32.Build.0 = Debug|Win32
		{71929D69-A2C7-495D-C8B9-1EE47B3606F7}.Default|Win32.ActiveCfg = Default|Win32
		{71929D69-A2C7-495D-C8B9-1EE47B3606F7}.Default|Win32.Build.0 = Default|Win32
		{83890AA0-2C79-6F92-F8C3-CAA4FCED22F0}.Release|Win32.ActiveCfg = Release|Win32
		{83890AA0-2C79-6F92-F8C3-CAA4FCED22F0}.Release|Win32.Build.0 = Release|Win32
		{83890AA0-2C79-6F92-F8C3-CAA4FCED22F0}.Fast|Win32.ActiveCfg = Fast|Win32
		{83890AA0-2C79-6F92-F8C3-CAA4FCED22F0}.Fast|Win32.Build.0 = Fast|Win32
		{83890AA0-2C79-6F92-F8C3-CAA4FCED22F0}.Debug|Win32.ActiveCfg = Debug|Win32
		{83890AA0-2C79-6F92-F8C3-CAA4FCED22F0}.Debug|Win32.Build.0 = Debug|Win32
		{83890AA0-2C79-6F92-F8C3-CAA4FCED22F0}.Default|Win32.ActiveCfg = Default|Win32
		{83890AA0-2C79-6F92-F8C3-CAA4FCED22F0}.Default|Win32.Build.0 = Default|Win32
		{960620F4-6998-1232-32DA-C0BDB74D4FA1}.Release|Win32.ActiveCfg = Release|Win32
		{960620F4-6998-1232-32DA-C0BDB74D4FA1}.Release|Win32.Build.0 = Release|Win32
		{960620F4-6998-1232-32DA-C0BDB74D4FA1}.Fast|Win32.ActiveCfg = Fast|Win32
		{960620F4-6998-1232-32DA-C0BDB74D4FA1}.Fast|Win32.Build.0 = Fast|Win32
		{960620F4-6998-1232-32DA-C0BDB74D4FA1}.Debug|Win32.ActiveCfg = Debug|Win32
		{960620F4-6998-1232-32DA-C0BDB74D4FA1}.Debug|Win32.Build.0 = Debug|Win32
		{960620F4-6998-1232-32DA-C0BDB74D4FA1}.Default|Win32.ActiveCfg = Default|Win32
		{960620F4-6998-1232-32DA-C0BDB74D4FA1}.Default|Win32.Build.0 = Default|Win32
		{A48D6F91-E9C9-C77C-76A2-4B1D0CF26694}.Release|Win32.ActiveCfg = Release|Win32
		{A48D6F91-E9C9-C77C-76A2-4B1D0CF26694}.Release|Win32.Build.0 = Release|Win32
		{A48D6F91-E9C9-C77C-76A2-4B1D0CF26694}.Fast|Win32.ActiveCfg = Fast|Win32
		{A48D6F91-E9C9-C77C-76A2-4B1D0CF26694}.Fast|Win32.Build.0 = Fast|Win32
		{A48D6F91-E9C9-C77C-76A2-4B1D0CF26694}.Debug|Win32.ActiveCfg = Debug|Win32
		{A48D6F91-E9C9-C77C-76A2-4B1D0CF26694}.Debug|Win32.Build.0 = Debug|Win32
		{A48D6F91-E9C9-C77C-76A2-4B1D0CF26694}.Default|Win32.ActiveCfg = Default|Win32
		{A48D6F91-E9C9-C77C-76A2-4B1D0CF26694}.Default|Win32.Build.0 = Default|Win32
		{BC988F66-4835-9DB9-16E8-CE5322ED309C}.Release|Win32.ActiveCfg = Release|Win32
		{BC988F66-4835-9DB9-16E8-CE5322ED309C}.Release|Win32.Build.0 = Release|Win32
		{BC988F66-4835-9DB9-16E8-CE5322ED309C}.Fast|Win32.ActiveCfg = Fast|Win32
		{BC988F66-4835-9DB9-16E8-CE5322ED309C}.Fast|Win32.Build.0 = Fast|Win32
		{BC988F66-4835-9DB9-16E8-CE5322ED309C}.Debug|Win32.ActiveCfg = Debug|Win32
		{BC988F66-4835-9DB9-16E8-CE5322ED309C}.Debug|Win32.Build.0 = Debug|Win32
		{BC988F66-4835-9DB9-16E8-CE5322ED309C}.Default|Win32.ActiveCfg = Default|Win32
		{BC988F66-4835-9DB9-16E8-CE5322ED309C}.Default|Win32.Build.0 = Default|Win32
		{C69B6196-9908-7A89-B078-D843DEC22100}.Release|Win32.ActiveCfg = Release|Win32
		{C69B6196-9908-7A89-B078-D843DEC22100}.Release|Win32.Build.0 = Release|Win32
		{C69B6196-9908-7A89-B078-D843DEC22100}.Fast|Win32.ActiveCfg = Fast|Win32
		{C69B6196-9908-7A89-B078-D843DEC22100}.Fast|Win32.Build.0 = Fast|Win32
		{C69B6196-9908-7A89-B078-D843DEC22100}.Debug|Win32.ActiveCfg = Debug|Win32
		{C69B6196-9908-7A89-B078-D843DEC22100}.Debug|Win32.Build.0 = Debug|Win32
		{C69B6196-9908-7A89-B078-D843DEC22100}.Default|Win32.ActiveCfg = Default|Win32
		{C69B6196-9908-7A89-B078-D843DEC22100}.Default|Win32.Build.0 = Default|Win32
		{D081D166-40DF-EC56-1849-618FD1C22B7D}.Release|Win32.ActiveCfg = Release|Win32
		{D081D166-40DF-EC56-1849-618FD1C22B7D}.Release|Win32.Build.0 = Release|Win32
		{D081D166-40DF-EC56-1849-618FD1C22B7D}.Fast|Win32.ActiveCfg = Fast|Win32
		{D081D166-40DF-EC56-1849-618FD1C22B7D}.Fast|Win32.Build.0 = Fast|Win32
		{D081D166-40DF-EC56-1849-618FD1C22B7D}.Debug|Win32.ActiveCfg = Debug|Win32
		{D081D166-40DF-EC56-1849-618FD1C22B7D}.Debug|Win32.Build.0 = Debug|Win32
		{D081D166-40DF-EC56-1849-618FD1C22B7D}.Default|Win32.ActiveCfg = Default|Win32
		{D081D166-40DF-EC56-1849-618FD1C22B7D}.Default|Win32.Build.0 = Default|Win32
		{D9ECC785-7BCC-F7FF-3D2C-1E9061CD545B}.Release|Win32.ActiveCfg = Release|Win32
		{D9ECC785-7BCC-F7FF-3D2C-1E9061CD545B}.Release|Win32.Build.0 = Release|Win32
		{D9ECC785-7BCC-F7FF-3D2C-1E9061CD545B}.Fast|Win32.ActiveCfg = Fast|Win32
		{D9ECC785-7BCC-F7FF-3D2C-1E9061CD545B}.Fast|Win32.Build.0 = Fast|Win32
		{D9ECC785-7BCC-F7FF-3D2C-1E9061CD545B}.Debug|Win32.ActiveCfg = Debug|Win32
		{D9ECC785-7BCC-F7FF-3D2C-1E9061CD545B}.Debug|Win32.Build.0 = Debug|Win32
		{D9ECC785-7BCC-F7FF-3D2C-1E9061CD545B}.Default|Win32.ActiveCfg = Default|Win32
		{D9ECC785-7BCC-F7FF-3D2C-1E9061CD545B}.Default|Win32.Build.0 = Default|Win32
		{E25E7AB9-1907-E62F-9762-6DD50962D245}.Release|Win32.ActiveCfg = Release|Win32
		{E25E7AB9-1907-E62F-9762-6DD50962D245}.Release|Win32.Build.0 = Release|Win32
		{E25E7AB9-1907-E62F-9762-6DD50962D245}.Fast|Win32.ActiveCfg = Fast|Win32
		{E25E7AB9-1907-E62F-9762-6DD50962D245}.Fast|Win32.Build.0 = Fast|Win32
		{E25E7AB9-1907-E62F-9762-6DD50962D245}.Debug|Win32.ActiveCfg = Debug|Win32
		{E25E7AB9-1907-E62F-9762-6DD50962D245}.Debug|Win32.Build.0 = Debug|Win32
		{E25E7AB9-1907-E62F-9762-6DD50962D245}.Default|Win32.ActiveCfg = Default|Win32
		{E25E7AB9-1907-E62F-9762-6DD50962D245}.Default|Win32.Build.0 = Default|Win32
		{EF2ECA5B-44AC-90BB-0C63-E79741D34F41}.Release|Win32.ActiveCfg = Release|Win32
		{EF2ECA5B-44AC-90BB-0C63-E79741D34F41}.Release|Win32.Build.0 = Release|Win32
		{EF2ECA5B-44AC-90BB-0C63-E79741D34F41}.Fast|Win32.ActiveCfg = Fast|Win32
		{EF2ECA5B-44AC-90BB-0C63-E79741D34F41}.Fast|Win32.Build.0 = Fast|Win32
		{EF2ECA5B-44AC-90BB-0C63-E79741D34F41}.Debug|Win32.ActiveCfg = Debug|Win32
		{EF2ECA5B-44AC-90BB-0C63-E79741D34F41}.Debug|Win32.Build.0 = Debug|Win32
		{EF2ECA5B-44AC-90BB-0C63-E79741D34F41}.Default|Win32.ActiveCfg = Default|Win32
		{EF2ECA5B-44AC-90BB-0C63-E79741D34F41}.Default|Win32.Build.0 = Default|Win32
	EndGlobalSection
	GlobalSection(SolutionProperties) = preSolution
		HideSolutionNode = FALSE
	EndGlobalSection
	GlobalSection(NestedProjects) = preSolution
		{38BC9C0B-94ED-C08B-7C09-AF2C7D9AA48F} = {B9D1DE28-FEE6-DF34-B9A3-D911BBD6E754}
		{4043C774-6258-D41D-7F8D-DBC83FDBC0C5} = {31F70EB1-D585-4DBC-5DED-E3F9574DB134}
		{960620F4-6998-1232-32DA-C0BDB74D4FA1} = {1150A3A4-5B60-CCB2-60F1-523EA1996999}
		{5C315192-7FF8-0AEE-363B-7EFFDF0C0041} = {1150A3A4-5B60-CCB2-60F1-523EA1996999}
		{E25E7AB9-1907-E62F-9762-6DD50962D245} = {1150A3A4-5B60-CCB2-60F1-523EA1996999}
		{528490FB-B5EB-3233-931A-19F59D26E060} = {1150A3A4-5B60-CCB2-60F1-523EA1996999}
		{D9ECC785-7BCC-F7FF-3D2C-1E9061CD545B} = {1150A3A4-5B60-CCB2-60F1-523EA1996999}
		{5361DBFD-6025-7FD3-A88D-650AEA17AEB4} = {1150A3A4-5B60-CCB2-60F1-523EA1996999}
		{C69B6196-9908-7A89-B078-D843DEC22100} = {1150A3A4-5B60-CCB2-60F1-523EA1996999}
		{A48D6F91-E9C9-C77C-76A2-4B1D0CF26694} = {1150A3A4-5B60-CCB2-60F1-523EA1996999}
		{BC988F66-4835-9DB9-16E8-CE5322ED309C} = {1150A3A4-5B60-CCB2-60F1-523EA1996999}
		{D081D166-40DF-EC56-1849-618FD1C22B7D} = {1150A3A4-5B60-CCB2-60F1-523EA1996999}
		{3ECCB38C-4BF9-2ADD-07F4-519BCDC0277D} = {B3615F7D-B7B6-9765-40FD-DAA0EB7B9C12}
		{6619F07F-5514-66E4-6E25-946F0E3B01EB} = {82DA7B46-9932-E068-4B50-9C2E3F3ECD72}
		{7F5D1C80-F18E-9A99-DF98-3051E7C3DD14} = {82DA7B46-9932-E068-4B50-9C2E3F3ECD72}
		{596B8D62-3A77-A1F6-4678-A758C84FE48E} = {82DA7B46-9932-E068-4B50-9C2E3F3ECD72}
		{8E012229-E8B4-6A04-8B63-F61B998857F6} = {6619F07F-5514-66E4-6E25-946F0E3B01EB}
		{71929D69-A2C7-495D-C8B9-1EE47B3606F7} = {6619F07F-5514-66E4-6E25-946F0E3B01EB}
		{EF2ECA5B-44AC-90BB-0C63-E79741D34F41} = {8E012229-E8B4-6A04-8B63-F61B998857F6}
		{1F198060-75EA-6A27-CB6A-912ADFB09CEA} = {8E012229-E8B4-6A04-8B63-F61B998857F6}
		{9EE6A824-57AC-CC0F-4FDA-3AA2B26703B5} = {7F5D1C80-F18E-9A99-DF98-3051E7C3DD14}
		{83890AA0-2C79-6F92-F8C3-CAA4FCED22F0} = {9EE6A824-57AC-CC0F-4FDA-3AA2B26703B5}
		{0986F8A4-7B15-0E92-CB39-E50A47E63267} = {9EE6A824-57AC-CC0F-4FDA-3AA2B26703B5}
	EndGlobalSection
EndGlobal
